
Microsoft Visual Studio Solution File, Format Version 12.00
# Visual Studio Version 16
VisualStudioVersion = 16.0.30114.105
MinimumVisualStudioVersion = 10.0.40219.1
Project("{FAE04EC0-301F-11D3-BF4B-00C04F79EFBC}") = "R5T.Liverpool", "R5T.Liverpool\R5T.Liverpool.csproj", "{4E2D4D5C-FD8D-4584-9ECA-F9347389F482}"
EndProject
Project("{FAE04EC0-301F-11D3-BF4B-00C04F79EFBC}") = "R5T.Liverpool.Abstractions", "R5T.Liverpool.Abstractions\R5T.Liverpool.Abstractions.csproj", "{D11A1F79-1109-4BCA-B5A8-D3AC1C937A9C}"
EndProject
Project("{FAE04EC0-301F-11D3-BF4B-00C04F79EFBC}") = "R5T.Liverpool.Construction", "R5T.Liverpool.Construction\R5T.Liverpool.Construction.csproj", "{79E1ED41-BFB3-41C9-89EA-E9B0D7F44A19}"
EndProject
Project("{FAE04EC0-301F-11D3-BF4B-00C04F79EFBC}") = "R5T.Liverpool.Database", "R5T.Liverpool.Database\R5T.Liverpool.Database.csproj", "{59E809D1-A970-4EE2-BFA9-48A4B0702404}"
EndProject
Project("{FAE04EC0-301F-11D3-BF4B-00C04F79EFBC}") = "R5T.Liverpool.Database.Migrations", "R5T.Liverpool.Database.Migrations\R5T.Liverpool.Database.Migrations.csproj", "{1EEF7D2A-EC06-4BE6-AA33-FF120CB7B609}"
EndProject
Project("{FAE04EC0-301F-11D3-BF4B-00C04F79EFBC}") = "R5T.Liverpool.Derby", "R5T.Liverpool.Derby\R5T.Liverpool.Derby.csproj", "{8866B168-11E9-4F48-90DD-E46E7CEC3464}"
EndProject
Project("{FAE04EC0-301F-11D3-BF4B-00C04F79EFBC}") = "R5T.Liverpool.DesignTimeDbContextFactory.Types", "R5T.Liverpool.DesignTimeDbContextFactory.Types\R5T.Liverpool.DesignTimeDbContextFactory.Types.csproj", "{A66F9380-DDE3-4660-B243-522F1FD0641D}"
EndProject
Project("{FAE04EC0-301F-11D3-BF4B-00C04F79EFBC}") = "R5T.Liverpool.Host", "R5T.Liverpool.Host\R5T.Liverpool.Host.csproj", "{DCC6817F-DDE5-4145-947F-EDD3582996A9}"
EndProject
Project("{FAE04EC0-301F-11D3-BF4B-00C04F79EFBC}") = "R5T.Liverpool.Host.Types", "R5T.Liverpool.Host.Types\R5T.Liverpool.Host.Types.csproj", "{8487FB86-EA10-4BD3-93D9-CA5CFE0A86CB}"
EndProject
Project("{FAE04EC0-301F-11D3-BF4B-00C04F79EFBC}") = "R5T.Liverpool.HostedServiceProgram", "R5T.Liverpool.HostedServiceProgram\R5T.Liverpool.HostedServiceProgram.csproj", "{DE75C44B-80C0-4355-9274-34918F283DCA}"
EndProject
Project("{FAE04EC0-301F-11D3-BF4B-00C04F79EFBC}") = "R5T.Liverpool.ProgramAsService", "R5T.Liverpool.ProgramAsService\R5T.Liverpool.ProgramAsService.csproj", "{BE31D8BA-0C38-4D05-B31C-8214D1EFA820}"
EndProject
Project("{FAE04EC0-301F-11D3-BF4B-00C04F79EFBC}") = "R5T.Liverpool.ProgramAsService.Coventry", "R5T.Liverpool.ProgramAsService.Coventry\R5T.Liverpool.ProgramAsService.Coventry.csproj", "{C9B080DF-7947-43FB-8E88-79DEF6423079}"
EndProject
Project("{FAE04EC0-301F-11D3-BF4B-00C04F79EFBC}") = "R5T.Liverpool.ServiceProvider", "R5T.Liverpool.ServiceProvider\R5T.Liverpool.ServiceProvider.csproj", "{A6FBD2A0-73CB-48C6-AA80-9901337D212D}"
EndProject
Project("{FAE04EC0-301F-11D3-BF4B-00C04F79EFBC}") = "R5T.Liverpool.ServiceProvider.Types", "R5T.Liverpool.ServiceProvider.Types\R5T.Liverpool.ServiceProvider.Types.csproj", "{EFF8FE6E-2D41-4F7B-B6E9-61BFCF885308}"
EndProject
Project("{FAE04EC0-301F-11D3-BF4B-00C04F79EFBC}") = "R5T.Liverpool.Startup", "R5T.Liverpool.Startup\R5T.Liverpool.Startup.csproj", "{45B4D7CB-73AB-43BD-A042-5AD47515FBE5}"
EndProject
Project("{FAE04EC0-301F-11D3-BF4B-00C04F79EFBC}") = "R5T.Liverpool.Startup.Core", "R5T.Liverpool.Startup.Core\R5T.Liverpool.Startup.Core.csproj", "{AB17E4D7-4EAE-47CB-A4F8-B0C9D3C1857A}"
EndProject
Project("{FAE04EC0-301F-11D3-BF4B-00C04F79EFBC}") = "R5T.Liverpool.TwoStageStartup", "R5T.Liverpool.TwoStageStartup\R5T.Liverpool.TwoStageStartup.csproj", "{997D85F1-C0BD-449E-B2DA-B41136876A62}"
EndProject
Project("{FAE04EC0-301F-11D3-BF4B-00C04F79EFBC}") = "R5T.Liverpool.Types", "R5T.Liverpool.Types\R5T.Liverpool.Types.csproj", "{88955EBD-1D20-4FFE-81FD-A4605DD64492}"
EndProject
Project("{FAE04EC0-301F-11D3-BF4B-00C04F79EFBC}") = "R5T.Liverpool.Web", "R5T.Liverpool.Web\R5T.Liverpool.Web.csproj", "{17B53B57-DA1E-4FEF-A788-C253351A36A9}"
EndProject
Project("{FAE04EC0-301F-11D3-BF4B-00C04F79EFBC}") = "R5T.Liverpool.Web.Abstractions", "R5T.Liverpool.Web.Abstractions\R5T.Liverpool.Web.Abstractions.csproj", "{5430182B-751D-43E8-BB1F-2933B5A9A235}"
EndProject
Project("{FAE04EC0-301F-11D3-BF4B-00C04F79EFBC}") = "R5T.Liverpool.Web.Startup", "R5T.Liverpool.Web.Startup\R5T.Liverpool.Web.Startup.csproj", "{3769E14D-C885-442B-8FD5-5371D3D6BF62}"
EndProject
Project("{FAE04EC0-301F-11D3-BF4B-00C04F79EFBC}") = "R5T.Liverpool.Web.Startup.Core", "R5T.Liverpool.Web.Startup.Core\R5T.Liverpool.Web.Startup.Core.csproj", "{02840E38-458C-482A-BFD9-680DF1A4999B}"
EndProject
Project("{FAE04EC0-301F-11D3-BF4B-00C04F79EFBC}") = "R5T.Liverpool.Web.Types", "R5T.Liverpool.Web.Types\R5T.Liverpool.Web.Types.csproj", "{7CF178F3-C91D-4968-8A90-FE096DA4B599}"
EndProject
Project("{FAE04EC0-301F-11D3-BF4B-00C04F79EFBC}") = "R5T.Liverpool.WebHost", "R5T.Liverpool.WebHost\R5T.Liverpool.WebHost.csproj", "{89A61EA3-AC33-4DE6-8F36-F6FB79059C6D}"
EndProject
Project("{FAE04EC0-301F-11D3-BF4B-00C04F79EFBC}") = "R5T.Liverpool.WebHost.Types", "R5T.Liverpool.WebHost.Types\R5T.Liverpool.WebHost.Types.csproj", "{925A0B1D-6A23-4BFE-831E-ED2297FFFF07}"
EndProject
Global
	GlobalSection(SolutionConfigurationPlatforms) = preSolution
		Debug|Any CPU = Debug|Any CPU
		Debug|x64 = Debug|x64
		Debug|x86 = Debug|x86
		Release|Any CPU = Release|Any CPU
		Release|x64 = Release|x64
		Release|x86 = Release|x86
	EndGlobalSection
	GlobalSection(SolutionProperties) = preSolution
		HideSolutionNode = FALSE
	EndGlobalSection
	GlobalSection(ProjectConfigurationPlatforms) = postSolution
		{4E2D4D5C-FD8D-4584-9ECA-F9347389F482}.Debug|Any CPU.ActiveCfg = Debug|Any CPU
		{4E2D4D5C-FD8D-4584-9ECA-F9347389F482}.Debug|Any CPU.Build.0 = Debug|Any CPU
		{4E2D4D5C-FD8D-4584-9ECA-F9347389F482}.Debug|x64.ActiveCfg = Debug|Any CPU
		{4E2D4D5C-FD8D-4584-9ECA-F9347389F482}.Debug|x64.Build.0 = Debug|Any CPU
		{4E2D4D5C-FD8D-4584-9ECA-F9347389F482}.Debug|x86.ActiveCfg = Debug|Any CPU
		{4E2D4D5C-FD8D-4584-9ECA-F9347389F482}.Debug|x86.Build.0 = Debug|Any CPU
		{4E2D4D5C-FD8D-4584-9ECA-F9347389F482}.Release|Any CPU.ActiveCfg = Release|Any CPU
		{4E2D4D5C-FD8D-4584-9ECA-F9347389F482}.Release|Any CPU.Build.0 = Release|Any CPU
		{4E2D4D5C-FD8D-4584-9ECA-F9347389F482}.Release|x64.ActiveCfg = Release|Any CPU
		{4E2D4D5C-FD8D-4584-9ECA-F9347389F482}.Release|x64.Build.0 = Release|Any CPU
		{4E2D4D5C-FD8D-4584-9ECA-F9347389F482}.Release|x86.ActiveCfg = Release|Any CPU
		{4E2D4D5C-FD8D-4584-9ECA-F9347389F482}.Release|x86.Build.0 = Release|Any CPU
		{D11A1F79-1109-4BCA-B5A8-D3AC1C937A9C}.Debug|Any CPU.ActiveCfg = Debug|Any CPU
		{D11A1F79-1109-4BCA-B5A8-D3AC1C937A9C}.Debug|Any CPU.Build.0 = Debug|Any CPU
		{D11A1F79-1109-4BCA-B5A8-D3AC1C937A9C}.Debug|x64.ActiveCfg = Debug|Any CPU
		{D11A1F79-1109-4BCA-B5A8-D3AC1C937A9C}.Debug|x64.Build.0 = Debug|Any CPU
		{D11A1F79-1109-4BCA-B5A8-D3AC1C937A9C}.Debug|x86.ActiveCfg = Debug|Any CPU
		{D11A1F79-1109-4BCA-B5A8-D3AC1C937A9C}.Debug|x86.Build.0 = Debug|Any CPU
		{D11A1F79-1109-4BCA-B5A8-D3AC1C937A9C}.Release|Any CPU.ActiveCfg = Release|Any CPU
		{D11A1F79-1109-4BCA-B5A8-D3AC1C937A9C}.Release|Any CPU.Build.0 = Release|Any CPU
		{D11A1F79-1109-4BCA-B5A8-D3AC1C937A9C}.Release|x64.ActiveCfg = Release|Any CPU
		{D11A1F79-1109-4BCA-B5A8-D3AC1C937A9C}.Release|x64.Build.0 = Release|Any CPU
		{D11A1F79-1109-4BCA-B5A8-D3AC1C937A9C}.Release|x86.ActiveCfg = Release|Any CPU
		{D11A1F79-1109-4BCA-B5A8-D3AC1C937A9C}.Release|x86.Build.0 = Release|Any CPU
		{79E1ED41-BFB3-41C9-89EA-E9B0D7F44A19}.Debug|Any CPU.ActiveCfg = Debug|Any CPU
		{79E1ED41-BFB3-41C9-89EA-E9B0D7F44A19}.Debug|Any CPU.Build.0 = Debug|Any CPU
		{79E1ED41-BFB3-41C9-89EA-E9B0D7F44A19}.Debug|x64.ActiveCfg = Debug|Any CPU
		{79E1ED41-BFB3-41C9-89EA-E9B0D7F44A19}.Debug|x64.Build.0 = Debug|Any CPU
		{79E1ED41-BFB3-41C9-89EA-E9B0D7F44A19}.Debug|x86.ActiveCfg = Debug|Any CPU
		{79E1ED41-BFB3-41C9-89EA-E9B0D7F44A19}.Debug|x86.Build.0 = Debug|Any CPU
		{79E1ED41-BFB3-41C9-89EA-E9B0D7F44A19}.Release|Any CPU.ActiveCfg = Release|Any CPU
		{79E1ED41-BFB3-41C9-89EA-E9B0D7F44A19}.Release|Any CPU.Build.0 = Release|Any CPU
		{79E1ED41-BFB3-41C9-89EA-E9B0D7F44A19}.Release|x64.ActiveCfg = Release|Any CPU
		{79E1ED41-BFB3-41C9-89EA-E9B0D7F44A19}.Release|x64.Build.0 = Release|Any CPU
		{79E1ED41-BFB3-41C9-89EA-E9B0D7F44A19}.Release|x86.ActiveCfg = Release|Any CPU
		{79E1ED41-BFB3-41C9-89EA-E9B0D7F44A19}.Release|x86.Build.0 = Release|Any CPU
		{59E809D1-A970-4EE2-BFA9-48A4B0702404}.Debug|Any CPU.ActiveCfg = Debug|Any CPU
		{59E809D1-A970-4EE2-BFA9-48A4B0702404}.Debug|Any CPU.Build.0 = Debug|Any CPU
		{59E809D1-A970-4EE2-BFA9-48A4B0702404}.Debug|x64.ActiveCfg = Debug|Any CPU
		{59E809D1-A970-4EE2-BFA9-48A4B0702404}.Debug|x64.Build.0 = Debug|Any CPU
		{59E809D1-A970-4EE2-BFA9-48A4B0702404}.Debug|x86.ActiveCfg = Debug|Any CPU
		{59E809D1-A970-4EE2-BFA9-48A4B0702404}.Debug|x86.Build.0 = Debug|Any CPU
		{59E809D1-A970-4EE2-BFA9-48A4B0702404}.Release|Any CPU.ActiveCfg = Release|Any CPU
		{59E809D1-A970-4EE2-BFA9-48A4B0702404}.Release|Any CPU.Build.0 = Release|Any CPU
		{59E809D1-A970-4EE2-BFA9-48A4B0702404}.Release|x64.ActiveCfg = Release|Any CPU
		{59E809D1-A970-4EE2-BFA9-48A4B0702404}.Release|x64.Build.0 = Release|Any CPU
		{59E809D1-A970-4EE2-BFA9-48A4B0702404}.Release|x86.ActiveCfg = Release|Any CPU
		{59E809D1-A970-4EE2-BFA9-48A4B0702404}.Release|x86.Build.0 = Release|Any CPU
		{1EEF7D2A-EC06-4BE6-AA33-FF120CB7B609}.Debug|Any CPU.ActiveCfg = Debug|Any CPU
		{1EEF7D2A-EC06-4BE6-AA33-FF120CB7B609}.Debug|Any CPU.Build.0 = Debug|Any CPU
		{1EEF7D2A-EC06-4BE6-AA33-FF120CB7B609}.Debug|x64.ActiveCfg = Debug|Any CPU
		{1EEF7D2A-EC06-4BE6-AA33-FF120CB7B609}.Debug|x64.Build.0 = Debug|Any CPU
		{1EEF7D2A-EC06-4BE6-AA33-FF120CB7B609}.Debug|x86.ActiveCfg = Debug|Any CPU
		{1EEF7D2A-EC06-4BE6-AA33-FF120CB7B609}.Debug|x86.Build.0 = Debug|Any CPU
		{1EEF7D2A-EC06-4BE6-AA33-FF120CB7B609}.Release|Any CPU.ActiveCfg = Release|Any CPU
		{1EEF7D2A-EC06-4BE6-AA33-FF120CB7B609}.Release|Any CPU.Build.0 = Release|Any CPU
		{1EEF7D2A-EC06-4BE6-AA33-FF120CB7B609}.Release|x64.ActiveCfg = Release|Any CPU
		{1EEF7D2A-EC06-4BE6-AA33-FF120CB7B609}.Release|x64.Build.0 = Release|Any CPU
		{1EEF7D2A-EC06-4BE6-AA33-FF120CB7B609}.Release|x86.ActiveCfg = Release|Any CPU
		{1EEF7D2A-EC06-4BE6-AA33-FF120CB7B609}.Release|x86.Build.0 = Release|Any CPU
		{8866B168-11E9-4F48-90DD-E46E7CEC3464}.Debug|Any CPU.ActiveCfg = Debug|Any CPU
		{8866B168-11E9-4F48-90DD-E46E7CEC3464}.Debug|Any CPU.Build.0 = Debug|Any CPU
		{8866B168-11E9-4F48-90DD-E46E7CEC3464}.Debug|x64.ActiveCfg = Debug|Any CPU
		{8866B168-11E9-4F48-90DD-E46E7CEC3464}.Debug|x64.Build.0 = Debug|Any CPU
		{8866B168-11E9-4F48-90DD-E46E7CEC3464}.Debug|x86.ActiveCfg = Debug|Any CPU
		{8866B168-11E9-4F48-90DD-E46E7CEC3464}.Debug|x86.Build.0 = Debug|Any CPU
		{8866B168-11E9-4F48-90DD-E46E7CEC3464}.Release|Any CPU.ActiveCfg = Release|Any CPU
		{8866B168-11E9-4F48-90DD-E46E7CEC3464}.Release|Any CPU.Build.0 = Release|Any CPU
		{8866B168-11E9-4F48-90DD-E46E7CEC3464}.Release|x64.ActiveCfg = Release|Any CPU
		{8866B168-11E9-4F48-90DD-E46E7CEC3464}.Release|x64.Build.0 = Release|Any CPU
		{8866B168-11E9-4F48-90DD-E46E7CEC3464}.Release|x86.ActiveCfg = Release|Any CPU
		{8866B168-11E9-4F48-90DD-E46E7CEC3464}.Release|x86.Build.0 = Release|Any CPU
		{A66F9380-DDE3-4660-B243-522F1FD0641D}.Debug|Any CPU.ActiveCfg = Debug|Any CPU
		{A66F9380-DDE3-4660-B243-522F1FD0641D}.Debug|Any CPU.Build.0 = Debug|Any CPU
		{A66F9380-DDE3-4660-B243-522F1FD0641D}.Debug|x64.ActiveCfg = Debug|Any CPU
		{A66F9380-DDE3-4660-B243-522F1FD0641D}.Debug|x64.Build.0 = Debug|Any CPU
		{A66F9380-DDE3-4660-B243-522F1FD0641D}.Debug|x86.ActiveCfg = Debug|Any CPU
		{A66F9380-DDE3-4660-B243-522F1FD0641D}.Debug|x86.Build.0 = Debug|Any CPU
		{A66F9380-DDE3-4660-B243-522F1FD0641D}.Release|Any CPU.ActiveCfg = Release|Any CPU
		{A66F9380-DDE3-4660-B243-522F1FD0641D}.Release|Any CPU.Build.0 = Release|Any CPU
		{A66F9380-DDE3-4660-B243-522F1FD0641D}.Release|x64.ActiveCfg = Release|Any CPU
		{A66F9380-DDE3-4660-B243-522F1FD0641D}.Release|x64.Build.0 = Release|Any CPU
		{A66F9380-DDE3-4660-B243-522F1FD0641D}.Release|x86.ActiveCfg = Release|Any CPU
		{A66F9380-DDE3-4660-B243-522F1FD0641D}.Release|x86.Build.0 = Release|Any CPU
		{DCC6817F-DDE5-4145-947F-EDD3582996A9}.Debug|Any CPU.ActiveCfg = Debug|Any CPU
		{DCC6817F-DDE5-4145-947F-EDD3582996A9}.Debug|Any CPU.Build.0 = Debug|Any CPU
		{DCC6817F-DDE5-4145-947F-EDD3582996A9}.Debug|x64.ActiveCfg = Debug|Any CPU
		{DCC6817F-DDE5-4145-947F-EDD3582996A9}.Debug|x64.Build.0 = Debug|Any CPU
		{DCC6817F-DDE5-4145-947F-EDD3582996A9}.Debug|x86.ActiveCfg = Debug|Any CPU
		{DCC6817F-DDE5-4145-947F-EDD3582996A9}.Debug|x86.Build.0 = Debug|Any CPU
		{DCC6817F-DDE5-4145-947F-EDD3582996A9}.Release|Any CPU.ActiveCfg = Release|Any CPU
		{DCC6817F-DDE5-4145-947F-EDD3582996A9}.Release|Any CPU.Build.0 = Release|Any CPU
		{DCC6817F-DDE5-4145-947F-EDD3582996A9}.Release|x64.ActiveCfg = Release|Any CPU
		{DCC6817F-DDE5-4145-947F-EDD3582996A9}.Release|x64.Build.0 = Release|Any CPU
		{DCC6817F-DDE5-4145-947F-EDD3582996A9}.Release|x86.ActiveCfg = Release|Any CPU
		{DCC6817F-DDE5-4145-947F-EDD3582996A9}.Release|x86.Build.0 = Release|Any CPU
		{8487FB86-EA10-4BD3-93D9-CA5CFE0A86CB}.Debug|Any CPU.ActiveCfg = Debug|Any CPU
		{8487FB86-EA10-4BD3-93D9-CA5CFE0A86CB}.Debug|Any CPU.Build.0 = Debug|Any CPU
		{8487FB86-EA10-4BD3-93D9-CA5CFE0A86CB}.Debug|x64.ActiveCfg = Debug|Any CPU
		{8487FB86-EA10-4BD3-93D9-CA5CFE0A86CB}.Debug|x64.Build.0 = Debug|Any CPU
		{8487FB86-EA10-4BD3-93D9-CA5CFE0A86CB}.Debug|x86.ActiveCfg = Debug|Any CPU
		{8487FB86-EA10-4BD3-93D9-CA5CFE0A86CB}.Debug|x86.Build.0 = Debug|Any CPU
		{8487FB86-EA10-4BD3-93D9-CA5CFE0A86CB}.Release|Any CPU.ActiveCfg = Release|Any CPU
		{8487FB86-EA10-4BD3-93D9-CA5CFE0A86CB}.Release|Any CPU.Build.0 = Release|Any CPU
		{8487FB86-EA10-4BD3-93D9-CA5CFE0A86CB}.Release|x64.ActiveCfg = Release|Any CPU
		{8487FB86-EA10-4BD3-93D9-CA5CFE0A86CB}.Release|x64.Build.0 = Release|Any CPU
		{8487FB86-EA10-4BD3-93D9-CA5CFE0A86CB}.Release|x86.ActiveCfg = Release|Any CPU
		{8487FB86-EA10-4BD3-93D9-CA5CFE0A86CB}.Release|x86.Build.0 = Release|Any CPU
		{DE75C44B-80C0-4355-9274-34918F283DCA}.Debug|Any CPU.ActiveCfg = Debug|Any CPU
		{DE75C44B-80C0-4355-9274-34918F283DCA}.Debug|Any CPU.Build.0 = Debug|Any CPU
		{DE75C44B-80C0-4355-9274-34918F283DCA}.Debug|x64.ActiveCfg = Debug|Any CPU
		{DE75C44B-80C0-4355-9274-34918F283DCA}.Debug|x64.Build.0 = Debug|Any CPU
		{DE75C44B-80C0-4355-9274-34918F283DCA}.Debug|x86.ActiveCfg = Debug|Any CPU
		{DE75C44B-80C0-4355-9274-34918F283DCA}.Debug|x86.Build.0 = Debug|Any CPU
		{DE75C44B-80C0-4355-9274-34918F283DCA}.Release|Any CPU.ActiveCfg = Release|Any CPU
		{DE75C44B-80C0-4355-9274-34918F283DCA}.Release|Any CPU.Build.0 = Release|Any CPU
		{DE75C44B-80C0-4355-9274-34918F283DCA}.Release|x64.ActiveCfg = Release|Any CPU
		{DE75C44B-80C0-4355-9274-34918F283DCA}.Release|x64.Build.0 = Release|Any CPU
		{DE75C44B-80C0-4355-9274-34918F283DCA}.Release|x86.ActiveCfg = Release|Any CPU
		{DE75C44B-80C0-4355-9274-34918F283DCA}.Release|x86.Build.0 = Release|Any CPU
		{BE31D8BA-0C38-4D05-B31C-8214D1EFA820}.Debug|Any CPU.ActiveCfg = Debug|Any CPU
		{BE31D8BA-0C38-4D05-B31C-8214D1EFA820}.Debug|Any CPU.Build.0 = Debug|Any CPU
		{BE31D8BA-0C38-4D05-B31C-8214D1EFA820}.Debug|x64.ActiveCfg = Debug|Any CPU
		{BE31D8BA-0C38-4D05-B31C-8214D1EFA820}.Debug|x64.Build.0 = Debug|Any CPU
		{BE31D8BA-0C38-4D05-B31C-8214D1EFA820}.Debug|x86.ActiveCfg = Debug|Any CPU
		{BE31D8BA-0C38-4D05-B31C-8214D1EFA820}.Debug|x86.Build.0 = Debug|Any CPU
		{BE31D8BA-0C38-4D05-B31C-8214D1EFA820}.Release|Any CPU.ActiveCfg = Release|Any CPU
		{BE31D8BA-0C38-4D05-B31C-8214D1EFA820}.Release|Any CPU.Build.0 = Release|Any CPU
		{BE31D8BA-0C38-4D05-B31C-8214D1EFA820}.Release|x64.ActiveCfg = Release|Any CPU
		{BE31D8BA-0C38-4D05-B31C-8214D1EFA820}.Release|x64.Build.0 = Release|Any CPU
		{BE31D8BA-0C38-4D05-B31C-8214D1EFA820}.Release|x86.ActiveCfg = Release|Any CPU
		{BE31D8BA-0C38-4D05-B31C-8214D1EFA820}.Release|x86.Build.0 = Release|Any CPU
		{C9B080DF-7947-43FB-8E88-79DEF6423079}.Debug|Any CPU.ActiveCfg = Debug|Any CPU
		{C9B080DF-7947-43FB-8E88-79DEF6423079}.Debug|Any CPU.Build.0 = Debug|Any CPU
		{C9B080DF-7947-43FB-8E88-79DEF6423079}.Debug|x64.ActiveCfg = Debug|Any CPU
		{C9B080DF-7947-43FB-8E88-79DEF6423079}.Debug|x64.Build.0 = Debug|Any CPU
		{C9B080DF-7947-43FB-8E88-79DEF6423079}.Debug|x86.ActiveCfg = Debug|Any CPU
		{C9B080DF-7947-43FB-8E88-79DEF6423079}.Debug|x86.Build.0 = Debug|Any CPU
		{C9B080DF-7947-43FB-8E88-79DEF6423079}.Release|Any CPU.ActiveCfg = Release|Any CPU
		{C9B080DF-7947-43FB-8E88-79DEF6423079}.Release|Any CPU.Build.0 = Release|Any CPU
		{C9B080DF-7947-43FB-8E88-79DEF6423079}.Release|x64.ActiveCfg = Release|Any CPU
		{C9B080DF-7947-43FB-8E88-79DEF6423079}.Release|x64.Build.0 = Release|Any CPU
		{C9B080DF-7947-43FB-8E88-79DEF6423079}.Release|x86.ActiveCfg = Release|Any CPU
		{C9B080DF-7947-43FB-8E88-79DEF6423079}.Release|x86.Build.0 = Release|Any CPU
		{A6FBD2A0-73CB-48C6-AA80-9901337D212D}.Debug|Any CPU.ActiveCfg = Debug|Any CPU
		{A6FBD2A0-73CB-48C6-AA80-9901337D212D}.Debug|Any CPU.Build.0 = Debug|Any CPU
		{A6FBD2A0-73CB-48C6-AA80-9901337D212D}.Debug|x64.ActiveCfg = Debug|Any CPU
		{A6FBD2A0-73CB-48C6-AA80-9901337D212D}.Debug|x64.Build.0 = Debug|Any CPU
		{A6FBD2A0-73CB-48C6-AA80-9901337D212D}.Debug|x86.ActiveCfg = Debug|Any CPU
		{A6FBD2A0-73CB-48C6-AA80-9901337D212D}.Debug|x86.Build.0 = Debug|Any CPU
		{A6FBD2A0-73CB-48C6-AA80-9901337D212D}.Release|Any CPU.ActiveCfg = Release|Any CPU
		{A6FBD2A0-73CB-48C6-AA80-9901337D212D}.Release|Any CPU.Build.0 = Release|Any CPU
		{A6FBD2A0-73CB-48C6-AA80-9901337D212D}.Release|x64.ActiveCfg = Release|Any CPU
		{A6FBD2A0-73CB-48C6-AA80-9901337D212D}.Release|x64.Build.0 = Release|Any CPU
		{A6FBD2A0-73CB-48C6-AA80-9901337D212D}.Release|x86.ActiveCfg = Release|Any CPU
		{A6FBD2A0-73CB-48C6-AA80-9901337D212D}.Release|x86.Build.0 = Release|Any CPU
		{EFF8FE6E-2D41-4F7B-B6E9-61BFCF885308}.Debug|Any CPU.ActiveCfg = Debug|Any CPU
		{EFF8FE6E-2D41-4F7B-B6E9-61BFCF885308}.Debug|Any CPU.Build.0 = Debug|Any CPU
		{EFF8FE6E-2D41-4F7B-B6E9-61BFCF885308}.Debug|x64.ActiveCfg = Debug|Any CPU
		{EFF8FE6E-2D41-4F7B-B6E9-61BFCF885308}.Debug|x64.Build.0 = Debug|Any CPU
		{EFF8FE6E-2D41-4F7B-B6E9-61BFCF885308}.Debug|x86.ActiveCfg = Debug|Any CPU
		{EFF8FE6E-2D41-4F7B-B6E9-61BFCF885308}.Debug|x86.Build.0 = Debug|Any CPU
		{EFF8FE6E-2D41-4F7B-B6E9-61BFCF885308}.Release|Any CPU.ActiveCfg = Release|Any CPU
		{EFF8FE6E-2D41-4F7B-B6E9-61BFCF885308}.Release|Any CPU.Build.0 = Release|Any CPU
		{EFF8FE6E-2D41-4F7B-B6E9-61BFCF885308}.Release|x64.ActiveCfg = Release|Any CPU
		{EFF8FE6E-2D41-4F7B-B6E9-61BFCF885308}.Release|x64.Build.0 = Release|Any CPU
		{EFF8FE6E-2D41-4F7B-B6E9-61BFCF885308}.Release|x86.ActiveCfg = Release|Any CPU
		{EFF8FE6E-2D41-4F7B-B6E9-61BFCF885308}.Release|x86.Build.0 = Release|Any CPU
		{45B4D7CB-73AB-43BD-A042-5AD47515FBE5}.Debug|Any CPU.ActiveCfg = Debug|Any CPU
		{45B4D7CB-73AB-43BD-A042-5AD47515FBE5}.Debug|Any CPU.Build.0 = Debug|Any CPU
		{45B4D7CB-73AB-43BD-A042-5AD47515FBE5}.Debug|x64.ActiveCfg = Debug|Any CPU
		{45B4D7CB-73AB-43BD-A042-5AD47515FBE5}.Debug|x64.Build.0 = Debug|Any CPU
		{45B4D7CB-73AB-43BD-A042-5AD47515FBE5}.Debug|x86.ActiveCfg = Debug|Any CPU
		{45B4D7CB-73AB-43BD-A042-5AD47515FBE5}.Debug|x86.Build.0 = Debug|Any CPU
		{45B4D7CB-73AB-43BD-A042-5AD47515FBE5}.Release|Any CPU.ActiveCfg = Release|Any CPU
		{45B4D7CB-73AB-43BD-A042-5AD47515FBE5}.Release|Any CPU.Build.0 = Release|Any CPU
		{45B4D7CB-73AB-43BD-A042-5AD47515FBE5}.Release|x64.ActiveCfg = Release|Any CPU
		{45B4D7CB-73AB-43BD-A042-5AD47515FBE5}.Release|x64.Build.0 = Release|Any CPU
		{45B4D7CB-73AB-43BD-A042-5AD47515FBE5}.Release|x86.ActiveCfg = Release|Any CPU
		{45B4D7CB-73AB-43BD-A042-5AD47515FBE5}.Release|x86.Build.0 = Release|Any CPU
		{AB17E4D7-4EAE-47CB-A4F8-B0C9D3C1857A}.Debug|Any CPU.ActiveCfg = Debug|Any CPU
		{AB17E4D7-4EAE-47CB-A4F8-B0C9D3C1857A}.Debug|Any CPU.Build.0 = Debug|Any CPU
		{AB17E4D7-4EAE-47CB-A4F8-B0C9D3C1857A}.Debug|x64.ActiveCfg = Debug|Any CPU
		{AB17E4D7-4EAE-47CB-A4F8-B0C9D3C1857A}.Debug|x64.Build.0 = Debug|Any CPU
		{AB17E4D7-4EAE-47CB-A4F8-B0C9D3C1857A}.Debug|x86.ActiveCfg = Debug|Any CPU
		{AB17E4D7-4EAE-47CB-A4F8-B0C9D3C1857A}.Debug|x86.Build.0 = Debug|Any CPU
		{AB17E4D7-4EAE-47CB-A4F8-B0C9D3C1857A}.Release|Any CPU.ActiveCfg = Release|Any CPU
		{AB17E4D7-4EAE-47CB-A4F8-B0C9D3C1857A}.Release|Any CPU.Build.0 = Release|Any CPU
		{AB17E4D7-4EAE-47CB-A4F8-B0C9D3C1857A}.Release|x64.ActiveCfg = Release|Any CPU
		{AB17E4D7-4EAE-47CB-A4F8-B0C9D3C1857A}.Release|x64.Build.0 = Release|Any CPU
		{AB17E4D7-4EAE-47CB-A4F8-B0C9D3C1857A}.Release|x86.ActiveCfg = Release|Any CPU
		{AB17E4D7-4EAE-47CB-A4F8-B0C9D3C1857A}.Release|x86.Build.0 = Release|Any CPU
		{997D85F1-C0BD-449E-B2DA-B41136876A62}.Debug|Any CPU.ActiveCfg = Debug|Any CPU
		{997D85F1-C0BD-449E-B2DA-B41136876A62}.Debug|Any CPU.Build.0 = Debug|Any CPU
		{997D85F1-C0BD-449E-B2DA-B41136876A62}.Debug|x64.ActiveCfg = Debug|Any CPU
		{997D85F1-C0BD-449E-B2DA-B41136876A62}.Debug|x64.Build.0 = Debug|Any CPU
		{997D85F1-C0BD-449E-B2DA-B41136876A62}.Debug|x86.ActiveCfg = Debug|Any CPU
		{997D85F1-C0BD-449E-B2DA-B41136876A62}.Debug|x86.Build.0 = Debug|Any CPU
		{997D85F1-C0BD-449E-B2DA-B41136876A62}.Release|Any CPU.ActiveCfg = Release|Any CPU
		{997D85F1-C0BD-449E-B2DA-B41136876A62}.Release|Any CPU.Build.0 = Release|Any CPU
		{997D85F1-C0BD-449E-B2DA-B41136876A62}.Release|x64.ActiveCfg = Release|Any CPU
		{997D85F1-C0BD-449E-B2DA-B41136876A62}.Release|x64.Build.0 = Release|Any CPU
		{997D85F1-C0BD-449E-B2DA-B41136876A62}.Release|x86.ActiveCfg = Release|Any CPU
		{997D85F1-C0BD-449E-B2DA-B41136876A62}.Release|x86.Build.0 = Release|Any CPU
		{88955EBD-1D20-4FFE-81FD-A4605DD64492}.Debug|Any CPU.ActiveCfg = Debug|Any CPU
		{88955EBD-1D20-4FFE-81FD-A4605DD64492}.Debug|Any CPU.Build.0 = Debug|Any CPU
		{88955EBD-1D20-4FFE-81FD-A4605DD64492}.Debug|x64.ActiveCfg = Debug|Any CPU
		{88955EBD-1D20-4FFE-81FD-A4605DD64492}.Debug|x64.Build.0 = Debug|Any CPU
		{88955EBD-1D20-4FFE-81FD-A4605DD64492}.Debug|x86.ActiveCfg = Debug|Any CPU
		{88955EBD-1D20-4FFE-81FD-A4605DD64492}.Debug|x86.Build.0 = Debug|Any CPU
		{88955EBD-1D20-4FFE-81FD-A4605DD64492}.Release|Any CPU.ActiveCfg = Release|Any CPU
		{88955EBD-1D20-4FFE-81FD-A4605DD64492}.Release|Any CPU.Build.0 = Release|Any CPU
		{88955EBD-1D20-4FFE-81FD-A4605DD64492}.Release|x64.ActiveCfg = Release|Any CPU
		{88955EBD-1D20-4FFE-81FD-A4605DD64492}.Release|x64.Build.0 = Release|Any CPU
		{88955EBD-1D20-4FFE-81FD-A4605DD64492}.Release|x86.ActiveCfg = Release|Any CPU
		{88955EBD-1D20-4FFE-81FD-A4605DD64492}.Release|x86.Build.0 = Release|Any CPU
		{17B53B57-DA1E-4FEF-A788-C253351A36A9}.Debug|Any CPU.ActiveCfg = Debug|Any CPU
		{17B53B57-DA1E-4FEF-A788-C253351A36A9}.Debug|Any CPU.Build.0 = Debug|Any CPU
		{17B53B57-DA1E-4FEF-A788-C253351A36A9}.Debug|x64.ActiveCfg = Debug|Any CPU
		{17B53B57-DA1E-4FEF-A788-C253351A36A9}.Debug|x64.Build.0 = Debug|Any CPU
		{17B53B57-DA1E-4FEF-A788-C253351A36A9}.Debug|x86.ActiveCfg = Debug|Any CPU
		{17B53B57-DA1E-4FEF-A788-C253351A36A9}.Debug|x86.Build.0 = Debug|Any CPU
		{17B53B57-DA1E-4FEF-A788-C253351A36A9}.Release|Any CPU.ActiveCfg = Release|Any CPU
		{17B53B57-DA1E-4FEF-A788-C253351A36A9}.Release|Any CPU.Build.0 = Release|Any CPU
		{17B53B57-DA1E-4FEF-A788-C253351A36A9}.Release|x64.ActiveCfg = Release|Any CPU
		{17B53B57-DA1E-4FEF-A788-C253351A36A9}.Release|x64.Build.0 = Release|Any CPU
		{17B53B57-DA1E-4FEF-A788-C253351A36A9}.Release|x86.ActiveCfg = Release|Any CPU
		{17B53B57-DA1E-4FEF-A788-C253351A36A9}.Release|x86.Build.0 = Release|Any CPU
		{5430182B-751D-43E8-BB1F-2933B5A9A235}.Debug|Any CPU.ActiveCfg = Debug|Any CPU
		{5430182B-751D-43E8-BB1F-2933B5A9A235}.Debug|Any CPU.Build.0 = Debug|Any CPU
		{5430182B-751D-43E8-BB1F-2933B5A9A235}.Debug|x64.ActiveCfg = Debug|Any CPU
		{5430182B-751D-43E8-BB1F-2933B5A9A235}.Debug|x64.Build.0 = Debug|Any CPU
		{5430182B-751D-43E8-BB1F-2933B5A9A235}.Debug|x86.ActiveCfg = Debug|Any CPU
		{5430182B-751D-43E8-BB1F-2933B5A9A235}.Debug|x86.Build.0 = Debug|Any CPU
		{5430182B-751D-43E8-BB1F-2933B5A9A235}.Release|Any CPU.ActiveCfg = Release|Any CPU
		{5430182B-751D-43E8-BB1F-2933B5A9A235}.Release|Any CPU.Build.0 = Release|Any CPU
		{5430182B-751D-43E8-BB1F-2933B5A9A235}.Release|x64.ActiveCfg = Release|Any CPU
		{5430182B-751D-43E8-BB1F-2933B5A9A235}.Release|x64.Build.0 = Release|Any CPU
		{5430182B-751D-43E8-BB1F-2933B5A9A235}.Release|x86.ActiveCfg = Release|Any CPU
		{5430182B-751D-43E8-BB1F-2933B5A9A235}.Release|x86.Build.0 = Release|Any CPU
		{3769E14D-C885-442B-8FD5-5371D3D6BF62}.Debug|Any CPU.ActiveCfg = Debug|Any CPU
		{3769E14D-C885-442B-8FD5-5371D3D6BF62}.Debug|Any CPU.Build.0 = Debug|Any CPU
		{3769E14D-C885-442B-8FD5-5371D3D6BF62}.Debug|x64.ActiveCfg = Debug|Any CPU
		{3769E14D-C885-442B-8FD5-5371D3D6BF62}.Debug|x64.Build.0 = Debug|Any CPU
		{3769E14D-C885-442B-8FD5-5371D3D6BF62}.Debug|x86.ActiveCfg = Debug|Any CPU
		{3769E14D-C885-442B-8FD5-5371D3D6BF62}.Debug|x86.Build.0 = Debug|Any CPU
		{3769E14D-C885-442B-8FD5-5371D3D6BF62}.Release|Any CPU.ActiveCfg = Release|Any CPU
		{3769E14D-C885-442B-8FD5-5371D3D6BF62}.Release|Any CPU.Build.0 = Release|Any CPU
		{3769E14D-C885-442B-8FD5-5371D3D6BF62}.Release|x64.ActiveCfg = Release|Any CPU
		{3769E14D-C885-442B-8FD5-5371D3D6BF62}.Release|x64.Build.0 = Release|Any CPU
		{3769E14D-C885-442B-8FD5-5371D3D6BF62}.Release|x86.ActiveCfg = Release|Any CPU
		{3769E14D-C885-442B-8FD5-5371D3D6BF62}.Release|x86.Build.0 = Release|Any CPU
		{02840E38-458C-482A-BFD9-680DF1A4999B}.Debug|Any CPU.ActiveCfg = Debug|Any CPU
		{02840E38-458C-482A-BFD9-680DF1A4999B}.Debug|Any CPU.Build.0 = Debug|Any CPU
		{02840E38-458C-482A-BFD9-680DF1A4999B}.Debug|x64.ActiveCfg = Debug|Any CPU
		{02840E38-458C-482A-BFD9-680DF1A4999B}.Debug|x64.Build.0 = Debug|Any CPU
		{02840E38-458C-482A-BFD9-680DF1A4999B}.Debug|x86.ActiveCfg = Debug|Any CPU
		{02840E38-458C-482A-BFD9-680DF1A4999B}.Debug|x86.Build.0 = Debug|Any CPU
		{02840E38-458C-482A-BFD9-680DF1A4999B}.Release|Any CPU.ActiveCfg = Release|Any CPU
		{02840E38-458C-482A-BFD9-680DF1A4999B}.Release|Any CPU.Build.0 = Release|Any CPU
		{02840E38-458C-482A-BFD9-680DF1A4999B}.Release|x64.ActiveCfg = Release|Any CPU
		{02840E38-458C-482A-BFD9-680DF1A4999B}.Release|x64.Build.0 = Release|Any CPU
		{02840E38-458C-482A-BFD9-680DF1A4999B}.Release|x86.ActiveCfg = Release|Any CPU
		{02840E38-458C-482A-BFD9-680DF1A4999B}.Release|x86.Build.0 = Release|Any CPU
		{7CF178F3-C91D-4968-8A90-FE096DA4B599}.Debug|Any CPU.ActiveCfg = Debug|Any CPU
		{7CF178F3-C91D-4968-8A90-FE096DA4B599}.Debug|Any CPU.Build.0 = Debug|Any CPU
		{7CF178F3-C91D-4968-8A90-FE096DA4B599}.Debug|x64.ActiveCfg = Debug|Any CPU
		{7CF178F3-C91D-4968-8A90-FE096DA4B599}.Debug|x64.Build.0 = Debug|Any CPU
		{7CF178F3-C91D-4968-8A90-FE096DA4B599}.Debug|x86.ActiveCfg = Debug|Any CPU
		{7CF178F3-C91D-4968-8A90-FE096DA4B599}.Debug|x86.Build.0 = Debug|Any CPU
		{7CF178F3-C91D-4968-8A90-FE096DA4B599}.Release|Any CPU.ActiveCfg = Release|Any CPU
		{7CF178F3-C91D-4968-8A90-FE096DA4B599}.Release|Any CPU.Build.0 = Release|Any CPU
		{7CF178F3-C91D-4968-8A90-FE096DA4B599}.Release|x64.ActiveCfg = Release|Any CPU
		{7CF178F3-C91D-4968-8A90-FE096DA4B599}.Release|x64.Build.0 = Release|Any CPU
		{7CF178F3-C91D-4968-8A90-FE096DA4B599}.Release|x86.ActiveCfg = Release|Any CPU
		{7CF178F3-C91D-4968-8A90-FE096DA4B599}.Release|x86.Build.0 = Release|Any CPU
		{89A61EA3-AC33-4DE6-8F36-F6FB79059C6D}.Debug|Any CPU.ActiveCfg = Debug|Any CPU
		{89A61EA3-AC33-4DE6-8F36-F6FB79059C6D}.Debug|Any CPU.Build.0 = Debug|Any CPU
		{89A61EA3-AC33-4DE6-8F36-F6FB79059C6D}.Debug|x64.ActiveCfg = Debug|Any CPU
		{89A61EA3-AC33-4DE6-8F36-F6FB79059C6D}.Debug|x64.Build.0 = Debug|Any CPU
		{89A61EA3-AC33-4DE6-8F36-F6FB79059C6D}.Debug|x86.ActiveCfg = Debug|Any CPU
		{89A61EA3-AC33-4DE6-8F36-F6FB79059C6D}.Debug|x86.Build.0 = Debug|Any CPU
		{89A61EA3-AC33-4DE6-8F36-F6FB79059C6D}.Release|Any CPU.ActiveCfg = Release|Any CPU
		{89A61EA3-AC33-4DE6-8F36-F6FB79059C6D}.Release|Any CPU.Build.0 = Release|Any CPU
		{89A61EA3-AC33-4DE6-8F36-F6FB79059C6D}.Release|x64.ActiveCfg = Release|Any CPU
		{89A61EA3-AC33-4DE6-8F36-F6FB79059C6D}.Release|x64.Build.0 = Release|Any CPU
		{89A61EA3-AC33-4DE6-8F36-F6FB79059C6D}.Release|x86.ActiveCfg = Release|Any CPU
		{89A61EA3-AC33-4DE6-8F36-F6FB79059C6D}.Release|x86.Build.0 = Release|Any CPU
		{925A0B1D-6A23-4BFE-831E-ED2297FFFF07}.Debug|Any CPU.ActiveCfg = Debug|Any CPU
		{925A0B1D-6A23-4BFE-831E-ED2297FFFF07}.Debug|Any CPU.Build.0 = Debug|Any CPU
		{925A0B1D-6A23-4BFE-831E-ED2297FFFF07}.Debug|x64.ActiveCfg = Debug|Any CPU
		{925A0B1D-6A23-4BFE-831E-ED2297FFFF07}.Debug|x64.Build.0 = Debug|Any CPU
		{925A0B1D-6A23-4BFE-831E-ED2297FFFF07}.Debug|x86.ActiveCfg = Debug|Any CPU
		{925A0B1D-6A23-4BFE-831E-ED2297FFFF07}.Debug|x86.Build.0 = Debug|Any CPU
		{925A0B1D-6A23-4BFE-831E-ED2297FFFF07}.Release|Any CPU.ActiveCfg = Release|Any CPU
		{925A0B1D-6A23-4BFE-831E-ED2297FFFF07}.Release|Any CPU.Build.0 = Release|Any CPU
		{925A0B1D-6A23-4BFE-831E-ED2297FFFF07}.Release|x64.ActiveCfg = Release|Any CPU
		{925A0B1D-6A23-4BFE-831E-ED2297FFFF07}.Release|x64.Build.0 = Release|Any CPU
		{925A0B1D-6A23-4BFE-831E-ED2297FFFF07}.Release|x86.ActiveCfg = Release|Any CPU
		{925A0B1D-6A23-4BFE-831E-ED2297FFFF07}.Release|x86.Build.0 = Release|Any CPU
	EndGlobalSection
EndGlobal
