
Microsoft Visual Studio Solution File, Format Version 12.00
# Visual Studio 15
VisualStudioVersion = 15.0.26124.0
MinimumVisualStudioVersion = 15.0.26124.0
Project("{9A19103F-16F7-4668-BE54-9A1E7A4F7556}") = "R5T.Liverpool.Construction", "R5T.Liverpool.Construction\R5T.Liverpool.Construction.csproj", "{608FD24F-72D9-42A5-AA21-45F039A39B2D}"
EndProject
Project("{9A19103F-16F7-4668-BE54-9A1E7A4F7556}") = "R5T.Liverpool", "R5T.Liverpool\R5T.Liverpool.csproj", "{1DDA0A1A-9853-4A2A-BBB6-051D8533F7DF}"
EndProject
Project("{2150E333-8FDC-42A3-9474-1A3956D46DE8}") = "_Dependencies", "_Dependencies", "{5A91D815-07DA-4C74-AF91-3FBE7F60FC65}"
EndProject
Project("{9A19103F-16F7-4668-BE54-9A1E7A4F7556}") = "R5T.Dacia", "..\..\R5T.Dacia\source\R5T.Dacia\R5T.Dacia.csproj", "{EF87FD1A-BC92-46E0-AC7F-927F204855BE}"
EndProject
Project("{9A19103F-16F7-4668-BE54-9A1E7A4F7556}") = "R5T.Chamavia", "..\..\R5T.Chamavia\source\R5T.Chamavia\R5T.Chamavia.csproj", "{65B84293-F737-4AED-904C-083216E28A90}"
EndProject
Project("{9A19103F-16F7-4668-BE54-9A1E7A4F7556}") = "R5T.Chamavia.Extensions", "..\..\R5T.Chamavia.Extensions\source\R5T.Chamavia.Extensions\R5T.Chamavia.Extensions.csproj", "{7BD1FBF4-DACD-4446-A921-27C2E6EDD8E2}"
EndProject
Project("{9A19103F-16F7-4668-BE54-9A1E7A4F7556}") = "R5T.Liverpool.Abstractions", "R5T.Liverpool.Abstractions\R5T.Liverpool.Abstractions.csproj", "{9E50A8D0-F614-411D-B747-C9CE02F42045}"
EndProject
Project("{9A19103F-16F7-4668-BE54-9A1E7A4F7556}") = "R5T.Liverpool.Types", "R5T.Liverpool.Types\R5T.Liverpool.Types.csproj", "{6F83E3C8-EFD9-4815-9EF4-4CFDC2A625CC}"
EndProject
Project("{9A19103F-16F7-4668-BE54-9A1E7A4F7556}") = "R5T.Liverpool.ServiceProvider", "R5T.Liverpool.ServiceProvider\R5T.Liverpool.ServiceProvider.csproj", "{CE160140-9349-4A59-A110-C03512E5D808}"
EndProject
Project("{9A19103F-16F7-4668-BE54-9A1E7A4F7556}") = "R5T.Richmond.Abstractions", "..\..\R5T.Richmond.Abstractions\source\R5T.Richmond.Abstractions\R5T.Richmond.Abstractions.csproj", "{B29CCB71-B982-46B2-B41E-A58119B738C6}"
EndProject
Project("{9A19103F-16F7-4668-BE54-9A1E7A4F7556}") = "R5T.Liverpool.Startup", "R5T.Liverpool.Startup\R5T.Liverpool.Startup.csproj", "{47DDB83B-0490-40AE-90B6-9A666B74E87B}"
EndProject
Project("{9A19103F-16F7-4668-BE54-9A1E7A4F7556}") = "R5T.Richmond.Types", "..\..\R5T.Richmond.Types\source\R5T.Richmond.Types\R5T.Richmond.Types.csproj", "{0C544515-73A9-4D40-825A-AAC8978FC47E}"
EndProject
Project("{9A19103F-16F7-4668-BE54-9A1E7A4F7556}") = "R5T.Langobard", "..\..\R5T.Langobard\source\R5T.Langobard\R5T.Langobard.csproj", "{A0C25773-3A59-43A5-8BDE-167ACA24A43B}"
EndProject
Project("{9A19103F-16F7-4668-BE54-9A1E7A4F7556}") = "R5T.Exeter", "..\..\R5T.Exeter\source\R5T.Exeter\R5T.Exeter.csproj", "{EE574715-9B86-4A89-8540-8E3D66D0E618}"
EndProject
Project("{9A19103F-16F7-4668-BE54-9A1E7A4F7556}") = "R5T.Dacia.Extensions", "..\..\R5T.Dacia.Extensions\source\R5T.Dacia.Extensions\R5T.Dacia.Extensions.csproj", "{2850C2BA-3CE3-4514-B06D-B12AE8075E74}"
EndProject
Project("{9A19103F-16F7-4668-BE54-9A1E7A4F7556}") = "R5T.Langobard.Extensions", "..\..\R5T.Langobard.Extensions\source\R5T.Langobard.Extensions\R5T.Langobard.Extensions.csproj", "{BDC39EE5-0F51-489D-A856-6076B3B9AE7C}"
EndProject
Project("{FAE04EC0-301F-11D3-BF4B-00C04F79EFBC}") = "R5T.Liverpool.Startup.Core", "R5T.Liverpool.Startup.Core\R5T.Liverpool.Startup.Core.csproj", "{6FA8C41E-2BDF-4FF7-8964-E6136DE9E033}"
EndProject
Project("{FAE04EC0-301F-11D3-BF4B-00C04F79EFBC}") = "R5T.Liverpool.ServiceProvider.Types", "R5T.Liverpool.ServiceProvider.Types\R5T.Liverpool.ServiceProvider.Types.csproj", "{BA242AD5-9375-4D7B-AEB4-1978C8B5418A}"
EndProject
Global
	GlobalSection(SolutionConfigurationPlatforms) = preSolution
		Debug|Any CPU = Debug|Any CPU
		Debug|x64 = Debug|x64
		Debug|x86 = Debug|x86
		Release|Any CPU = Release|Any CPU
		Release|x64 = Release|x64
		Release|x86 = Release|x86
	EndGlobalSection
	GlobalSection(ProjectConfigurationPlatforms) = postSolution
		{608FD24F-72D9-42A5-AA21-45F039A39B2D}.Debug|Any CPU.ActiveCfg = Debug|Any CPU
		{608FD24F-72D9-42A5-AA21-45F039A39B2D}.Debug|Any CPU.Build.0 = Debug|Any CPU
		{608FD24F-72D9-42A5-AA21-45F039A39B2D}.Debug|x64.ActiveCfg = Debug|Any CPU
		{608FD24F-72D9-42A5-AA21-45F039A39B2D}.Debug|x64.Build.0 = Debug|Any CPU
		{608FD24F-72D9-42A5-AA21-45F039A39B2D}.Debug|x86.ActiveCfg = Debug|Any CPU
		{608FD24F-72D9-42A5-AA21-45F039A39B2D}.Debug|x86.Build.0 = Debug|Any CPU
		{608FD24F-72D9-42A5-AA21-45F039A39B2D}.Release|Any CPU.ActiveCfg = Release|Any CPU
		{608FD24F-72D9-42A5-AA21-45F039A39B2D}.Release|Any CPU.Build.0 = Release|Any CPU
		{608FD24F-72D9-42A5-AA21-45F039A39B2D}.Release|x64.ActiveCfg = Release|Any CPU
		{608FD24F-72D9-42A5-AA21-45F039A39B2D}.Release|x64.Build.0 = Release|Any CPU
		{608FD24F-72D9-42A5-AA21-45F039A39B2D}.Release|x86.ActiveCfg = Release|Any CPU
		{608FD24F-72D9-42A5-AA21-45F039A39B2D}.Release|x86.Build.0 = Release|Any CPU
		{1DDA0A1A-9853-4A2A-BBB6-051D8533F7DF}.Debug|Any CPU.ActiveCfg = Debug|Any CPU
		{1DDA0A1A-9853-4A2A-BBB6-051D8533F7DF}.Debug|Any CPU.Build.0 = Debug|Any CPU
		{1DDA0A1A-9853-4A2A-BBB6-051D8533F7DF}.Debug|x64.ActiveCfg = Debug|Any CPU
		{1DDA0A1A-9853-4A2A-BBB6-051D8533F7DF}.Debug|x64.Build.0 = Debug|Any CPU
		{1DDA0A1A-9853-4A2A-BBB6-051D8533F7DF}.Debug|x86.ActiveCfg = Debug|Any CPU
		{1DDA0A1A-9853-4A2A-BBB6-051D8533F7DF}.Debug|x86.Build.0 = Debug|Any CPU
		{1DDA0A1A-9853-4A2A-BBB6-051D8533F7DF}.Release|Any CPU.ActiveCfg = Release|Any CPU
		{1DDA0A1A-9853-4A2A-BBB6-051D8533F7DF}.Release|Any CPU.Build.0 = Release|Any CPU
		{1DDA0A1A-9853-4A2A-BBB6-051D8533F7DF}.Release|x64.ActiveCfg = Release|Any CPU
		{1DDA0A1A-9853-4A2A-BBB6-051D8533F7DF}.Release|x64.Build.0 = Release|Any CPU
		{1DDA0A1A-9853-4A2A-BBB6-051D8533F7DF}.Release|x86.ActiveCfg = Release|Any CPU
		{1DDA0A1A-9853-4A2A-BBB6-051D8533F7DF}.Release|x86.Build.0 = Release|Any CPU
		{EF87FD1A-BC92-46E0-AC7F-927F204855BE}.Debug|Any CPU.ActiveCfg = Debug|Any CPU
		{EF87FD1A-BC92-46E0-AC7F-927F204855BE}.Debug|Any CPU.Build.0 = Debug|Any CPU
		{EF87FD1A-BC92-46E0-AC7F-927F204855BE}.Debug|x64.ActiveCfg = Debug|Any CPU
		{EF87FD1A-BC92-46E0-AC7F-927F204855BE}.Debug|x64.Build.0 = Debug|Any CPU
		{EF87FD1A-BC92-46E0-AC7F-927F204855BE}.Debug|x86.ActiveCfg = Debug|Any CPU
		{EF87FD1A-BC92-46E0-AC7F-927F204855BE}.Debug|x86.Build.0 = Debug|Any CPU
		{EF87FD1A-BC92-46E0-AC7F-927F204855BE}.Release|Any CPU.ActiveCfg = Release|Any CPU
		{EF87FD1A-BC92-46E0-AC7F-927F204855BE}.Release|Any CPU.Build.0 = Release|Any CPU
		{EF87FD1A-BC92-46E0-AC7F-927F204855BE}.Release|x64.ActiveCfg = Release|Any CPU
		{EF87FD1A-BC92-46E0-AC7F-927F204855BE}.Release|x64.Build.0 = Release|Any CPU
		{EF87FD1A-BC92-46E0-AC7F-927F204855BE}.Release|x86.ActiveCfg = Release|Any CPU
		{EF87FD1A-BC92-46E0-AC7F-927F204855BE}.Release|x86.Build.0 = Release|Any CPU
		{65B84293-F737-4AED-904C-083216E28A90}.Debug|Any CPU.ActiveCfg = Debug|Any CPU
		{65B84293-F737-4AED-904C-083216E28A90}.Debug|Any CPU.Build.0 = Debug|Any CPU
		{65B84293-F737-4AED-904C-083216E28A90}.Debug|x64.ActiveCfg = Debug|Any CPU
		{65B84293-F737-4AED-904C-083216E28A90}.Debug|x64.Build.0 = Debug|Any CPU
		{65B84293-F737-4AED-904C-083216E28A90}.Debug|x86.ActiveCfg = Debug|Any CPU
		{65B84293-F737-4AED-904C-083216E28A90}.Debug|x86.Build.0 = Debug|Any CPU
		{65B84293-F737-4AED-904C-083216E28A90}.Release|Any CPU.ActiveCfg = Release|Any CPU
		{65B84293-F737-4AED-904C-083216E28A90}.Release|Any CPU.Build.0 = Release|Any CPU
		{65B84293-F737-4AED-904C-083216E28A90}.Release|x64.ActiveCfg = Release|Any CPU
		{65B84293-F737-4AED-904C-083216E28A90}.Release|x64.Build.0 = Release|Any CPU
		{65B84293-F737-4AED-904C-083216E28A90}.Release|x86.ActiveCfg = Release|Any CPU
		{65B84293-F737-4AED-904C-083216E28A90}.Release|x86.Build.0 = Release|Any CPU
		{7BD1FBF4-DACD-4446-A921-27C2E6EDD8E2}.Debug|Any CPU.ActiveCfg = Debug|Any CPU
		{7BD1FBF4-DACD-4446-A921-27C2E6EDD8E2}.Debug|Any CPU.Build.0 = Debug|Any CPU
		{7BD1FBF4-DACD-4446-A921-27C2E6EDD8E2}.Debug|x64.ActiveCfg = Debug|Any CPU
		{7BD1FBF4-DACD-4446-A921-27C2E6EDD8E2}.Debug|x64.Build.0 = Debug|Any CPU
		{7BD1FBF4-DACD-4446-A921-27C2E6EDD8E2}.Debug|x86.ActiveCfg = Debug|Any CPU
		{7BD1FBF4-DACD-4446-A921-27C2E6EDD8E2}.Debug|x86.Build.0 = Debug|Any CPU
		{7BD1FBF4-DACD-4446-A921-27C2E6EDD8E2}.Release|Any CPU.ActiveCfg = Release|Any CPU
		{7BD1FBF4-DACD-4446-A921-27C2E6EDD8E2}.Release|Any CPU.Build.0 = Release|Any CPU
		{7BD1FBF4-DACD-4446-A921-27C2E6EDD8E2}.Release|x64.ActiveCfg = Release|Any CPU
		{7BD1FBF4-DACD-4446-A921-27C2E6EDD8E2}.Release|x64.Build.0 = Release|Any CPU
		{7BD1FBF4-DACD-4446-A921-27C2E6EDD8E2}.Release|x86.ActiveCfg = Release|Any CPU
		{7BD1FBF4-DACD-4446-A921-27C2E6EDD8E2}.Release|x86.Build.0 = Release|Any CPU
		{9E50A8D0-F614-411D-B747-C9CE02F42045}.Debug|Any CPU.ActiveCfg = Debug|Any CPU
		{9E50A8D0-F614-411D-B747-C9CE02F42045}.Debug|Any CPU.Build.0 = Debug|Any CPU
		{9E50A8D0-F614-411D-B747-C9CE02F42045}.Debug|x64.ActiveCfg = Debug|Any CPU
		{9E50A8D0-F614-411D-B747-C9CE02F42045}.Debug|x64.Build.0 = Debug|Any CPU
		{9E50A8D0-F614-411D-B747-C9CE02F42045}.Debug|x86.ActiveCfg = Debug|Any CPU
		{9E50A8D0-F614-411D-B747-C9CE02F42045}.Debug|x86.Build.0 = Debug|Any CPU
		{9E50A8D0-F614-411D-B747-C9CE02F42045}.Release|Any CPU.ActiveCfg = Release|Any CPU
		{9E50A8D0-F614-411D-B747-C9CE02F42045}.Release|Any CPU.Build.0 = Release|Any CPU
		{9E50A8D0-F614-411D-B747-C9CE02F42045}.Release|x64.ActiveCfg = Release|Any CPU
		{9E50A8D0-F614-411D-B747-C9CE02F42045}.Release|x64.Build.0 = Release|Any CPU
		{9E50A8D0-F614-411D-B747-C9CE02F42045}.Release|x86.ActiveCfg = Release|Any CPU
		{9E50A8D0-F614-411D-B747-C9CE02F42045}.Release|x86.Build.0 = Release|Any CPU
		{6F83E3C8-EFD9-4815-9EF4-4CFDC2A625CC}.Debug|Any CPU.ActiveCfg = Debug|Any CPU
		{6F83E3C8-EFD9-4815-9EF4-4CFDC2A625CC}.Debug|Any CPU.Build.0 = Debug|Any CPU
		{6F83E3C8-EFD9-4815-9EF4-4CFDC2A625CC}.Debug|x64.ActiveCfg = Debug|Any CPU
		{6F83E3C8-EFD9-4815-9EF4-4CFDC2A625CC}.Debug|x64.Build.0 = Debug|Any CPU
		{6F83E3C8-EFD9-4815-9EF4-4CFDC2A625CC}.Debug|x86.ActiveCfg = Debug|Any CPU
		{6F83E3C8-EFD9-4815-9EF4-4CFDC2A625CC}.Debug|x86.Build.0 = Debug|Any CPU
		{6F83E3C8-EFD9-4815-9EF4-4CFDC2A625CC}.Release|Any CPU.ActiveCfg = Release|Any CPU
		{6F83E3C8-EFD9-4815-9EF4-4CFDC2A625CC}.Release|Any CPU.Build.0 = Release|Any CPU
		{6F83E3C8-EFD9-4815-9EF4-4CFDC2A625CC}.Release|x64.ActiveCfg = Release|Any CPU
		{6F83E3C8-EFD9-4815-9EF4-4CFDC2A625CC}.Release|x64.Build.0 = Release|Any CPU
		{6F83E3C8-EFD9-4815-9EF4-4CFDC2A625CC}.Release|x86.ActiveCfg = Release|Any CPU
		{6F83E3C8-EFD9-4815-9EF4-4CFDC2A625CC}.Release|x86.Build.0 = Release|Any CPU
		{CE160140-9349-4A59-A110-C03512E5D808}.Debug|Any CPU.ActiveCfg = Debug|Any CPU
		{CE160140-9349-4A59-A110-C03512E5D808}.Debug|Any CPU.Build.0 = Debug|Any CPU
		{CE160140-9349-4A59-A110-C03512E5D808}.Debug|x64.ActiveCfg = Debug|Any CPU
		{CE160140-9349-4A59-A110-C03512E5D808}.Debug|x64.Build.0 = Debug|Any CPU
		{CE160140-9349-4A59-A110-C03512E5D808}.Debug|x86.ActiveCfg = Debug|Any CPU
		{CE160140-9349-4A59-A110-C03512E5D808}.Debug|x86.Build.0 = Debug|Any CPU
		{CE160140-9349-4A59-A110-C03512E5D808}.Release|Any CPU.ActiveCfg = Release|Any CPU
		{CE160140-9349-4A59-A110-C03512E5D808}.Release|Any CPU.Build.0 = Release|Any CPU
		{CE160140-9349-4A59-A110-C03512E5D808}.Release|x64.ActiveCfg = Release|Any CPU
		{CE160140-9349-4A59-A110-C03512E5D808}.Release|x64.Build.0 = Release|Any CPU
		{CE160140-9349-4A59-A110-C03512E5D808}.Release|x86.ActiveCfg = Release|Any CPU
		{CE160140-9349-4A59-A110-C03512E5D808}.Release|x86.Build.0 = Release|Any CPU
		{B29CCB71-B982-46B2-B41E-A58119B738C6}.Debug|Any CPU.ActiveCfg = Debug|Any CPU
		{B29CCB71-B982-46B2-B41E-A58119B738C6}.Debug|Any CPU.Build.0 = Debug|Any CPU
		{B29CCB71-B982-46B2-B41E-A58119B738C6}.Debug|x64.ActiveCfg = Debug|Any CPU
		{B29CCB71-B982-46B2-B41E-A58119B738C6}.Debug|x64.Build.0 = Debug|Any CPU
		{B29CCB71-B982-46B2-B41E-A58119B738C6}.Debug|x86.ActiveCfg = Debug|Any CPU
		{B29CCB71-B982-46B2-B41E-A58119B738C6}.Debug|x86.Build.0 = Debug|Any CPU
		{B29CCB71-B982-46B2-B41E-A58119B738C6}.Release|Any CPU.ActiveCfg = Release|Any CPU
		{B29CCB71-B982-46B2-B41E-A58119B738C6}.Release|Any CPU.Build.0 = Release|Any CPU
		{B29CCB71-B982-46B2-B41E-A58119B738C6}.Release|x64.ActiveCfg = Release|Any CPU
		{B29CCB71-B982-46B2-B41E-A58119B738C6}.Release|x64.Build.0 = Release|Any CPU
		{B29CCB71-B982-46B2-B41E-A58119B738C6}.Release|x86.ActiveCfg = Release|Any CPU
		{B29CCB71-B982-46B2-B41E-A58119B738C6}.Release|x86.Build.0 = Release|Any CPU
		{47DDB83B-0490-40AE-90B6-9A666B74E87B}.Debug|Any CPU.ActiveCfg = Debug|Any CPU
		{47DDB83B-0490-40AE-90B6-9A666B74E87B}.Debug|Any CPU.Build.0 = Debug|Any CPU
		{47DDB83B-0490-40AE-90B6-9A666B74E87B}.Debug|x64.ActiveCfg = Debug|Any CPU
		{47DDB83B-0490-40AE-90B6-9A666B74E87B}.Debug|x64.Build.0 = Debug|Any CPU
		{47DDB83B-0490-40AE-90B6-9A666B74E87B}.Debug|x86.ActiveCfg = Debug|Any CPU
		{47DDB83B-0490-40AE-90B6-9A666B74E87B}.Debug|x86.Build.0 = Debug|Any CPU
		{47DDB83B-0490-40AE-90B6-9A666B74E87B}.Release|Any CPU.ActiveCfg = Release|Any CPU
		{47DDB83B-0490-40AE-90B6-9A666B74E87B}.Release|Any CPU.Build.0 = Release|Any CPU
		{47DDB83B-0490-40AE-90B6-9A666B74E87B}.Release|x64.ActiveCfg = Release|Any CPU
		{47DDB83B-0490-40AE-90B6-9A666B74E87B}.Release|x64.Build.0 = Release|Any CPU
		{47DDB83B-0490-40AE-90B6-9A666B74E87B}.Release|x86.ActiveCfg = Release|Any CPU
		{47DDB83B-0490-40AE-90B6-9A666B74E87B}.Release|x86.Build.0 = Release|Any CPU
		{0C544515-73A9-4D40-825A-AAC8978FC47E}.Debug|Any CPU.ActiveCfg = Debug|Any CPU
		{0C544515-73A9-4D40-825A-AAC8978FC47E}.Debug|Any CPU.Build.0 = Debug|Any CPU
		{0C544515-73A9-4D40-825A-AAC8978FC47E}.Debug|x64.ActiveCfg = Debug|Any CPU
		{0C544515-73A9-4D40-825A-AAC8978FC47E}.Debug|x64.Build.0 = Debug|Any CPU
		{0C544515-73A9-4D40-825A-AAC8978FC47E}.Debug|x86.ActiveCfg = Debug|Any CPU
		{0C544515-73A9-4D40-825A-AAC8978FC47E}.Debug|x86.Build.0 = Debug|Any CPU
		{0C544515-73A9-4D40-825A-AAC8978FC47E}.Release|Any CPU.ActiveCfg = Release|Any CPU
		{0C544515-73A9-4D40-825A-AAC8978FC47E}.Release|Any CPU.Build.0 = Release|Any CPU
		{0C544515-73A9-4D40-825A-AAC8978FC47E}.Release|x64.ActiveCfg = Release|Any CPU
		{0C544515-73A9-4D40-825A-AAC8978FC47E}.Release|x64.Build.0 = Release|Any CPU
		{0C544515-73A9-4D40-825A-AAC8978FC47E}.Release|x86.ActiveCfg = Release|Any CPU
		{0C544515-73A9-4D40-825A-AAC8978FC47E}.Release|x86.Build.0 = Release|Any CPU
		{A0C25773-3A59-43A5-8BDE-167ACA24A43B}.Debug|Any CPU.ActiveCfg = Debug|Any CPU
		{A0C25773-3A59-43A5-8BDE-167ACA24A43B}.Debug|Any CPU.Build.0 = Debug|Any CPU
		{A0C25773-3A59-43A5-8BDE-167ACA24A43B}.Debug|x64.ActiveCfg = Debug|Any CPU
		{A0C25773-3A59-43A5-8BDE-167ACA24A43B}.Debug|x64.Build.0 = Debug|Any CPU
		{A0C25773-3A59-43A5-8BDE-167ACA24A43B}.Debug|x86.ActiveCfg = Debug|Any CPU
		{A0C25773-3A59-43A5-8BDE-167ACA24A43B}.Debug|x86.Build.0 = Debug|Any CPU
		{A0C25773-3A59-43A5-8BDE-167ACA24A43B}.Release|Any CPU.ActiveCfg = Release|Any CPU
		{A0C25773-3A59-43A5-8BDE-167ACA24A43B}.Release|Any CPU.Build.0 = Release|Any CPU
		{A0C25773-3A59-43A5-8BDE-167ACA24A43B}.Release|x64.ActiveCfg = Release|Any CPU
		{A0C25773-3A59-43A5-8BDE-167ACA24A43B}.Release|x64.Build.0 = Release|Any CPU
		{A0C25773-3A59-43A5-8BDE-167ACA24A43B}.Release|x86.ActiveCfg = Release|Any CPU
		{A0C25773-3A59-43A5-8BDE-167ACA24A43B}.Release|x86.Build.0 = Release|Any CPU
		{EE574715-9B86-4A89-8540-8E3D66D0E618}.Debug|Any CPU.ActiveCfg = Debug|Any CPU
		{EE574715-9B86-4A89-8540-8E3D66D0E618}.Debug|Any CPU.Build.0 = Debug|Any CPU
		{EE574715-9B86-4A89-8540-8E3D66D0E618}.Debug|x64.ActiveCfg = Debug|Any CPU
		{EE574715-9B86-4A89-8540-8E3D66D0E618}.Debug|x64.Build.0 = Debug|Any CPU
		{EE574715-9B86-4A89-8540-8E3D66D0E618}.Debug|x86.ActiveCfg = Debug|Any CPU
		{EE574715-9B86-4A89-8540-8E3D66D0E618}.Debug|x86.Build.0 = Debug|Any CPU
		{EE574715-9B86-4A89-8540-8E3D66D0E618}.Release|Any CPU.ActiveCfg = Release|Any CPU
		{EE574715-9B86-4A89-8540-8E3D66D0E618}.Release|Any CPU.Build.0 = Release|Any CPU
		{EE574715-9B86-4A89-8540-8E3D66D0E618}.Release|x64.ActiveCfg = Release|Any CPU
		{EE574715-9B86-4A89-8540-8E3D66D0E618}.Release|x64.Build.0 = Release|Any CPU
		{EE574715-9B86-4A89-8540-8E3D66D0E618}.Release|x86.ActiveCfg = Release|Any CPU
		{EE574715-9B86-4A89-8540-8E3D66D0E618}.Release|x86.Build.0 = Release|Any CPU
		{2850C2BA-3CE3-4514-B06D-B12AE8075E74}.Debug|Any CPU.ActiveCfg = Debug|Any CPU
		{2850C2BA-3CE3-4514-B06D-B12AE8075E74}.Debug|Any CPU.Build.0 = Debug|Any CPU
		{2850C2BA-3CE3-4514-B06D-B12AE8075E74}.Debug|x64.ActiveCfg = Debug|Any CPU
		{2850C2BA-3CE3-4514-B06D-B12AE8075E74}.Debug|x64.Build.0 = Debug|Any CPU
		{2850C2BA-3CE3-4514-B06D-B12AE8075E74}.Debug|x86.ActiveCfg = Debug|Any CPU
		{2850C2BA-3CE3-4514-B06D-B12AE8075E74}.Debug|x86.Build.0 = Debug|Any CPU
		{2850C2BA-3CE3-4514-B06D-B12AE8075E74}.Release|Any CPU.ActiveCfg = Release|Any CPU
		{2850C2BA-3CE3-4514-B06D-B12AE8075E74}.Release|Any CPU.Build.0 = Release|Any CPU
		{2850C2BA-3CE3-4514-B06D-B12AE8075E74}.Release|x64.ActiveCfg = Release|Any CPU
		{2850C2BA-3CE3-4514-B06D-B12AE8075E74}.Release|x64.Build.0 = Release|Any CPU
		{2850C2BA-3CE3-4514-B06D-B12AE8075E74}.Release|x86.ActiveCfg = Release|Any CPU
		{2850C2BA-3CE3-4514-B06D-B12AE8075E74}.Release|x86.Build.0 = Release|Any CPU
		{BDC39EE5-0F51-489D-A856-6076B3B9AE7C}.Debug|Any CPU.ActiveCfg = Debug|Any CPU
		{BDC39EE5-0F51-489D-A856-6076B3B9AE7C}.Debug|Any CPU.Build.0 = Debug|Any CPU
		{BDC39EE5-0F51-489D-A856-6076B3B9AE7C}.Debug|x64.ActiveCfg = Debug|Any CPU
		{BDC39EE5-0F51-489D-A856-6076B3B9AE7C}.Debug|x64.Build.0 = Debug|Any CPU
		{BDC39EE5-0F51-489D-A856-6076B3B9AE7C}.Debug|x86.ActiveCfg = Debug|Any CPU
		{BDC39EE5-0F51-489D-A856-6076B3B9AE7C}.Debug|x86.Build.0 = Debug|Any CPU
		{BDC39EE5-0F51-489D-A856-6076B3B9AE7C}.Release|Any CPU.ActiveCfg = Release|Any CPU
		{BDC39EE5-0F51-489D-A856-6076B3B9AE7C}.Release|Any CPU.Build.0 = Release|Any CPU
		{BDC39EE5-0F51-489D-A856-6076B3B9AE7C}.Release|x64.ActiveCfg = Release|Any CPU
		{BDC39EE5-0F51-489D-A856-6076B3B9AE7C}.Release|x64.Build.0 = Release|Any CPU
		{BDC39EE5-0F51-489D-A856-6076B3B9AE7C}.Release|x86.ActiveCfg = Release|Any CPU
		{BDC39EE5-0F51-489D-A856-6076B3B9AE7C}.Release|x86.Build.0 = Release|Any CPU
		{6FA8C41E-2BDF-4FF7-8964-E6136DE9E033}.Debug|Any CPU.ActiveCfg = Debug|Any CPU
		{6FA8C41E-2BDF-4FF7-8964-E6136DE9E033}.Debug|Any CPU.Build.0 = Debug|Any CPU
		{6FA8C41E-2BDF-4FF7-8964-E6136DE9E033}.Debug|x64.ActiveCfg = Debug|Any CPU
		{6FA8C41E-2BDF-4FF7-8964-E6136DE9E033}.Debug|x64.Build.0 = Debug|Any CPU
		{6FA8C41E-2BDF-4FF7-8964-E6136DE9E033}.Debug|x86.ActiveCfg = Debug|Any CPU
		{6FA8C41E-2BDF-4FF7-8964-E6136DE9E033}.Debug|x86.Build.0 = Debug|Any CPU
		{6FA8C41E-2BDF-4FF7-8964-E6136DE9E033}.Release|Any CPU.ActiveCfg = Release|Any CPU
		{6FA8C41E-2BDF-4FF7-8964-E6136DE9E033}.Release|Any CPU.Build.0 = Release|Any CPU
		{6FA8C41E-2BDF-4FF7-8964-E6136DE9E033}.Release|x64.ActiveCfg = Release|Any CPU
		{6FA8C41E-2BDF-4FF7-8964-E6136DE9E033}.Release|x64.Build.0 = Release|Any CPU
		{6FA8C41E-2BDF-4FF7-8964-E6136DE9E033}.Release|x86.ActiveCfg = Release|Any CPU
		{6FA8C41E-2BDF-4FF7-8964-E6136DE9E033}.Release|x86.Build.0 = Release|Any CPU
		{BA242AD5-9375-4D7B-AEB4-1978C8B5418A}.Debug|Any CPU.ActiveCfg = Debug|Any CPU
		{BA242AD5-9375-4D7B-AEB4-1978C8B5418A}.Debug|Any CPU.Build.0 = Debug|Any CPU
		{BA242AD5-9375-4D7B-AEB4-1978C8B5418A}.Debug|x64.ActiveCfg = Debug|Any CPU
		{BA242AD5-9375-4D7B-AEB4-1978C8B5418A}.Debug|x64.Build.0 = Debug|Any CPU
		{BA242AD5-9375-4D7B-AEB4-1978C8B5418A}.Debug|x86.ActiveCfg = Debug|Any CPU
		{BA242AD5-9375-4D7B-AEB4-1978C8B5418A}.Debug|x86.Build.0 = Debug|Any CPU
		{BA242AD5-9375-4D7B-AEB4-1978C8B5418A}.Release|Any CPU.ActiveCfg = Release|Any CPU
		{BA242AD5-9375-4D7B-AEB4-1978C8B5418A}.Release|Any CPU.Build.0 = Release|Any CPU
		{BA242AD5-9375-4D7B-AEB4-1978C8B5418A}.Release|x64.ActiveCfg = Release|Any CPU
		{BA242AD5-9375-4D7B-AEB4-1978C8B5418A}.Release|x64.Build.0 = Release|Any CPU
		{BA242AD5-9375-4D7B-AEB4-1978C8B5418A}.Release|x86.ActiveCfg = Release|Any CPU
		{BA242AD5-9375-4D7B-AEB4-1978C8B5418A}.Release|x86.Build.0 = Release|Any CPU
	EndGlobalSection
	GlobalSection(SolutionProperties) = preSolution
		HideSolutionNode = FALSE
	EndGlobalSection
	GlobalSection(NestedProjects) = preSolution
		{EF87FD1A-BC92-46E0-AC7F-927F204855BE} = {5A91D815-07DA-4C74-AF91-3FBE7F60FC65}
		{65B84293-F737-4AED-904C-083216E28A90} = {5A91D815-07DA-4C74-AF91-3FBE7F60FC65}
		{7BD1FBF4-DACD-4446-A921-27C2E6EDD8E2} = {5A91D815-07DA-4C74-AF91-3FBE7F60FC65}
		{B29CCB71-B982-46B2-B41E-A58119B738C6} = {5A91D815-07DA-4C74-AF91-3FBE7F60FC65}
		{0C544515-73A9-4D40-825A-AAC8978FC47E} = {5A91D815-07DA-4C74-AF91-3FBE7F60FC65}
		{A0C25773-3A59-43A5-8BDE-167ACA24A43B} = {5A91D815-07DA-4C74-AF91-3FBE7F60FC65}
		{EE574715-9B86-4A89-8540-8E3D66D0E618} = {5A91D815-07DA-4C74-AF91-3FBE7F60FC65}
		{2850C2BA-3CE3-4514-B06D-B12AE8075E74} = {5A91D815-07DA-4C74-AF91-3FBE7F60FC65}
		{BDC39EE5-0F51-489D-A856-6076B3B9AE7C} = {5A91D815-07DA-4C74-AF91-3FBE7F60FC65}
	EndGlobalSection
	GlobalSection(ExtensibilityGlobals) = postSolution
		SolutionGuid = {E35016F2-1B40-4448-A219-C709F3B5D157}
	EndGlobalSection
EndGlobal
