
Microsoft Visual Studio Solution File, Format Version 12.00
# Visual Studio 15
VisualStudioVersion = 15.0.26124.0
MinimumVisualStudioVersion = 15.0.26124.0
Project("{9A19103F-16F7-4668-BE54-9A1E7A4F7556}") = "R5T.Liverpool.Construction", "R5T.Liverpool.Construction\R5T.Liverpool.Construction.csproj", "{608FD24F-72D9-42A5-AA21-45F039A39B2D}"
EndProject
Project("{9A19103F-16F7-4668-BE54-9A1E7A4F7556}") = "R5T.Liverpool", "R5T.Liverpool\R5T.Liverpool.csproj", "{1DDA0A1A-9853-4A2A-BBB6-051D8533F7DF}"
EndProject
Project("{2150E333-8FDC-42A3-9474-1A3956D46DE8}") = "_Dependencies", "_Dependencies", "{5A91D815-07DA-4C74-AF91-3FBE7F60FC65}"
EndProject
Project("{9A19103F-16F7-4668-BE54-9A1E7A4F7556}") = "R5T.Dacia", "..\..\R5T.Dacia\source\R5T.Dacia\R5T.Dacia.csproj", "{EF87FD1A-BC92-46E0-AC7F-927F204855BE}"
EndProject
Project("{9A19103F-16F7-4668-BE54-9A1E7A4F7556}") = "R5T.Chamavia", "..\..\R5T.Chamavia\source\R5T.Chamavia\R5T.Chamavia.csproj", "{65B84293-F737-4AED-904C-083216E28A90}"
EndProject
Project("{9A19103F-16F7-4668-BE54-9A1E7A4F7556}") = "R5T.Chamavia.Extensions", "..\..\R5T.Chamavia.Extensions\source\R5T.Chamavia.Extensions\R5T.Chamavia.Extensions.csproj", "{7BD1FBF4-DACD-4446-A921-27C2E6EDD8E2}"
EndProject
Project("{9A19103F-16F7-4668-BE54-9A1E7A4F7556}") = "R5T.Liverpool.Abstractions", "R5T.Liverpool.Abstractions\R5T.Liverpool.Abstractions.csproj", "{9E50A8D0-F614-411D-B747-C9CE02F42045}"
EndProject
Project("{9A19103F-16F7-4668-BE54-9A1E7A4F7556}") = "R5T.Liverpool.Types", "R5T.Liverpool.Types\R5T.Liverpool.Types.csproj", "{6F83E3C8-EFD9-4815-9EF4-4CFDC2A625CC}"
EndProject
Project("{9A19103F-16F7-4668-BE54-9A1E7A4F7556}") = "R5T.Liverpool.ServiceProvider", "R5T.Liverpool.ServiceProvider\R5T.Liverpool.ServiceProvider.csproj", "{CE160140-9349-4A59-A110-C03512E5D808}"
EndProject
Project("{9A19103F-16F7-4668-BE54-9A1E7A4F7556}") = "R5T.Richmond.Abstractions", "..\..\R5T.Richmond.Abstractions\source\R5T.Richmond.Abstractions\R5T.Richmond.Abstractions.csproj", "{B29CCB71-B982-46B2-B41E-A58119B738C6}"
EndProject
Project("{9A19103F-16F7-4668-BE54-9A1E7A4F7556}") = "R5T.Liverpool.Startup", "R5T.Liverpool.Startup\R5T.Liverpool.Startup.csproj", "{47DDB83B-0490-40AE-90B6-9A666B74E87B}"
EndProject
Project("{9A19103F-16F7-4668-BE54-9A1E7A4F7556}") = "R5T.Richmond.Types", "..\..\R5T.Richmond.Types\source\R5T.Richmond.Types\R5T.Richmond.Types.csproj", "{0C544515-73A9-4D40-825A-AAC8978FC47E}"
EndProject
Project("{9A19103F-16F7-4668-BE54-9A1E7A4F7556}") = "R5T.Langobard", "..\..\R5T.Langobard\source\R5T.Langobard\R5T.Langobard.csproj", "{A0C25773-3A59-43A5-8BDE-167ACA24A43B}"
EndProject
Project("{9A19103F-16F7-4668-BE54-9A1E7A4F7556}") = "R5T.Exeter", "..\..\R5T.Exeter\source\R5T.Exeter\R5T.Exeter.csproj", "{EE574715-9B86-4A89-8540-8E3D66D0E618}"
EndProject
Project("{9A19103F-16F7-4668-BE54-9A1E7A4F7556}") = "R5T.Dacia.Extensions", "..\..\R5T.Dacia.Extensions\source\R5T.Dacia.Extensions\R5T.Dacia.Extensions.csproj", "{2850C2BA-3CE3-4514-B06D-B12AE8075E74}"
EndProject
Project("{9A19103F-16F7-4668-BE54-9A1E7A4F7556}") = "R5T.Langobard.Extensions", "..\..\R5T.Langobard.Extensions\source\R5T.Langobard.Extensions\R5T.Langobard.Extensions.csproj", "{BDC39EE5-0F51-489D-A856-6076B3B9AE7C}"
EndProject
Project("{9A19103F-16F7-4668-BE54-9A1E7A4F7556}") = "R5T.Liverpool.Startup.Core", "R5T.Liverpool.Startup.Core\R5T.Liverpool.Startup.Core.csproj", "{6FA8C41E-2BDF-4FF7-8964-E6136DE9E033}"
EndProject
Project("{9A19103F-16F7-4668-BE54-9A1E7A4F7556}") = "R5T.Liverpool.ServiceProvider.Types", "R5T.Liverpool.ServiceProvider.Types\R5T.Liverpool.ServiceProvider.Types.csproj", "{BA242AD5-9375-4D7B-AEB4-1978C8B5418A}"
EndProject
Project("{9A19103F-16F7-4668-BE54-9A1E7A4F7556}") = "R5T.Harstad", "..\..\R5T.Harstad\source\R5T.Harstad\R5T.Harstad.csproj", "{5955D3BB-6534-4D2C-BE2F-40963D8C96EF}"
EndProject
Project("{9A19103F-16F7-4668-BE54-9A1E7A4F7556}") = "R5T.Liverpool.Host.Types", "R5T.Liverpool.Host.Types\R5T.Liverpool.Host.Types.csproj", "{A5CB13AC-7692-4923-AC87-89C14D3CADD7}"
EndProject
Project("{9A19103F-16F7-4668-BE54-9A1E7A4F7556}") = "R5T.Liverpool.Host", "R5T.Liverpool.Host\R5T.Liverpool.Host.csproj", "{DA670D05-42A9-4312-A826-08FE680BA049}"
EndProject
Project("{9A19103F-16F7-4668-BE54-9A1E7A4F7556}") = "R5T.Liverpool.WebHost.Types", "R5T.Liverpool.WebHost.Types\R5T.Liverpool.WebHost.Types.csproj", "{41E0B3E5-D555-463C-9E84-90D8B1EE94A2}"
EndProject
Project("{9A19103F-16F7-4668-BE54-9A1E7A4F7556}") = "R5T.Herulia", "..\..\R5T.Herulia\source\R5T.Herulia\R5T.Herulia.csproj", "{4533C9B8-C8AB-46FA-A03D-BB1B018642BE}"
EndProject
Project("{9A19103F-16F7-4668-BE54-9A1E7A4F7556}") = "R5T.Liverpool.WebHost", "R5T.Liverpool.WebHost\R5T.Liverpool.WebHost.csproj", "{BF552633-3F2F-4212-9EF2-633EBDB81C71}"
EndProject
Project("{9A19103F-16F7-4668-BE54-9A1E7A4F7556}") = "R5T.Liverpool.Web", "R5T.Liverpool.Web\R5T.Liverpool.Web.csproj", "{2257C238-2DCF-475B-A1FF-C921E81D4851}"
EndProject
Project("{9A19103F-16F7-4668-BE54-9A1E7A4F7556}") = "R5T.Liverpool.Web.Abstractions", "R5T.Liverpool.Web.Abstractions\R5T.Liverpool.Web.Abstractions.csproj", "{115E4C4F-A7C6-49A2-A137-12F1DB1D4B21}"
EndProject
Project("{9A19103F-16F7-4668-BE54-9A1E7A4F7556}") = "R5T.Liverpool.Web.Types", "R5T.Liverpool.Web.Types\R5T.Liverpool.Web.Types.csproj", "{9E724098-6C63-4BB7-99C3-D0E42E35781D}"
EndProject
Project("{9A19103F-16F7-4668-BE54-9A1E7A4F7556}") = "R5T.Dover.Abstractions", "..\..\R5T.Dover.Abstractions\source\R5T.Dover.Abstractions\R5T.Dover.Abstractions.csproj", "{25A0F12B-B2E5-4F28-8D04-DAC40D74A8CC}"
EndProject
Project("{9A19103F-16F7-4668-BE54-9A1E7A4F7556}") = "R5T.Liverpool.Web.Startup.Core", "R5T.Liverpool.Web.Startup.Core\R5T.Liverpool.Web.Startup.Core.csproj", "{A0181B7F-606C-4A21-B4E5-0D26F5D078B8}"
EndProject
Project("{9A19103F-16F7-4668-BE54-9A1E7A4F7556}") = "R5T.Liverpool.Web.Startup", "R5T.Liverpool.Web.Startup\R5T.Liverpool.Web.Startup.csproj", "{CF7F961E-EC92-4AA3-9B50-39A1186C47C2}"
EndProject
Project("{9A19103F-16F7-4668-BE54-9A1E7A4F7556}") = "R5T.Dover.Types", "..\..\R5T.Dover.Types\source\R5T.Dover.Types\R5T.Dover.Types.csproj", "{E901C17E-9580-4510-BBAC-453E502903D3}"
EndProject
Project("{9A19103F-16F7-4668-BE54-9A1E7A4F7556}") = "R5T.Venetia", "..\..\R5T.Venetia\source\R5T.Venetia\R5T.Venetia.csproj", "{F0389705-5E12-44A8-956B-1ED39F6A74C7}"
EndProject
Project("{9A19103F-16F7-4668-BE54-9A1E7A4F7556}") = "R5T.Liverpool.DesignTimeDbContextFactory.Types", "R5T.Liverpool.DesignTimeDbContextFactory.Types\R5T.Liverpool.DesignTimeDbContextFactory.Types.csproj", "{1075BA17-3907-46C5-975C-D3C1A25B9F6F}"
EndProject
Project("{9A19103F-16F7-4668-BE54-9A1E7A4F7556}") = "R5T.Venetia.Extensions", "..\..\R5T.Venetia.Extensions\source\R5T.Venetia.Extensions\R5T.Venetia.Extensions.csproj", "{0CB973B9-866F-4910-A0F0-AFA50E0F2169}"
EndProject
Project("{9A19103F-16F7-4668-BE54-9A1E7A4F7556}") = "R5T.Lincoln.Base", "..\..\R5T.Lincoln.Base\source\R5T.Lincoln.Base\R5T.Lincoln.Base.csproj", "{625A140F-33CB-4ACB-BABB-38F3F3E9CA88}"
EndProject
Project("{9A19103F-16F7-4668-BE54-9A1E7A4F7556}") = "R5T.Magyar", "..\..\R5T.Magyar\source\R5T.Magyar\R5T.Magyar.csproj", "{BA7D5F3B-B021-4FE1-9541-EA3A96281E77}"
EndProject
Project("{FAE04EC0-301F-11D3-BF4B-00C04F79EFBC}") = "R5T.Liverpool.HostedProgramService", "R5T.Liverpool.HostedProgramService\R5T.Liverpool.HostedProgramService.csproj", "{B0C47BFD-476D-45DE-A39B-1123D6838563}"
EndProject
Project("{FAE04EC0-301F-11D3-BF4B-00C04F79EFBC}") = "R5T.Liverpool.Database", "R5T.Liverpool.Database\R5T.Liverpool.Database.csproj", "{E1E77A5B-ECEA-4401-8F90-083904200601}"
EndProject
Project("{FAE04EC0-301F-11D3-BF4B-00C04F79EFBC}") = "R5T.Liverpool.Database.Migrations", "R5T.Liverpool.Database.Migrations\R5T.Liverpool.Database.Migrations.csproj", "{76C8F00B-ADCF-4410-AF68-838EC0B723F9}"
EndProject
Global
	GlobalSection(SolutionConfigurationPlatforms) = preSolution
		Debug|Any CPU = Debug|Any CPU
		Debug|x64 = Debug|x64
		Debug|x86 = Debug|x86
		Release|Any CPU = Release|Any CPU
		Release|x64 = Release|x64
		Release|x86 = Release|x86
	EndGlobalSection
	GlobalSection(ProjectConfigurationPlatforms) = postSolution
		{608FD24F-72D9-42A5-AA21-45F039A39B2D}.Debug|Any CPU.ActiveCfg = Debug|Any CPU
		{608FD24F-72D9-42A5-AA21-45F039A39B2D}.Debug|Any CPU.Build.0 = Debug|Any CPU
		{608FD24F-72D9-42A5-AA21-45F039A39B2D}.Debug|x64.ActiveCfg = Debug|Any CPU
		{608FD24F-72D9-42A5-AA21-45F039A39B2D}.Debug|x64.Build.0 = Debug|Any CPU
		{608FD24F-72D9-42A5-AA21-45F039A39B2D}.Debug|x86.ActiveCfg = Debug|Any CPU
		{608FD24F-72D9-42A5-AA21-45F039A39B2D}.Debug|x86.Build.0 = Debug|Any CPU
		{608FD24F-72D9-42A5-AA21-45F039A39B2D}.Release|Any CPU.ActiveCfg = Release|Any CPU
		{608FD24F-72D9-42A5-AA21-45F039A39B2D}.Release|Any CPU.Build.0 = Release|Any CPU
		{608FD24F-72D9-42A5-AA21-45F039A39B2D}.Release|x64.ActiveCfg = Release|Any CPU
		{608FD24F-72D9-42A5-AA21-45F039A39B2D}.Release|x64.Build.0 = Release|Any CPU
		{608FD24F-72D9-42A5-AA21-45F039A39B2D}.Release|x86.ActiveCfg = Release|Any CPU
		{608FD24F-72D9-42A5-AA21-45F039A39B2D}.Release|x86.Build.0 = Release|Any CPU
		{1DDA0A1A-9853-4A2A-BBB6-051D8533F7DF}.Debug|Any CPU.ActiveCfg = Debug|Any CPU
		{1DDA0A1A-9853-4A2A-BBB6-051D8533F7DF}.Debug|Any CPU.Build.0 = Debug|Any CPU
		{1DDA0A1A-9853-4A2A-BBB6-051D8533F7DF}.Debug|x64.ActiveCfg = Debug|Any CPU
		{1DDA0A1A-9853-4A2A-BBB6-051D8533F7DF}.Debug|x64.Build.0 = Debug|Any CPU
		{1DDA0A1A-9853-4A2A-BBB6-051D8533F7DF}.Debug|x86.ActiveCfg = Debug|Any CPU
		{1DDA0A1A-9853-4A2A-BBB6-051D8533F7DF}.Debug|x86.Build.0 = Debug|Any CPU
		{1DDA0A1A-9853-4A2A-BBB6-051D8533F7DF}.Release|Any CPU.ActiveCfg = Release|Any CPU
		{1DDA0A1A-9853-4A2A-BBB6-051D8533F7DF}.Release|Any CPU.Build.0 = Release|Any CPU
		{1DDA0A1A-9853-4A2A-BBB6-051D8533F7DF}.Release|x64.ActiveCfg = Release|Any CPU
		{1DDA0A1A-9853-4A2A-BBB6-051D8533F7DF}.Release|x64.Build.0 = Release|Any CPU
		{1DDA0A1A-9853-4A2A-BBB6-051D8533F7DF}.Release|x86.ActiveCfg = Release|Any CPU
		{1DDA0A1A-9853-4A2A-BBB6-051D8533F7DF}.Release|x86.Build.0 = Release|Any CPU
		{EF87FD1A-BC92-46E0-AC7F-927F204855BE}.Debug|Any CPU.ActiveCfg = Debug|Any CPU
		{EF87FD1A-BC92-46E0-AC7F-927F204855BE}.Debug|Any CPU.Build.0 = Debug|Any CPU
		{EF87FD1A-BC92-46E0-AC7F-927F204855BE}.Debug|x64.ActiveCfg = Debug|Any CPU
		{EF87FD1A-BC92-46E0-AC7F-927F204855BE}.Debug|x64.Build.0 = Debug|Any CPU
		{EF87FD1A-BC92-46E0-AC7F-927F204855BE}.Debug|x86.ActiveCfg = Debug|Any CPU
		{EF87FD1A-BC92-46E0-AC7F-927F204855BE}.Debug|x86.Build.0 = Debug|Any CPU
		{EF87FD1A-BC92-46E0-AC7F-927F204855BE}.Release|Any CPU.ActiveCfg = Release|Any CPU
		{EF87FD1A-BC92-46E0-AC7F-927F204855BE}.Release|Any CPU.Build.0 = Release|Any CPU
		{EF87FD1A-BC92-46E0-AC7F-927F204855BE}.Release|x64.ActiveCfg = Release|Any CPU
		{EF87FD1A-BC92-46E0-AC7F-927F204855BE}.Release|x64.Build.0 = Release|Any CPU
		{EF87FD1A-BC92-46E0-AC7F-927F204855BE}.Release|x86.ActiveCfg = Release|Any CPU
		{EF87FD1A-BC92-46E0-AC7F-927F204855BE}.Release|x86.Build.0 = Release|Any CPU
		{65B84293-F737-4AED-904C-083216E28A90}.Debug|Any CPU.ActiveCfg = Debug|Any CPU
		{65B84293-F737-4AED-904C-083216E28A90}.Debug|Any CPU.Build.0 = Debug|Any CPU
		{65B84293-F737-4AED-904C-083216E28A90}.Debug|x64.ActiveCfg = Debug|Any CPU
		{65B84293-F737-4AED-904C-083216E28A90}.Debug|x64.Build.0 = Debug|Any CPU
		{65B84293-F737-4AED-904C-083216E28A90}.Debug|x86.ActiveCfg = Debug|Any CPU
		{65B84293-F737-4AED-904C-083216E28A90}.Debug|x86.Build.0 = Debug|Any CPU
		{65B84293-F737-4AED-904C-083216E28A90}.Release|Any CPU.ActiveCfg = Release|Any CPU
		{65B84293-F737-4AED-904C-083216E28A90}.Release|Any CPU.Build.0 = Release|Any CPU
		{65B84293-F737-4AED-904C-083216E28A90}.Release|x64.ActiveCfg = Release|Any CPU
		{65B84293-F737-4AED-904C-083216E28A90}.Release|x64.Build.0 = Release|Any CPU
		{65B84293-F737-4AED-904C-083216E28A90}.Release|x86.ActiveCfg = Release|Any CPU
		{65B84293-F737-4AED-904C-083216E28A90}.Release|x86.Build.0 = Release|Any CPU
		{7BD1FBF4-DACD-4446-A921-27C2E6EDD8E2}.Debug|Any CPU.ActiveCfg = Debug|Any CPU
		{7BD1FBF4-DACD-4446-A921-27C2E6EDD8E2}.Debug|Any CPU.Build.0 = Debug|Any CPU
		{7BD1FBF4-DACD-4446-A921-27C2E6EDD8E2}.Debug|x64.ActiveCfg = Debug|Any CPU
		{7BD1FBF4-DACD-4446-A921-27C2E6EDD8E2}.Debug|x64.Build.0 = Debug|Any CPU
		{7BD1FBF4-DACD-4446-A921-27C2E6EDD8E2}.Debug|x86.ActiveCfg = Debug|Any CPU
		{7BD1FBF4-DACD-4446-A921-27C2E6EDD8E2}.Debug|x86.Build.0 = Debug|Any CPU
		{7BD1FBF4-DACD-4446-A921-27C2E6EDD8E2}.Release|Any CPU.ActiveCfg = Release|Any CPU
		{7BD1FBF4-DACD-4446-A921-27C2E6EDD8E2}.Release|Any CPU.Build.0 = Release|Any CPU
		{7BD1FBF4-DACD-4446-A921-27C2E6EDD8E2}.Release|x64.ActiveCfg = Release|Any CPU
		{7BD1FBF4-DACD-4446-A921-27C2E6EDD8E2}.Release|x64.Build.0 = Release|Any CPU
		{7BD1FBF4-DACD-4446-A921-27C2E6EDD8E2}.Release|x86.ActiveCfg = Release|Any CPU
		{7BD1FBF4-DACD-4446-A921-27C2E6EDD8E2}.Release|x86.Build.0 = Release|Any CPU
		{9E50A8D0-F614-411D-B747-C9CE02F42045}.Debug|Any CPU.ActiveCfg = Debug|Any CPU
		{9E50A8D0-F614-411D-B747-C9CE02F42045}.Debug|Any CPU.Build.0 = Debug|Any CPU
		{9E50A8D0-F614-411D-B747-C9CE02F42045}.Debug|x64.ActiveCfg = Debug|Any CPU
		{9E50A8D0-F614-411D-B747-C9CE02F42045}.Debug|x64.Build.0 = Debug|Any CPU
		{9E50A8D0-F614-411D-B747-C9CE02F42045}.Debug|x86.ActiveCfg = Debug|Any CPU
		{9E50A8D0-F614-411D-B747-C9CE02F42045}.Debug|x86.Build.0 = Debug|Any CPU
		{9E50A8D0-F614-411D-B747-C9CE02F42045}.Release|Any CPU.ActiveCfg = Release|Any CPU
		{9E50A8D0-F614-411D-B747-C9CE02F42045}.Release|Any CPU.Build.0 = Release|Any CPU
		{9E50A8D0-F614-411D-B747-C9CE02F42045}.Release|x64.ActiveCfg = Release|Any CPU
		{9E50A8D0-F614-411D-B747-C9CE02F42045}.Release|x64.Build.0 = Release|Any CPU
		{9E50A8D0-F614-411D-B747-C9CE02F42045}.Release|x86.ActiveCfg = Release|Any CPU
		{9E50A8D0-F614-411D-B747-C9CE02F42045}.Release|x86.Build.0 = Release|Any CPU
		{6F83E3C8-EFD9-4815-9EF4-4CFDC2A625CC}.Debug|Any CPU.ActiveCfg = Debug|Any CPU
		{6F83E3C8-EFD9-4815-9EF4-4CFDC2A625CC}.Debug|Any CPU.Build.0 = Debug|Any CPU
		{6F83E3C8-EFD9-4815-9EF4-4CFDC2A625CC}.Debug|x64.ActiveCfg = Debug|Any CPU
		{6F83E3C8-EFD9-4815-9EF4-4CFDC2A625CC}.Debug|x64.Build.0 = Debug|Any CPU
		{6F83E3C8-EFD9-4815-9EF4-4CFDC2A625CC}.Debug|x86.ActiveCfg = Debug|Any CPU
		{6F83E3C8-EFD9-4815-9EF4-4CFDC2A625CC}.Debug|x86.Build.0 = Debug|Any CPU
		{6F83E3C8-EFD9-4815-9EF4-4CFDC2A625CC}.Release|Any CPU.ActiveCfg = Release|Any CPU
		{6F83E3C8-EFD9-4815-9EF4-4CFDC2A625CC}.Release|Any CPU.Build.0 = Release|Any CPU
		{6F83E3C8-EFD9-4815-9EF4-4CFDC2A625CC}.Release|x64.ActiveCfg = Release|Any CPU
		{6F83E3C8-EFD9-4815-9EF4-4CFDC2A625CC}.Release|x64.Build.0 = Release|Any CPU
		{6F83E3C8-EFD9-4815-9EF4-4CFDC2A625CC}.Release|x86.ActiveCfg = Release|Any CPU
		{6F83E3C8-EFD9-4815-9EF4-4CFDC2A625CC}.Release|x86.Build.0 = Release|Any CPU
		{CE160140-9349-4A59-A110-C03512E5D808}.Debug|Any CPU.ActiveCfg = Debug|Any CPU
		{CE160140-9349-4A59-A110-C03512E5D808}.Debug|Any CPU.Build.0 = Debug|Any CPU
		{CE160140-9349-4A59-A110-C03512E5D808}.Debug|x64.ActiveCfg = Debug|Any CPU
		{CE160140-9349-4A59-A110-C03512E5D808}.Debug|x64.Build.0 = Debug|Any CPU
		{CE160140-9349-4A59-A110-C03512E5D808}.Debug|x86.ActiveCfg = Debug|Any CPU
		{CE160140-9349-4A59-A110-C03512E5D808}.Debug|x86.Build.0 = Debug|Any CPU
		{CE160140-9349-4A59-A110-C03512E5D808}.Release|Any CPU.ActiveCfg = Release|Any CPU
		{CE160140-9349-4A59-A110-C03512E5D808}.Release|Any CPU.Build.0 = Release|Any CPU
		{CE160140-9349-4A59-A110-C03512E5D808}.Release|x64.ActiveCfg = Release|Any CPU
		{CE160140-9349-4A59-A110-C03512E5D808}.Release|x64.Build.0 = Release|Any CPU
		{CE160140-9349-4A59-A110-C03512E5D808}.Release|x86.ActiveCfg = Release|Any CPU
		{CE160140-9349-4A59-A110-C03512E5D808}.Release|x86.Build.0 = Release|Any CPU
		{B29CCB71-B982-46B2-B41E-A58119B738C6}.Debug|Any CPU.ActiveCfg = Debug|Any CPU
		{B29CCB71-B982-46B2-B41E-A58119B738C6}.Debug|Any CPU.Build.0 = Debug|Any CPU
		{B29CCB71-B982-46B2-B41E-A58119B738C6}.Debug|x64.ActiveCfg = Debug|Any CPU
		{B29CCB71-B982-46B2-B41E-A58119B738C6}.Debug|x64.Build.0 = Debug|Any CPU
		{B29CCB71-B982-46B2-B41E-A58119B738C6}.Debug|x86.ActiveCfg = Debug|Any CPU
		{B29CCB71-B982-46B2-B41E-A58119B738C6}.Debug|x86.Build.0 = Debug|Any CPU
		{B29CCB71-B982-46B2-B41E-A58119B738C6}.Release|Any CPU.ActiveCfg = Release|Any CPU
		{B29CCB71-B982-46B2-B41E-A58119B738C6}.Release|Any CPU.Build.0 = Release|Any CPU
		{B29CCB71-B982-46B2-B41E-A58119B738C6}.Release|x64.ActiveCfg = Release|Any CPU
		{B29CCB71-B982-46B2-B41E-A58119B738C6}.Release|x64.Build.0 = Release|Any CPU
		{B29CCB71-B982-46B2-B41E-A58119B738C6}.Release|x86.ActiveCfg = Release|Any CPU
		{B29CCB71-B982-46B2-B41E-A58119B738C6}.Release|x86.Build.0 = Release|Any CPU
		{47DDB83B-0490-40AE-90B6-9A666B74E87B}.Debug|Any CPU.ActiveCfg = Debug|Any CPU
		{47DDB83B-0490-40AE-90B6-9A666B74E87B}.Debug|Any CPU.Build.0 = Debug|Any CPU
		{47DDB83B-0490-40AE-90B6-9A666B74E87B}.Debug|x64.ActiveCfg = Debug|Any CPU
		{47DDB83B-0490-40AE-90B6-9A666B74E87B}.Debug|x64.Build.0 = Debug|Any CPU
		{47DDB83B-0490-40AE-90B6-9A666B74E87B}.Debug|x86.ActiveCfg = Debug|Any CPU
		{47DDB83B-0490-40AE-90B6-9A666B74E87B}.Debug|x86.Build.0 = Debug|Any CPU
		{47DDB83B-0490-40AE-90B6-9A666B74E87B}.Release|Any CPU.ActiveCfg = Release|Any CPU
		{47DDB83B-0490-40AE-90B6-9A666B74E87B}.Release|Any CPU.Build.0 = Release|Any CPU
		{47DDB83B-0490-40AE-90B6-9A666B74E87B}.Release|x64.ActiveCfg = Release|Any CPU
		{47DDB83B-0490-40AE-90B6-9A666B74E87B}.Release|x64.Build.0 = Release|Any CPU
		{47DDB83B-0490-40AE-90B6-9A666B74E87B}.Release|x86.ActiveCfg = Release|Any CPU
		{47DDB83B-0490-40AE-90B6-9A666B74E87B}.Release|x86.Build.0 = Release|Any CPU
		{0C544515-73A9-4D40-825A-AAC8978FC47E}.Debug|Any CPU.ActiveCfg = Debug|Any CPU
		{0C544515-73A9-4D40-825A-AAC8978FC47E}.Debug|Any CPU.Build.0 = Debug|Any CPU
		{0C544515-73A9-4D40-825A-AAC8978FC47E}.Debug|x64.ActiveCfg = Debug|Any CPU
		{0C544515-73A9-4D40-825A-AAC8978FC47E}.Debug|x64.Build.0 = Debug|Any CPU
		{0C544515-73A9-4D40-825A-AAC8978FC47E}.Debug|x86.ActiveCfg = Debug|Any CPU
		{0C544515-73A9-4D40-825A-AAC8978FC47E}.Debug|x86.Build.0 = Debug|Any CPU
		{0C544515-73A9-4D40-825A-AAC8978FC47E}.Release|Any CPU.ActiveCfg = Release|Any CPU
		{0C544515-73A9-4D40-825A-AAC8978FC47E}.Release|Any CPU.Build.0 = Release|Any CPU
		{0C544515-73A9-4D40-825A-AAC8978FC47E}.Release|x64.ActiveCfg = Release|Any CPU
		{0C544515-73A9-4D40-825A-AAC8978FC47E}.Release|x64.Build.0 = Release|Any CPU
		{0C544515-73A9-4D40-825A-AAC8978FC47E}.Release|x86.ActiveCfg = Release|Any CPU
		{0C544515-73A9-4D40-825A-AAC8978FC47E}.Release|x86.Build.0 = Release|Any CPU
		{A0C25773-3A59-43A5-8BDE-167ACA24A43B}.Debug|Any CPU.ActiveCfg = Debug|Any CPU
		{A0C25773-3A59-43A5-8BDE-167ACA24A43B}.Debug|Any CPU.Build.0 = Debug|Any CPU
		{A0C25773-3A59-43A5-8BDE-167ACA24A43B}.Debug|x64.ActiveCfg = Debug|Any CPU
		{A0C25773-3A59-43A5-8BDE-167ACA24A43B}.Debug|x64.Build.0 = Debug|Any CPU
		{A0C25773-3A59-43A5-8BDE-167ACA24A43B}.Debug|x86.ActiveCfg = Debug|Any CPU
		{A0C25773-3A59-43A5-8BDE-167ACA24A43B}.Debug|x86.Build.0 = Debug|Any CPU
		{A0C25773-3A59-43A5-8BDE-167ACA24A43B}.Release|Any CPU.ActiveCfg = Release|Any CPU
		{A0C25773-3A59-43A5-8BDE-167ACA24A43B}.Release|Any CPU.Build.0 = Release|Any CPU
		{A0C25773-3A59-43A5-8BDE-167ACA24A43B}.Release|x64.ActiveCfg = Release|Any CPU
		{A0C25773-3A59-43A5-8BDE-167ACA24A43B}.Release|x64.Build.0 = Release|Any CPU
		{A0C25773-3A59-43A5-8BDE-167ACA24A43B}.Release|x86.ActiveCfg = Release|Any CPU
		{A0C25773-3A59-43A5-8BDE-167ACA24A43B}.Release|x86.Build.0 = Release|Any CPU
		{EE574715-9B86-4A89-8540-8E3D66D0E618}.Debug|Any CPU.ActiveCfg = Debug|Any CPU
		{EE574715-9B86-4A89-8540-8E3D66D0E618}.Debug|Any CPU.Build.0 = Debug|Any CPU
		{EE574715-9B86-4A89-8540-8E3D66D0E618}.Debug|x64.ActiveCfg = Debug|Any CPU
		{EE574715-9B86-4A89-8540-8E3D66D0E618}.Debug|x64.Build.0 = Debug|Any CPU
		{EE574715-9B86-4A89-8540-8E3D66D0E618}.Debug|x86.ActiveCfg = Debug|Any CPU
		{EE574715-9B86-4A89-8540-8E3D66D0E618}.Debug|x86.Build.0 = Debug|Any CPU
		{EE574715-9B86-4A89-8540-8E3D66D0E618}.Release|Any CPU.ActiveCfg = Release|Any CPU
		{EE574715-9B86-4A89-8540-8E3D66D0E618}.Release|Any CPU.Build.0 = Release|Any CPU
		{EE574715-9B86-4A89-8540-8E3D66D0E618}.Release|x64.ActiveCfg = Release|Any CPU
		{EE574715-9B86-4A89-8540-8E3D66D0E618}.Release|x64.Build.0 = Release|Any CPU
		{EE574715-9B86-4A89-8540-8E3D66D0E618}.Release|x86.ActiveCfg = Release|Any CPU
		{EE574715-9B86-4A89-8540-8E3D66D0E618}.Release|x86.Build.0 = Release|Any CPU
		{2850C2BA-3CE3-4514-B06D-B12AE8075E74}.Debug|Any CPU.ActiveCfg = Debug|Any CPU
		{2850C2BA-3CE3-4514-B06D-B12AE8075E74}.Debug|Any CPU.Build.0 = Debug|Any CPU
		{2850C2BA-3CE3-4514-B06D-B12AE8075E74}.Debug|x64.ActiveCfg = Debug|Any CPU
		{2850C2BA-3CE3-4514-B06D-B12AE8075E74}.Debug|x64.Build.0 = Debug|Any CPU
		{2850C2BA-3CE3-4514-B06D-B12AE8075E74}.Debug|x86.ActiveCfg = Debug|Any CPU
		{2850C2BA-3CE3-4514-B06D-B12AE8075E74}.Debug|x86.Build.0 = Debug|Any CPU
		{2850C2BA-3CE3-4514-B06D-B12AE8075E74}.Release|Any CPU.ActiveCfg = Release|Any CPU
		{2850C2BA-3CE3-4514-B06D-B12AE8075E74}.Release|Any CPU.Build.0 = Release|Any CPU
		{2850C2BA-3CE3-4514-B06D-B12AE8075E74}.Release|x64.ActiveCfg = Release|Any CPU
		{2850C2BA-3CE3-4514-B06D-B12AE8075E74}.Release|x64.Build.0 = Release|Any CPU
		{2850C2BA-3CE3-4514-B06D-B12AE8075E74}.Release|x86.ActiveCfg = Release|Any CPU
		{2850C2BA-3CE3-4514-B06D-B12AE8075E74}.Release|x86.Build.0 = Release|Any CPU
		{BDC39EE5-0F51-489D-A856-6076B3B9AE7C}.Debug|Any CPU.ActiveCfg = Debug|Any CPU
		{BDC39EE5-0F51-489D-A856-6076B3B9AE7C}.Debug|Any CPU.Build.0 = Debug|Any CPU
		{BDC39EE5-0F51-489D-A856-6076B3B9AE7C}.Debug|x64.ActiveCfg = Debug|Any CPU
		{BDC39EE5-0F51-489D-A856-6076B3B9AE7C}.Debug|x64.Build.0 = Debug|Any CPU
		{BDC39EE5-0F51-489D-A856-6076B3B9AE7C}.Debug|x86.ActiveCfg = Debug|Any CPU
		{BDC39EE5-0F51-489D-A856-6076B3B9AE7C}.Debug|x86.Build.0 = Debug|Any CPU
		{BDC39EE5-0F51-489D-A856-6076B3B9AE7C}.Release|Any CPU.ActiveCfg = Release|Any CPU
		{BDC39EE5-0F51-489D-A856-6076B3B9AE7C}.Release|Any CPU.Build.0 = Release|Any CPU
		{BDC39EE5-0F51-489D-A856-6076B3B9AE7C}.Release|x64.ActiveCfg = Release|Any CPU
		{BDC39EE5-0F51-489D-A856-6076B3B9AE7C}.Release|x64.Build.0 = Release|Any CPU
		{BDC39EE5-0F51-489D-A856-6076B3B9AE7C}.Release|x86.ActiveCfg = Release|Any CPU
		{BDC39EE5-0F51-489D-A856-6076B3B9AE7C}.Release|x86.Build.0 = Release|Any CPU
		{6FA8C41E-2BDF-4FF7-8964-E6136DE9E033}.Debug|Any CPU.ActiveCfg = Debug|Any CPU
		{6FA8C41E-2BDF-4FF7-8964-E6136DE9E033}.Debug|Any CPU.Build.0 = Debug|Any CPU
		{6FA8C41E-2BDF-4FF7-8964-E6136DE9E033}.Debug|x64.ActiveCfg = Debug|Any CPU
		{6FA8C41E-2BDF-4FF7-8964-E6136DE9E033}.Debug|x64.Build.0 = Debug|Any CPU
		{6FA8C41E-2BDF-4FF7-8964-E6136DE9E033}.Debug|x86.ActiveCfg = Debug|Any CPU
		{6FA8C41E-2BDF-4FF7-8964-E6136DE9E033}.Debug|x86.Build.0 = Debug|Any CPU
		{6FA8C41E-2BDF-4FF7-8964-E6136DE9E033}.Release|Any CPU.ActiveCfg = Release|Any CPU
		{6FA8C41E-2BDF-4FF7-8964-E6136DE9E033}.Release|Any CPU.Build.0 = Release|Any CPU
		{6FA8C41E-2BDF-4FF7-8964-E6136DE9E033}.Release|x64.ActiveCfg = Release|Any CPU
		{6FA8C41E-2BDF-4FF7-8964-E6136DE9E033}.Release|x64.Build.0 = Release|Any CPU
		{6FA8C41E-2BDF-4FF7-8964-E6136DE9E033}.Release|x86.ActiveCfg = Release|Any CPU
		{6FA8C41E-2BDF-4FF7-8964-E6136DE9E033}.Release|x86.Build.0 = Release|Any CPU
		{BA242AD5-9375-4D7B-AEB4-1978C8B5418A}.Debug|Any CPU.ActiveCfg = Debug|Any CPU
		{BA242AD5-9375-4D7B-AEB4-1978C8B5418A}.Debug|Any CPU.Build.0 = Debug|Any CPU
		{BA242AD5-9375-4D7B-AEB4-1978C8B5418A}.Debug|x64.ActiveCfg = Debug|Any CPU
		{BA242AD5-9375-4D7B-AEB4-1978C8B5418A}.Debug|x64.Build.0 = Debug|Any CPU
		{BA242AD5-9375-4D7B-AEB4-1978C8B5418A}.Debug|x86.ActiveCfg = Debug|Any CPU
		{BA242AD5-9375-4D7B-AEB4-1978C8B5418A}.Debug|x86.Build.0 = Debug|Any CPU
		{BA242AD5-9375-4D7B-AEB4-1978C8B5418A}.Release|Any CPU.ActiveCfg = Release|Any CPU
		{BA242AD5-9375-4D7B-AEB4-1978C8B5418A}.Release|Any CPU.Build.0 = Release|Any CPU
		{BA242AD5-9375-4D7B-AEB4-1978C8B5418A}.Release|x64.ActiveCfg = Release|Any CPU
		{BA242AD5-9375-4D7B-AEB4-1978C8B5418A}.Release|x64.Build.0 = Release|Any CPU
		{BA242AD5-9375-4D7B-AEB4-1978C8B5418A}.Release|x86.ActiveCfg = Release|Any CPU
		{BA242AD5-9375-4D7B-AEB4-1978C8B5418A}.Release|x86.Build.0 = Release|Any CPU
		{5955D3BB-6534-4D2C-BE2F-40963D8C96EF}.Debug|Any CPU.ActiveCfg = Debug|Any CPU
		{5955D3BB-6534-4D2C-BE2F-40963D8C96EF}.Debug|Any CPU.Build.0 = Debug|Any CPU
		{5955D3BB-6534-4D2C-BE2F-40963D8C96EF}.Debug|x64.ActiveCfg = Debug|Any CPU
		{5955D3BB-6534-4D2C-BE2F-40963D8C96EF}.Debug|x64.Build.0 = Debug|Any CPU
		{5955D3BB-6534-4D2C-BE2F-40963D8C96EF}.Debug|x86.ActiveCfg = Debug|Any CPU
		{5955D3BB-6534-4D2C-BE2F-40963D8C96EF}.Debug|x86.Build.0 = Debug|Any CPU
		{5955D3BB-6534-4D2C-BE2F-40963D8C96EF}.Release|Any CPU.ActiveCfg = Release|Any CPU
		{5955D3BB-6534-4D2C-BE2F-40963D8C96EF}.Release|Any CPU.Build.0 = Release|Any CPU
		{5955D3BB-6534-4D2C-BE2F-40963D8C96EF}.Release|x64.ActiveCfg = Release|Any CPU
		{5955D3BB-6534-4D2C-BE2F-40963D8C96EF}.Release|x64.Build.0 = Release|Any CPU
		{5955D3BB-6534-4D2C-BE2F-40963D8C96EF}.Release|x86.ActiveCfg = Release|Any CPU
		{5955D3BB-6534-4D2C-BE2F-40963D8C96EF}.Release|x86.Build.0 = Release|Any CPU
		{A5CB13AC-7692-4923-AC87-89C14D3CADD7}.Debug|Any CPU.ActiveCfg = Debug|Any CPU
		{A5CB13AC-7692-4923-AC87-89C14D3CADD7}.Debug|Any CPU.Build.0 = Debug|Any CPU
		{A5CB13AC-7692-4923-AC87-89C14D3CADD7}.Debug|x64.ActiveCfg = Debug|Any CPU
		{A5CB13AC-7692-4923-AC87-89C14D3CADD7}.Debug|x64.Build.0 = Debug|Any CPU
		{A5CB13AC-7692-4923-AC87-89C14D3CADD7}.Debug|x86.ActiveCfg = Debug|Any CPU
		{A5CB13AC-7692-4923-AC87-89C14D3CADD7}.Debug|x86.Build.0 = Debug|Any CPU
		{A5CB13AC-7692-4923-AC87-89C14D3CADD7}.Release|Any CPU.ActiveCfg = Release|Any CPU
		{A5CB13AC-7692-4923-AC87-89C14D3CADD7}.Release|Any CPU.Build.0 = Release|Any CPU
		{A5CB13AC-7692-4923-AC87-89C14D3CADD7}.Release|x64.ActiveCfg = Release|Any CPU
		{A5CB13AC-7692-4923-AC87-89C14D3CADD7}.Release|x64.Build.0 = Release|Any CPU
		{A5CB13AC-7692-4923-AC87-89C14D3CADD7}.Release|x86.ActiveCfg = Release|Any CPU
		{A5CB13AC-7692-4923-AC87-89C14D3CADD7}.Release|x86.Build.0 = Release|Any CPU
		{DA670D05-42A9-4312-A826-08FE680BA049}.Debug|Any CPU.ActiveCfg = Debug|Any CPU
		{DA670D05-42A9-4312-A826-08FE680BA049}.Debug|Any CPU.Build.0 = Debug|Any CPU
		{DA670D05-42A9-4312-A826-08FE680BA049}.Debug|x64.ActiveCfg = Debug|Any CPU
		{DA670D05-42A9-4312-A826-08FE680BA049}.Debug|x64.Build.0 = Debug|Any CPU
		{DA670D05-42A9-4312-A826-08FE680BA049}.Debug|x86.ActiveCfg = Debug|Any CPU
		{DA670D05-42A9-4312-A826-08FE680BA049}.Debug|x86.Build.0 = Debug|Any CPU
		{DA670D05-42A9-4312-A826-08FE680BA049}.Release|Any CPU.ActiveCfg = Release|Any CPU
		{DA670D05-42A9-4312-A826-08FE680BA049}.Release|Any CPU.Build.0 = Release|Any CPU
		{DA670D05-42A9-4312-A826-08FE680BA049}.Release|x64.ActiveCfg = Release|Any CPU
		{DA670D05-42A9-4312-A826-08FE680BA049}.Release|x64.Build.0 = Release|Any CPU
		{DA670D05-42A9-4312-A826-08FE680BA049}.Release|x86.ActiveCfg = Release|Any CPU
		{DA670D05-42A9-4312-A826-08FE680BA049}.Release|x86.Build.0 = Release|Any CPU
		{41E0B3E5-D555-463C-9E84-90D8B1EE94A2}.Debug|Any CPU.ActiveCfg = Debug|Any CPU
		{41E0B3E5-D555-463C-9E84-90D8B1EE94A2}.Debug|Any CPU.Build.0 = Debug|Any CPU
		{41E0B3E5-D555-463C-9E84-90D8B1EE94A2}.Debug|x64.ActiveCfg = Debug|Any CPU
		{41E0B3E5-D555-463C-9E84-90D8B1EE94A2}.Debug|x64.Build.0 = Debug|Any CPU
		{41E0B3E5-D555-463C-9E84-90D8B1EE94A2}.Debug|x86.ActiveCfg = Debug|Any CPU
		{41E0B3E5-D555-463C-9E84-90D8B1EE94A2}.Debug|x86.Build.0 = Debug|Any CPU
		{41E0B3E5-D555-463C-9E84-90D8B1EE94A2}.Release|Any CPU.ActiveCfg = Release|Any CPU
		{41E0B3E5-D555-463C-9E84-90D8B1EE94A2}.Release|Any CPU.Build.0 = Release|Any CPU
		{41E0B3E5-D555-463C-9E84-90D8B1EE94A2}.Release|x64.ActiveCfg = Release|Any CPU
		{41E0B3E5-D555-463C-9E84-90D8B1EE94A2}.Release|x64.Build.0 = Release|Any CPU
		{41E0B3E5-D555-463C-9E84-90D8B1EE94A2}.Release|x86.ActiveCfg = Release|Any CPU
		{41E0B3E5-D555-463C-9E84-90D8B1EE94A2}.Release|x86.Build.0 = Release|Any CPU
		{4533C9B8-C8AB-46FA-A03D-BB1B018642BE}.Debug|Any CPU.ActiveCfg = Debug|Any CPU
		{4533C9B8-C8AB-46FA-A03D-BB1B018642BE}.Debug|Any CPU.Build.0 = Debug|Any CPU
		{4533C9B8-C8AB-46FA-A03D-BB1B018642BE}.Debug|x64.ActiveCfg = Debug|Any CPU
		{4533C9B8-C8AB-46FA-A03D-BB1B018642BE}.Debug|x64.Build.0 = Debug|Any CPU
		{4533C9B8-C8AB-46FA-A03D-BB1B018642BE}.Debug|x86.ActiveCfg = Debug|Any CPU
		{4533C9B8-C8AB-46FA-A03D-BB1B018642BE}.Debug|x86.Build.0 = Debug|Any CPU
		{4533C9B8-C8AB-46FA-A03D-BB1B018642BE}.Release|Any CPU.ActiveCfg = Release|Any CPU
		{4533C9B8-C8AB-46FA-A03D-BB1B018642BE}.Release|Any CPU.Build.0 = Release|Any CPU
		{4533C9B8-C8AB-46FA-A03D-BB1B018642BE}.Release|x64.ActiveCfg = Release|Any CPU
		{4533C9B8-C8AB-46FA-A03D-BB1B018642BE}.Release|x64.Build.0 = Release|Any CPU
		{4533C9B8-C8AB-46FA-A03D-BB1B018642BE}.Release|x86.ActiveCfg = Release|Any CPU
		{4533C9B8-C8AB-46FA-A03D-BB1B018642BE}.Release|x86.Build.0 = Release|Any CPU
		{BF552633-3F2F-4212-9EF2-633EBDB81C71}.Debug|Any CPU.ActiveCfg = Debug|Any CPU
		{BF552633-3F2F-4212-9EF2-633EBDB81C71}.Debug|Any CPU.Build.0 = Debug|Any CPU
		{BF552633-3F2F-4212-9EF2-633EBDB81C71}.Debug|x64.ActiveCfg = Debug|Any CPU
		{BF552633-3F2F-4212-9EF2-633EBDB81C71}.Debug|x64.Build.0 = Debug|Any CPU
		{BF552633-3F2F-4212-9EF2-633EBDB81C71}.Debug|x86.ActiveCfg = Debug|Any CPU
		{BF552633-3F2F-4212-9EF2-633EBDB81C71}.Debug|x86.Build.0 = Debug|Any CPU
		{BF552633-3F2F-4212-9EF2-633EBDB81C71}.Release|Any CPU.ActiveCfg = Release|Any CPU
		{BF552633-3F2F-4212-9EF2-633EBDB81C71}.Release|Any CPU.Build.0 = Release|Any CPU
		{BF552633-3F2F-4212-9EF2-633EBDB81C71}.Release|x64.ActiveCfg = Release|Any CPU
		{BF552633-3F2F-4212-9EF2-633EBDB81C71}.Release|x64.Build.0 = Release|Any CPU
		{BF552633-3F2F-4212-9EF2-633EBDB81C71}.Release|x86.ActiveCfg = Release|Any CPU
		{BF552633-3F2F-4212-9EF2-633EBDB81C71}.Release|x86.Build.0 = Release|Any CPU
		{2257C238-2DCF-475B-A1FF-C921E81D4851}.Debug|Any CPU.ActiveCfg = Debug|Any CPU
		{2257C238-2DCF-475B-A1FF-C921E81D4851}.Debug|Any CPU.Build.0 = Debug|Any CPU
		{2257C238-2DCF-475B-A1FF-C921E81D4851}.Debug|x64.ActiveCfg = Debug|Any CPU
		{2257C238-2DCF-475B-A1FF-C921E81D4851}.Debug|x64.Build.0 = Debug|Any CPU
		{2257C238-2DCF-475B-A1FF-C921E81D4851}.Debug|x86.ActiveCfg = Debug|Any CPU
		{2257C238-2DCF-475B-A1FF-C921E81D4851}.Debug|x86.Build.0 = Debug|Any CPU
		{2257C238-2DCF-475B-A1FF-C921E81D4851}.Release|Any CPU.ActiveCfg = Release|Any CPU
		{2257C238-2DCF-475B-A1FF-C921E81D4851}.Release|Any CPU.Build.0 = Release|Any CPU
		{2257C238-2DCF-475B-A1FF-C921E81D4851}.Release|x64.ActiveCfg = Release|Any CPU
		{2257C238-2DCF-475B-A1FF-C921E81D4851}.Release|x64.Build.0 = Release|Any CPU
		{2257C238-2DCF-475B-A1FF-C921E81D4851}.Release|x86.ActiveCfg = Release|Any CPU
		{2257C238-2DCF-475B-A1FF-C921E81D4851}.Release|x86.Build.0 = Release|Any CPU
		{115E4C4F-A7C6-49A2-A137-12F1DB1D4B21}.Debug|Any CPU.ActiveCfg = Debug|Any CPU
		{115E4C4F-A7C6-49A2-A137-12F1DB1D4B21}.Debug|Any CPU.Build.0 = Debug|Any CPU
		{115E4C4F-A7C6-49A2-A137-12F1DB1D4B21}.Debug|x64.ActiveCfg = Debug|Any CPU
		{115E4C4F-A7C6-49A2-A137-12F1DB1D4B21}.Debug|x64.Build.0 = Debug|Any CPU
		{115E4C4F-A7C6-49A2-A137-12F1DB1D4B21}.Debug|x86.ActiveCfg = Debug|Any CPU
		{115E4C4F-A7C6-49A2-A137-12F1DB1D4B21}.Debug|x86.Build.0 = Debug|Any CPU
		{115E4C4F-A7C6-49A2-A137-12F1DB1D4B21}.Release|Any CPU.ActiveCfg = Release|Any CPU
		{115E4C4F-A7C6-49A2-A137-12F1DB1D4B21}.Release|Any CPU.Build.0 = Release|Any CPU
		{115E4C4F-A7C6-49A2-A137-12F1DB1D4B21}.Release|x64.ActiveCfg = Release|Any CPU
		{115E4C4F-A7C6-49A2-A137-12F1DB1D4B21}.Release|x64.Build.0 = Release|Any CPU
		{115E4C4F-A7C6-49A2-A137-12F1DB1D4B21}.Release|x86.ActiveCfg = Release|Any CPU
		{115E4C4F-A7C6-49A2-A137-12F1DB1D4B21}.Release|x86.Build.0 = Release|Any CPU
		{9E724098-6C63-4BB7-99C3-D0E42E35781D}.Debug|Any CPU.ActiveCfg = Debug|Any CPU
		{9E724098-6C63-4BB7-99C3-D0E42E35781D}.Debug|Any CPU.Build.0 = Debug|Any CPU
		{9E724098-6C63-4BB7-99C3-D0E42E35781D}.Debug|x64.ActiveCfg = Debug|Any CPU
		{9E724098-6C63-4BB7-99C3-D0E42E35781D}.Debug|x64.Build.0 = Debug|Any CPU
		{9E724098-6C63-4BB7-99C3-D0E42E35781D}.Debug|x86.ActiveCfg = Debug|Any CPU
		{9E724098-6C63-4BB7-99C3-D0E42E35781D}.Debug|x86.Build.0 = Debug|Any CPU
		{9E724098-6C63-4BB7-99C3-D0E42E35781D}.Release|Any CPU.ActiveCfg = Release|Any CPU
		{9E724098-6C63-4BB7-99C3-D0E42E35781D}.Release|Any CPU.Build.0 = Release|Any CPU
		{9E724098-6C63-4BB7-99C3-D0E42E35781D}.Release|x64.ActiveCfg = Release|Any CPU
		{9E724098-6C63-4BB7-99C3-D0E42E35781D}.Release|x64.Build.0 = Release|Any CPU
		{9E724098-6C63-4BB7-99C3-D0E42E35781D}.Release|x86.ActiveCfg = Release|Any CPU
		{9E724098-6C63-4BB7-99C3-D0E42E35781D}.Release|x86.Build.0 = Release|Any CPU
		{25A0F12B-B2E5-4F28-8D04-DAC40D74A8CC}.Debug|Any CPU.ActiveCfg = Debug|Any CPU
		{25A0F12B-B2E5-4F28-8D04-DAC40D74A8CC}.Debug|Any CPU.Build.0 = Debug|Any CPU
		{25A0F12B-B2E5-4F28-8D04-DAC40D74A8CC}.Debug|x64.ActiveCfg = Debug|Any CPU
		{25A0F12B-B2E5-4F28-8D04-DAC40D74A8CC}.Debug|x64.Build.0 = Debug|Any CPU
		{25A0F12B-B2E5-4F28-8D04-DAC40D74A8CC}.Debug|x86.ActiveCfg = Debug|Any CPU
		{25A0F12B-B2E5-4F28-8D04-DAC40D74A8CC}.Debug|x86.Build.0 = Debug|Any CPU
		{25A0F12B-B2E5-4F28-8D04-DAC40D74A8CC}.Release|Any CPU.ActiveCfg = Release|Any CPU
		{25A0F12B-B2E5-4F28-8D04-DAC40D74A8CC}.Release|Any CPU.Build.0 = Release|Any CPU
		{25A0F12B-B2E5-4F28-8D04-DAC40D74A8CC}.Release|x64.ActiveCfg = Release|Any CPU
		{25A0F12B-B2E5-4F28-8D04-DAC40D74A8CC}.Release|x64.Build.0 = Release|Any CPU
		{25A0F12B-B2E5-4F28-8D04-DAC40D74A8CC}.Release|x86.ActiveCfg = Release|Any CPU
		{25A0F12B-B2E5-4F28-8D04-DAC40D74A8CC}.Release|x86.Build.0 = Release|Any CPU
		{A0181B7F-606C-4A21-B4E5-0D26F5D078B8}.Debug|Any CPU.ActiveCfg = Debug|Any CPU
		{A0181B7F-606C-4A21-B4E5-0D26F5D078B8}.Debug|Any CPU.Build.0 = Debug|Any CPU
		{A0181B7F-606C-4A21-B4E5-0D26F5D078B8}.Debug|x64.ActiveCfg = Debug|Any CPU
		{A0181B7F-606C-4A21-B4E5-0D26F5D078B8}.Debug|x64.Build.0 = Debug|Any CPU
		{A0181B7F-606C-4A21-B4E5-0D26F5D078B8}.Debug|x86.ActiveCfg = Debug|Any CPU
		{A0181B7F-606C-4A21-B4E5-0D26F5D078B8}.Debug|x86.Build.0 = Debug|Any CPU
		{A0181B7F-606C-4A21-B4E5-0D26F5D078B8}.Release|Any CPU.ActiveCfg = Release|Any CPU
		{A0181B7F-606C-4A21-B4E5-0D26F5D078B8}.Release|Any CPU.Build.0 = Release|Any CPU
		{A0181B7F-606C-4A21-B4E5-0D26F5D078B8}.Release|x64.ActiveCfg = Release|Any CPU
		{A0181B7F-606C-4A21-B4E5-0D26F5D078B8}.Release|x64.Build.0 = Release|Any CPU
		{A0181B7F-606C-4A21-B4E5-0D26F5D078B8}.Release|x86.ActiveCfg = Release|Any CPU
		{A0181B7F-606C-4A21-B4E5-0D26F5D078B8}.Release|x86.Build.0 = Release|Any CPU
		{CF7F961E-EC92-4AA3-9B50-39A1186C47C2}.Debug|Any CPU.ActiveCfg = Debug|Any CPU
		{CF7F961E-EC92-4AA3-9B50-39A1186C47C2}.Debug|Any CPU.Build.0 = Debug|Any CPU
		{CF7F961E-EC92-4AA3-9B50-39A1186C47C2}.Debug|x64.ActiveCfg = Debug|Any CPU
		{CF7F961E-EC92-4AA3-9B50-39A1186C47C2}.Debug|x64.Build.0 = Debug|Any CPU
		{CF7F961E-EC92-4AA3-9B50-39A1186C47C2}.Debug|x86.ActiveCfg = Debug|Any CPU
		{CF7F961E-EC92-4AA3-9B50-39A1186C47C2}.Debug|x86.Build.0 = Debug|Any CPU
		{CF7F961E-EC92-4AA3-9B50-39A1186C47C2}.Release|Any CPU.ActiveCfg = Release|Any CPU
		{CF7F961E-EC92-4AA3-9B50-39A1186C47C2}.Release|Any CPU.Build.0 = Release|Any CPU
		{CF7F961E-EC92-4AA3-9B50-39A1186C47C2}.Release|x64.ActiveCfg = Release|Any CPU
		{CF7F961E-EC92-4AA3-9B50-39A1186C47C2}.Release|x64.Build.0 = Release|Any CPU
		{CF7F961E-EC92-4AA3-9B50-39A1186C47C2}.Release|x86.ActiveCfg = Release|Any CPU
		{CF7F961E-EC92-4AA3-9B50-39A1186C47C2}.Release|x86.Build.0 = Release|Any CPU
		{E901C17E-9580-4510-BBAC-453E502903D3}.Debug|Any CPU.ActiveCfg = Debug|Any CPU
		{E901C17E-9580-4510-BBAC-453E502903D3}.Debug|Any CPU.Build.0 = Debug|Any CPU
		{E901C17E-9580-4510-BBAC-453E502903D3}.Debug|x64.ActiveCfg = Debug|Any CPU
		{E901C17E-9580-4510-BBAC-453E502903D3}.Debug|x64.Build.0 = Debug|Any CPU
		{E901C17E-9580-4510-BBAC-453E502903D3}.Debug|x86.ActiveCfg = Debug|Any CPU
		{E901C17E-9580-4510-BBAC-453E502903D3}.Debug|x86.Build.0 = Debug|Any CPU
		{E901C17E-9580-4510-BBAC-453E502903D3}.Release|Any CPU.ActiveCfg = Release|Any CPU
		{E901C17E-9580-4510-BBAC-453E502903D3}.Release|Any CPU.Build.0 = Release|Any CPU
		{E901C17E-9580-4510-BBAC-453E502903D3}.Release|x64.ActiveCfg = Release|Any CPU
		{E901C17E-9580-4510-BBAC-453E502903D3}.Release|x64.Build.0 = Release|Any CPU
		{E901C17E-9580-4510-BBAC-453E502903D3}.Release|x86.ActiveCfg = Release|Any CPU
		{E901C17E-9580-4510-BBAC-453E502903D3}.Release|x86.Build.0 = Release|Any CPU
		{F0389705-5E12-44A8-956B-1ED39F6A74C7}.Debug|Any CPU.ActiveCfg = Debug|Any CPU
		{F0389705-5E12-44A8-956B-1ED39F6A74C7}.Debug|Any CPU.Build.0 = Debug|Any CPU
		{F0389705-5E12-44A8-956B-1ED39F6A74C7}.Debug|x64.ActiveCfg = Debug|Any CPU
		{F0389705-5E12-44A8-956B-1ED39F6A74C7}.Debug|x64.Build.0 = Debug|Any CPU
		{F0389705-5E12-44A8-956B-1ED39F6A74C7}.Debug|x86.ActiveCfg = Debug|Any CPU
		{F0389705-5E12-44A8-956B-1ED39F6A74C7}.Debug|x86.Build.0 = Debug|Any CPU
		{F0389705-5E12-44A8-956B-1ED39F6A74C7}.Release|Any CPU.ActiveCfg = Release|Any CPU
		{F0389705-5E12-44A8-956B-1ED39F6A74C7}.Release|Any CPU.Build.0 = Release|Any CPU
		{F0389705-5E12-44A8-956B-1ED39F6A74C7}.Release|x64.ActiveCfg = Release|Any CPU
		{F0389705-5E12-44A8-956B-1ED39F6A74C7}.Release|x64.Build.0 = Release|Any CPU
		{F0389705-5E12-44A8-956B-1ED39F6A74C7}.Release|x86.ActiveCfg = Release|Any CPU
		{F0389705-5E12-44A8-956B-1ED39F6A74C7}.Release|x86.Build.0 = Release|Any CPU
		{1075BA17-3907-46C5-975C-D3C1A25B9F6F}.Debug|Any CPU.ActiveCfg = Debug|Any CPU
		{1075BA17-3907-46C5-975C-D3C1A25B9F6F}.Debug|Any CPU.Build.0 = Debug|Any CPU
		{1075BA17-3907-46C5-975C-D3C1A25B9F6F}.Debug|x64.ActiveCfg = Debug|Any CPU
		{1075BA17-3907-46C5-975C-D3C1A25B9F6F}.Debug|x64.Build.0 = Debug|Any CPU
		{1075BA17-3907-46C5-975C-D3C1A25B9F6F}.Debug|x86.ActiveCfg = Debug|Any CPU
		{1075BA17-3907-46C5-975C-D3C1A25B9F6F}.Debug|x86.Build.0 = Debug|Any CPU
		{1075BA17-3907-46C5-975C-D3C1A25B9F6F}.Release|Any CPU.ActiveCfg = Release|Any CPU
		{1075BA17-3907-46C5-975C-D3C1A25B9F6F}.Release|Any CPU.Build.0 = Release|Any CPU
		{1075BA17-3907-46C5-975C-D3C1A25B9F6F}.Release|x64.ActiveCfg = Release|Any CPU
		{1075BA17-3907-46C5-975C-D3C1A25B9F6F}.Release|x64.Build.0 = Release|Any CPU
		{1075BA17-3907-46C5-975C-D3C1A25B9F6F}.Release|x86.ActiveCfg = Release|Any CPU
		{1075BA17-3907-46C5-975C-D3C1A25B9F6F}.Release|x86.Build.0 = Release|Any CPU
		{0CB973B9-866F-4910-A0F0-AFA50E0F2169}.Debug|Any CPU.ActiveCfg = Debug|Any CPU
		{0CB973B9-866F-4910-A0F0-AFA50E0F2169}.Debug|Any CPU.Build.0 = Debug|Any CPU
		{0CB973B9-866F-4910-A0F0-AFA50E0F2169}.Debug|x64.ActiveCfg = Debug|Any CPU
		{0CB973B9-866F-4910-A0F0-AFA50E0F2169}.Debug|x64.Build.0 = Debug|Any CPU
		{0CB973B9-866F-4910-A0F0-AFA50E0F2169}.Debug|x86.ActiveCfg = Debug|Any CPU
		{0CB973B9-866F-4910-A0F0-AFA50E0F2169}.Debug|x86.Build.0 = Debug|Any CPU
		{0CB973B9-866F-4910-A0F0-AFA50E0F2169}.Release|Any CPU.ActiveCfg = Release|Any CPU
		{0CB973B9-866F-4910-A0F0-AFA50E0F2169}.Release|Any CPU.Build.0 = Release|Any CPU
		{0CB973B9-866F-4910-A0F0-AFA50E0F2169}.Release|x64.ActiveCfg = Release|Any CPU
		{0CB973B9-866F-4910-A0F0-AFA50E0F2169}.Release|x64.Build.0 = Release|Any CPU
		{0CB973B9-866F-4910-A0F0-AFA50E0F2169}.Release|x86.ActiveCfg = Release|Any CPU
		{0CB973B9-866F-4910-A0F0-AFA50E0F2169}.Release|x86.Build.0 = Release|Any CPU
		{625A140F-33CB-4ACB-BABB-38F3F3E9CA88}.Debug|Any CPU.ActiveCfg = Debug|Any CPU
		{625A140F-33CB-4ACB-BABB-38F3F3E9CA88}.Debug|Any CPU.Build.0 = Debug|Any CPU
		{625A140F-33CB-4ACB-BABB-38F3F3E9CA88}.Debug|x64.ActiveCfg = Debug|Any CPU
		{625A140F-33CB-4ACB-BABB-38F3F3E9CA88}.Debug|x64.Build.0 = Debug|Any CPU
		{625A140F-33CB-4ACB-BABB-38F3F3E9CA88}.Debug|x86.ActiveCfg = Debug|Any CPU
		{625A140F-33CB-4ACB-BABB-38F3F3E9CA88}.Debug|x86.Build.0 = Debug|Any CPU
		{625A140F-33CB-4ACB-BABB-38F3F3E9CA88}.Release|Any CPU.ActiveCfg = Release|Any CPU
		{625A140F-33CB-4ACB-BABB-38F3F3E9CA88}.Release|Any CPU.Build.0 = Release|Any CPU
		{625A140F-33CB-4ACB-BABB-38F3F3E9CA88}.Release|x64.ActiveCfg = Release|Any CPU
		{625A140F-33CB-4ACB-BABB-38F3F3E9CA88}.Release|x64.Build.0 = Release|Any CPU
		{625A140F-33CB-4ACB-BABB-38F3F3E9CA88}.Release|x86.ActiveCfg = Release|Any CPU
		{625A140F-33CB-4ACB-BABB-38F3F3E9CA88}.Release|x86.Build.0 = Release|Any CPU
		{BA7D5F3B-B021-4FE1-9541-EA3A96281E77}.Debug|Any CPU.ActiveCfg = Debug|Any CPU
		{BA7D5F3B-B021-4FE1-9541-EA3A96281E77}.Debug|Any CPU.Build.0 = Debug|Any CPU
		{BA7D5F3B-B021-4FE1-9541-EA3A96281E77}.Debug|x64.ActiveCfg = Debug|Any CPU
		{BA7D5F3B-B021-4FE1-9541-EA3A96281E77}.Debug|x64.Build.0 = Debug|Any CPU
		{BA7D5F3B-B021-4FE1-9541-EA3A96281E77}.Debug|x86.ActiveCfg = Debug|Any CPU
		{BA7D5F3B-B021-4FE1-9541-EA3A96281E77}.Debug|x86.Build.0 = Debug|Any CPU
		{BA7D5F3B-B021-4FE1-9541-EA3A96281E77}.Release|Any CPU.ActiveCfg = Release|Any CPU
		{BA7D5F3B-B021-4FE1-9541-EA3A96281E77}.Release|Any CPU.Build.0 = Release|Any CPU
		{BA7D5F3B-B021-4FE1-9541-EA3A96281E77}.Release|x64.ActiveCfg = Release|Any CPU
		{BA7D5F3B-B021-4FE1-9541-EA3A96281E77}.Release|x64.Build.0 = Release|Any CPU
		{BA7D5F3B-B021-4FE1-9541-EA3A96281E77}.Release|x86.ActiveCfg = Release|Any CPU
		{BA7D5F3B-B021-4FE1-9541-EA3A96281E77}.Release|x86.Build.0 = Release|Any CPU
		{B0C47BFD-476D-45DE-A39B-1123D6838563}.Debug|Any CPU.ActiveCfg = Debug|Any CPU
		{B0C47BFD-476D-45DE-A39B-1123D6838563}.Debug|Any CPU.Build.0 = Debug|Any CPU
		{B0C47BFD-476D-45DE-A39B-1123D6838563}.Debug|x64.ActiveCfg = Debug|Any CPU
		{B0C47BFD-476D-45DE-A39B-1123D6838563}.Debug|x64.Build.0 = Debug|Any CPU
		{B0C47BFD-476D-45DE-A39B-1123D6838563}.Debug|x86.ActiveCfg = Debug|Any CPU
		{B0C47BFD-476D-45DE-A39B-1123D6838563}.Debug|x86.Build.0 = Debug|Any CPU
		{B0C47BFD-476D-45DE-A39B-1123D6838563}.Release|Any CPU.ActiveCfg = Release|Any CPU
		{B0C47BFD-476D-45DE-A39B-1123D6838563}.Release|Any CPU.Build.0 = Release|Any CPU
		{B0C47BFD-476D-45DE-A39B-1123D6838563}.Release|x64.ActiveCfg = Release|Any CPU
		{B0C47BFD-476D-45DE-A39B-1123D6838563}.Release|x64.Build.0 = Release|Any CPU
		{B0C47BFD-476D-45DE-A39B-1123D6838563}.Release|x86.ActiveCfg = Release|Any CPU
		{B0C47BFD-476D-45DE-A39B-1123D6838563}.Release|x86.Build.0 = Release|Any CPU
		{E1E77A5B-ECEA-4401-8F90-083904200601}.Debug|Any CPU.ActiveCfg = Debug|Any CPU
		{E1E77A5B-ECEA-4401-8F90-083904200601}.Debug|Any CPU.Build.0 = Debug|Any CPU
		{E1E77A5B-ECEA-4401-8F90-083904200601}.Debug|x64.ActiveCfg = Debug|Any CPU
		{E1E77A5B-ECEA-4401-8F90-083904200601}.Debug|x64.Build.0 = Debug|Any CPU
		{E1E77A5B-ECEA-4401-8F90-083904200601}.Debug|x86.ActiveCfg = Debug|Any CPU
		{E1E77A5B-ECEA-4401-8F90-083904200601}.Debug|x86.Build.0 = Debug|Any CPU
		{E1E77A5B-ECEA-4401-8F90-083904200601}.Release|Any CPU.ActiveCfg = Release|Any CPU
		{E1E77A5B-ECEA-4401-8F90-083904200601}.Release|Any CPU.Build.0 = Release|Any CPU
		{E1E77A5B-ECEA-4401-8F90-083904200601}.Release|x64.ActiveCfg = Release|Any CPU
		{E1E77A5B-ECEA-4401-8F90-083904200601}.Release|x64.Build.0 = Release|Any CPU
		{E1E77A5B-ECEA-4401-8F90-083904200601}.Release|x86.ActiveCfg = Release|Any CPU
		{E1E77A5B-ECEA-4401-8F90-083904200601}.Release|x86.Build.0 = Release|Any CPU
		{76C8F00B-ADCF-4410-AF68-838EC0B723F9}.Debug|Any CPU.ActiveCfg = Debug|Any CPU
		{76C8F00B-ADCF-4410-AF68-838EC0B723F9}.Debug|Any CPU.Build.0 = Debug|Any CPU
		{76C8F00B-ADCF-4410-AF68-838EC0B723F9}.Debug|x64.ActiveCfg = Debug|Any CPU
		{76C8F00B-ADCF-4410-AF68-838EC0B723F9}.Debug|x64.Build.0 = Debug|Any CPU
		{76C8F00B-ADCF-4410-AF68-838EC0B723F9}.Debug|x86.ActiveCfg = Debug|Any CPU
		{76C8F00B-ADCF-4410-AF68-838EC0B723F9}.Debug|x86.Build.0 = Debug|Any CPU
		{76C8F00B-ADCF-4410-AF68-838EC0B723F9}.Release|Any CPU.ActiveCfg = Release|Any CPU
		{76C8F00B-ADCF-4410-AF68-838EC0B723F9}.Release|Any CPU.Build.0 = Release|Any CPU
		{76C8F00B-ADCF-4410-AF68-838EC0B723F9}.Release|x64.ActiveCfg = Release|Any CPU
		{76C8F00B-ADCF-4410-AF68-838EC0B723F9}.Release|x64.Build.0 = Release|Any CPU
		{76C8F00B-ADCF-4410-AF68-838EC0B723F9}.Release|x86.ActiveCfg = Release|Any CPU
		{76C8F00B-ADCF-4410-AF68-838EC0B723F9}.Release|x86.Build.0 = Release|Any CPU
	EndGlobalSection
	GlobalSection(SolutionProperties) = preSolution
		HideSolutionNode = FALSE
	EndGlobalSection
	GlobalSection(NestedProjects) = preSolution
		{EF87FD1A-BC92-46E0-AC7F-927F204855BE} = {5A91D815-07DA-4C74-AF91-3FBE7F60FC65}
		{65B84293-F737-4AED-904C-083216E28A90} = {5A91D815-07DA-4C74-AF91-3FBE7F60FC65}
		{7BD1FBF4-DACD-4446-A921-27C2E6EDD8E2} = {5A91D815-07DA-4C74-AF91-3FBE7F60FC65}
		{B29CCB71-B982-46B2-B41E-A58119B738C6} = {5A91D815-07DA-4C74-AF91-3FBE7F60FC65}
		{0C544515-73A9-4D40-825A-AAC8978FC47E} = {5A91D815-07DA-4C74-AF91-3FBE7F60FC65}
		{A0C25773-3A59-43A5-8BDE-167ACA24A43B} = {5A91D815-07DA-4C74-AF91-3FBE7F60FC65}
		{EE574715-9B86-4A89-8540-8E3D66D0E618} = {5A91D815-07DA-4C74-AF91-3FBE7F60FC65}
		{2850C2BA-3CE3-4514-B06D-B12AE8075E74} = {5A91D815-07DA-4C74-AF91-3FBE7F60FC65}
		{BDC39EE5-0F51-489D-A856-6076B3B9AE7C} = {5A91D815-07DA-4C74-AF91-3FBE7F60FC65}
		{5955D3BB-6534-4D2C-BE2F-40963D8C96EF} = {5A91D815-07DA-4C74-AF91-3FBE7F60FC65}
		{4533C9B8-C8AB-46FA-A03D-BB1B018642BE} = {5A91D815-07DA-4C74-AF91-3FBE7F60FC65}
		{25A0F12B-B2E5-4F28-8D04-DAC40D74A8CC} = {5A91D815-07DA-4C74-AF91-3FBE7F60FC65}
		{E901C17E-9580-4510-BBAC-453E502903D3} = {5A91D815-07DA-4C74-AF91-3FBE7F60FC65}
		{F0389705-5E12-44A8-956B-1ED39F6A74C7} = {5A91D815-07DA-4C74-AF91-3FBE7F60FC65}
		{0CB973B9-866F-4910-A0F0-AFA50E0F2169} = {5A91D815-07DA-4C74-AF91-3FBE7F60FC65}
		{625A140F-33CB-4ACB-BABB-38F3F3E9CA88} = {5A91D815-07DA-4C74-AF91-3FBE7F60FC65}
		{BA7D5F3B-B021-4FE1-9541-EA3A96281E77} = {5A91D815-07DA-4C74-AF91-3FBE7F60FC65}
	EndGlobalSection
	GlobalSection(ExtensibilityGlobals) = postSolution
		SolutionGuid = {E35016F2-1B40-4448-A219-C709F3B5D157}
	EndGlobalSection
EndGlobal
