
Microsoft Visual Studio Solution File, Format Version 12.00
# Visual Studio 15
VisualStudioVersion = 15.0.28307.1209
MinimumVisualStudioVersion = 10.0.40219.1
Project("{FAE04EC0-301F-11D3-BF4B-00C04F79EFBC}") = "R5T.Liverpool.ProgramAsService.Coventry", "R5T.Liverpool.ProgramAsService.Coventry\R5T.Liverpool.ProgramAsService.Coventry.csproj", "{585E2D1C-4191-4FBF-803A-2C950C9D99F5}"
EndProject
Project("{2150E333-8FDC-42A3-9474-1A3956D46DE8}") = "_Dependencies", "_Dependencies", "{F4B0D53B-FF7C-4C66-B693-09036599788F}"
EndProject
Project("{9A19103F-16F7-4668-BE54-9A1E7A4F7556}") = "R5T.Liverpool.ProgramAsService", "R5T.Liverpool.ProgramAsService\R5T.Liverpool.ProgramAsService.csproj", "{96E1D4BC-4CC5-4A3A-9F95-E48ABA4E42F7}"
EndProject
Project("{9A19103F-16F7-4668-BE54-9A1E7A4F7556}") = "R5T.Coventry", "..\..\R5T.Coventry\source\R5T.Coventry\R5T.Coventry.csproj", "{DAC7A7E0-0DB5-4BCC-B3A8-F8E49FD1E6CB}"
EndProject
Project("{9A19103F-16F7-4668-BE54-9A1E7A4F7556}") = "R5T.Chamavia", "..\..\R5T.Chamavia\source\R5T.Chamavia\R5T.Chamavia.csproj", "{32D16745-8677-43B7-AEF7-71DAEFC878D8}"
EndProject
Project("{9A19103F-16F7-4668-BE54-9A1E7A4F7556}") = "R5T.Derby", "..\..\R5T.Derby\source\R5T.Derby\R5T.Derby.csproj", "{87FC8932-F470-49C5-B278-EB87D097CAF8}"
EndProject
Project("{9A19103F-16F7-4668-BE54-9A1E7A4F7556}") = "R5T.Ives.Configuration", "..\..\R5T.Ives.Configuration\source\R5T.Ives.Configuration\R5T.Ives.Configuration.csproj", "{AE367C11-7D80-4930-977F-468BFCD6B05F}"
EndProject
Project("{9A19103F-16F7-4668-BE54-9A1E7A4F7556}") = "R5T.Dacia.Extensions", "..\..\R5T.Dacia.Extensions\source\R5T.Dacia.Extensions\R5T.Dacia.Extensions.csproj", "{EDDCDAE6-C731-49F0-9FF3-865EB5B8F08F}"
EndProject
Project("{9A19103F-16F7-4668-BE54-9A1E7A4F7556}") = "R5T.Dacia", "..\..\R5T.Dacia\source\R5T.Dacia\R5T.Dacia.csproj", "{AB67169B-5240-4737-B0C2-303D0650D8DC}"
EndProject
Project("{9A19103F-16F7-4668-BE54-9A1E7A4F7556}") = "R5T.Ives.Base", "..\..\R5T.Ives.Base\source\R5T.Ives.Base\R5T.Ives.Base.csproj", "{4AF2EC79-50CC-4900-B0B7-18A237A8495E}"
EndProject
Project("{9A19103F-16F7-4668-BE54-9A1E7A4F7556}") = "R5T.Leeds", "..\..\R5T.Leeds\source\R5T.Leeds\R5T.Leeds.csproj", "{93707F11-4C5D-42A8-8312-C63EAF777349}"
EndProject
Project("{9A19103F-16F7-4668-BE54-9A1E7A4F7556}") = "R5T.Hastings.Default", "..\..\R5T.Hastings.Default\source\R5T.Hastings.Default\R5T.Hastings.Default.csproj", "{10FEB86D-1298-4663-9707-33D06B22354F}"
EndProject
Project("{9A19103F-16F7-4668-BE54-9A1E7A4F7556}") = "R5T.Brighton", "..\..\R5T.Brighton\source\R5T.Brighton\R5T.Brighton.csproj", "{98E590C5-7769-4CC8-91E1-0D92E39E74AF}"
EndProject
Project("{9A19103F-16F7-4668-BE54-9A1E7A4F7556}") = "R5T.Delos", "..\..\R5T.Delos\source\R5T.Delos\R5T.Delos.csproj", "{77BA6FF8-7BA8-48BF-945F-CAC3F7C1F118}"
EndProject
Project("{9A19103F-16F7-4668-BE54-9A1E7A4F7556}") = "R5T.Stagira", "..\..\R5T.Stagira\source\R5T.Stagira\R5T.Stagira.csproj", "{EF42685C-2FC7-488E-8D33-C49C8ADD12FA}"
EndProject
Project("{9A19103F-16F7-4668-BE54-9A1E7A4F7556}") = "R5T.Hastings.Base", "..\..\R5T.Hastings.Base\source\R5T.Hastings.Base\R5T.Hastings.Base.csproj", "{AEA5B8CA-C75D-4997-911E-C3A9F7309C61}"
EndProject
Project("{9A19103F-16F7-4668-BE54-9A1E7A4F7556}") = "R5T.Sardinia", "..\..\R5T.Sardinia\source\R5T.Sardinia\R5T.Sardinia.csproj", "{C559296E-3D26-4316-BB5A-9E02F3E6A704}"
EndProject
Project("{9A19103F-16F7-4668-BE54-9A1E7A4F7556}") = "R5T.Exeter", "..\..\R5T.Exeter\source\R5T.Exeter\R5T.Exeter.csproj", "{8C4A3EAA-9821-4429-9BF9-55101C571E4F}"
EndProject
Project("{9A19103F-16F7-4668-BE54-9A1E7A4F7556}") = "R5T.Chamavia.Extensions", "..\..\R5T.Chamavia.Extensions\source\R5T.Chamavia.Extensions\R5T.Chamavia.Extensions.csproj", "{8739DE06-2A21-4924-9836-92682FF5F46E}"
EndProject
Project("{9A19103F-16F7-4668-BE54-9A1E7A4F7556}") = "R5T.Langobard.Extensions", "..\..\R5T.Langobard.Extensions\source\R5T.Langobard.Extensions\R5T.Langobard.Extensions.csproj", "{5A29EBBF-21A5-46A7-982D-7C3E3A82E3D3}"
EndProject
Project("{9A19103F-16F7-4668-BE54-9A1E7A4F7556}") = "R5T.Langobard", "..\..\R5T.Langobard\source\R5T.Langobard\R5T.Langobard.csproj", "{5B468AB6-4E5D-4774-806A-8AFB953B4BB6}"
EndProject
Project("{9A19103F-16F7-4668-BE54-9A1E7A4F7556}") = "R5T.Opatia", "..\..\R5T.Opatia\source\R5T.Opatia\R5T.Opatia.csproj", "{37D18E2B-A166-409E-A0C4-409FDE641CAD}"
EndProject
Project("{9A19103F-16F7-4668-BE54-9A1E7A4F7556}") = "R5T.Lombardy.Standard", "..\..\R5T.Lombardy.Standard\source\R5T.Lombardy.Standard\R5T.Lombardy.Standard.csproj", "{50A90270-76E0-4B7F-879E-CE5D3A14F8C2}"
EndProject
Project("{9A19103F-16F7-4668-BE54-9A1E7A4F7556}") = "R5T.Lombardy", "..\..\R5T.Lombardy\source\R5T.Lombardy\R5T.Lombardy.csproj", "{C0715245-8E23-4EAA-9F67-693585DDCC60}"
EndProject
Project("{9A19103F-16F7-4668-BE54-9A1E7A4F7556}") = "R5T.Cherusci", "..\..\R5T.Cherusci\source\R5T.Cherusci\R5T.Cherusci.csproj", "{497F165B-5D79-4144-9BAD-FE3DADE0E905}"
EndProject
Project("{9A19103F-16F7-4668-BE54-9A1E7A4F7556}") = "R5T.Lombardy.Base", "..\..\R5T.Lombardy.Base\source\R5T.Lombardy.Base\R5T.Lombardy.Base.csproj", "{FFE101A1-10BC-4DCE-A23E-97D5103A654C}"
EndProject
Project("{9A19103F-16F7-4668-BE54-9A1E7A4F7556}") = "R5T.Magyar", "..\..\R5T.Magyar\source\R5T.Magyar\R5T.Magyar.csproj", "{949EE9EE-C45A-41EB-9780-68F0C35A4DEF}"
EndProject
Project("{9A19103F-16F7-4668-BE54-9A1E7A4F7556}") = "R5T.Rugia", "..\..\R5T.Rugia\source\R5T.Rugia\R5T.Rugia.csproj", "{425F85DF-DEBA-45BD-82CB-C8CFBAB08218}"
EndProject
Project("{9A19103F-16F7-4668-BE54-9A1E7A4F7556}") = "R5T.Rugia.Base", "..\..\R5T.Rugia.Base\source\R5T.Rugia.Base\R5T.Rugia.Base.csproj", "{CE545865-5396-483D-B417-780D83E9F206}"
EndProject
Project("{9A19103F-16F7-4668-BE54-9A1E7A4F7556}") = "R5T.Macommania.Default", "..\..\R5T.Macommania.Default\source\R5T.Macommania.Default\R5T.Macommania.Default.csproj", "{327A379E-0CD9-41A7-BCA5-3BB7C3BE8496}"
EndProject
Project("{9A19103F-16F7-4668-BE54-9A1E7A4F7556}") = "R5T.Macommania.Base", "..\..\R5T.Macommania.Base\source\R5T.Macommania.Base\R5T.Macommania.Base.csproj", "{ADCAF04D-F4F3-425D-ACD9-53AD12666F19}"
EndProject
Project("{9A19103F-16F7-4668-BE54-9A1E7A4F7556}") = "R5T.Scotia", "..\..\R5T.Scotia\source\R5T.Scotia\R5T.Scotia.csproj", "{DBADEB0C-4B25-4771-A598-EC59303C0085}"
EndProject
Project("{9A19103F-16F7-4668-BE54-9A1E7A4F7556}") = "R5T.Alamania.Bulgaria", "..\..\R5T.Alamania.Bulgaria\source\R5T.Alamania.Bulgaria\R5T.Alamania.Bulgaria.csproj", "{A5CB66E3-96D8-4FA7-BA82-E59D18E86733}"
EndProject
Project("{9A19103F-16F7-4668-BE54-9A1E7A4F7556}") = "R5T.Alamania.Base", "..\..\R5T.Alamania.Base\source\R5T.Alamania.Base\R5T.Alamania.Base.csproj", "{62842C50-C5E1-41E5-91BE-38608B89B5BC}"
EndProject
Project("{9A19103F-16F7-4668-BE54-9A1E7A4F7556}") = "R5T.Bulgaria.Base", "..\..\R5T.Bulgaria.Base\source\R5T.Bulgaria.Base\R5T.Bulgaria.Base.csproj", "{1941C143-C7F3-4DE9-9E33-F2C5840F242E}"
EndProject
Project("{9A19103F-16F7-4668-BE54-9A1E7A4F7556}") = "R5T.Costobocia.Base", "..\..\R5T.Costobocia.Base\source\R5T.Costobocia.Base\R5T.Costobocia.Base.csproj", "{DBE3020E-BB6B-42A5-A493-8AD8F165E15C}"
EndProject
Project("{9A19103F-16F7-4668-BE54-9A1E7A4F7556}") = "R5T.Ostrogothia", "..\..\R5T.Ostrogothia\source\R5T.Ostrogothia\R5T.Ostrogothia.csproj", "{31E31339-0626-4D11-8392-E9FD51968D68}"
EndProject
Project("{9A19103F-16F7-4668-BE54-9A1E7A4F7556}") = "R5T.Ostrogothia.Rivet", "..\..\R5T.Ostrogothia.Rivet\source\R5T.Ostrogothia.Rivet\R5T.Ostrogothia.Rivet.csproj", "{017F6C2B-8295-4284-82BF-F9526287BBF8}"
EndProject
Project("{9A19103F-16F7-4668-BE54-9A1E7A4F7556}") = "R5T.Bulgaria.Default.Local", "..\..\R5T.Bulgaria.Default.Local\source\R5T.Bulgaria.Default.Local\R5T.Bulgaria.Default.Local.csproj", "{9D86137E-AD83-4BD3-8854-A3D33598266E}"
EndProject
Project("{9A19103F-16F7-4668-BE54-9A1E7A4F7556}") = "R5T.Visigothia.Base", "..\..\R5T.Visigothia.Base\source\R5T.Visigothia.Base\R5T.Visigothia.Base.csproj", "{E3486000-9F81-4F89-ACB3-CD0B783D4E19}"
EndProject
Project("{9A19103F-16F7-4668-BE54-9A1E7A4F7556}") = "R5T.Costobocia.Default", "..\..\R5T.Costobocia.Default\source\R5T.Costobocia.Default\R5T.Costobocia.Default.csproj", "{3EE7F07B-98CE-42C2-8C9C-E0273286B514}"
EndProject
Project("{9A19103F-16F7-4668-BE54-9A1E7A4F7556}") = "R5T.Suebia.Alamania", "..\..\R5T.Suebia.Alamania\source\R5T.Suebia.Alamania\R5T.Suebia.Alamania.csproj", "{C6F60179-10C0-44F5-9F7E-3B6E72A52087}"
EndProject
Project("{9A19103F-16F7-4668-BE54-9A1E7A4F7556}") = "R5T.Suebia.Base", "..\..\R5T.Suebia.Base\source\R5T.Suebia.Base\R5T.Suebia.Base.csproj", "{84777DD4-6E02-4D0C-9551-65A66533F5A2}"
EndProject
Project("{9A19103F-16F7-4668-BE54-9A1E7A4F7556}") = "R5T.Suebia.Default", "..\..\R5T.Suebia.Default\source\R5T.Suebia.Default\R5T.Suebia.Default.csproj", "{1A955652-207D-489F-83A4-E4C1582495DA}"
EndProject
Project("{9A19103F-16F7-4668-BE54-9A1E7A4F7556}") = "R5T.Visigothia.Default.Local", "..\..\R5T.Visigothia.Default.Local\source\R5T.Visigothia.Default.Local\R5T.Visigothia.Default.Local.csproj", "{CC7D73CA-5384-4DC9-B64D-EB0B08E64735}"
EndProject
Project("{9A19103F-16F7-4668-BE54-9A1E7A4F7556}") = "R5T.Suebia.Hastings", "..\..\R5T.Suebia.Hastings\source\R5T.Suebia.Hastings\R5T.Suebia.Hastings.csproj", "{E55D0E40-878F-4597-A9B1-F0B236B7A68E}"
EndProject
Project("{9A19103F-16F7-4668-BE54-9A1E7A4F7556}") = "R5T.Richmond", "..\..\R5T.Richmond\source\R5T.Richmond\R5T.Richmond.csproj", "{F4627988-21CD-4465-9476-967AFC2B06FC}"
EndProject
Project("{9A19103F-16F7-4668-BE54-9A1E7A4F7556}") = "R5T.Richmond.Abstractions", "..\..\R5T.Richmond.Abstractions\source\R5T.Richmond.Abstractions\R5T.Richmond.Abstractions.csproj", "{BC90939D-52BF-4619-89D8-89149C500894}"
EndProject
Project("{9A19103F-16F7-4668-BE54-9A1E7A4F7556}") = "R5T.Richmond.Types", "..\..\R5T.Richmond.Types\source\R5T.Richmond.Types\R5T.Richmond.Types.csproj", "{806CBEC6-11D8-40FD-9224-E27D481B3DA3}"
EndProject
Project("{9A19103F-16F7-4668-BE54-9A1E7A4F7556}") = "R5T.Tromso.ServiceProvider", "..\..\R5T.Tromso.ServiceProvider\source\R5T.Tromso.ServiceProvider\R5T.Tromso.ServiceProvider.csproj", "{75539A92-EB2C-4CBC-A88D-681B6ADAA66A}"
EndProject
Project("{9A19103F-16F7-4668-BE54-9A1E7A4F7556}") = "R5T.Tromso.Types", "..\..\R5T.Tromso.Types\source\R5T.Tromso.Types\R5T.Tromso.Types.csproj", "{D06EF4D9-BA79-4045-BE33-A4CC38FDBA57}"
EndProject
Project("{9A19103F-16F7-4668-BE54-9A1E7A4F7556}") = "R5T.Tromso.Abstractions", "..\..\R5T.Tromso.Abstractions\source\R5T.Tromso.Abstractions\R5T.Tromso.Abstractions.csproj", "{4EE1E4D2-3838-4378-8A16-56634F8F7F2B}"
EndProject
Project("{9A19103F-16F7-4668-BE54-9A1E7A4F7556}") = "R5T.Tromso.Startup", "..\..\R5T.Tromso.Startup\source\R5T.Tromso.Startup\R5T.Tromso.Startup.csproj", "{E04B1813-F153-475C-BD08-C9F7280DD02B}"
EndProject
Project("{9A19103F-16F7-4668-BE54-9A1E7A4F7556}") = "R5T.Shrewsbury.Default", "..\..\R5T.Shrewsbury.Default\source\R5T.Shrewsbury.Default\R5T.Shrewsbury.Default.csproj", "{28FF2853-7028-45E1-A494-6E9FB6B0DED4}"
EndProject
Project("{9A19103F-16F7-4668-BE54-9A1E7A4F7556}") = "R5T.Shrewsbury.Base", "..\..\R5T.Shrewsbury.Base\source\R5T.Shrewsbury.Base\R5T.Shrewsbury.Base.csproj", "{93632B9D-779C-44BC-829C-9E134D5F78C7}"
EndProject
Project("{9A19103F-16F7-4668-BE54-9A1E7A4F7556}") = "R5T.Shrewsbury", "..\..\R5T.Shrewsbury\source\R5T.Shrewsbury\R5T.Shrewsbury.csproj", "{9872B2DE-F0DE-462D-A229-8E45823C9233}"
EndProject
Project("{9A19103F-16F7-4668-BE54-9A1E7A4F7556}") = "R5T.Shrewsbury.Extensions", "..\..\R5T.Shrewsbury.Extensions\source\R5T.Shrewsbury.Extensions\R5T.Shrewsbury.Extensions.csproj", "{6E7A774C-C782-429B-B1E6-94617AD61680}"
EndProject
Project("{9A19103F-16F7-4668-BE54-9A1E7A4F7556}") = "R5T.Liverpool.ServiceProvider", "R5T.Liverpool.ServiceProvider\R5T.Liverpool.ServiceProvider.csproj", "{D9687C77-8692-4A17-BA57-2CFDEA0283CE}"
EndProject
Project("{9A19103F-16F7-4668-BE54-9A1E7A4F7556}") = "R5T.Liverpool.ServiceProvider.Types", "R5T.Liverpool.ServiceProvider.Types\R5T.Liverpool.ServiceProvider.Types.csproj", "{C554F544-5A95-4328-A1CD-4765412747CD}"
EndProject
Project("{9A19103F-16F7-4668-BE54-9A1E7A4F7556}") = "R5T.D0023.Default", "..\..\R5T.D0023\source\R5T.D0023.Default\R5T.D0023.Default.csproj", "{98C418BF-8249-4C37-AF21-E1693948CAFD}"
EndProject
Project("{9A19103F-16F7-4668-BE54-9A1E7A4F7556}") = "R5T.D0023.Base", "..\..\R5T.D0023\source\R5T.D0023.Base\R5T.D0023.Base.csproj", "{00F49828-C69B-4D47-98B4-0DECD692A44D}"
EndProject
Project("{9A19103F-16F7-4668-BE54-9A1E7A4F7556}") = "R5T.Liverpool.Types", "R5T.Liverpool.Types\R5T.Liverpool.Types.csproj", "{EE9646C2-C08B-4352-AB5A-691DF419BFBD}"
EndProject
Project("{9A19103F-16F7-4668-BE54-9A1E7A4F7556}") = "R5T.Liverpool.Abstractions", "R5T.Liverpool.Abstractions\R5T.Liverpool.Abstractions.csproj", "{4BE2A6F9-5526-4220-B8EC-E5A743F1BEFB}"
EndProject
Project("{9A19103F-16F7-4668-BE54-9A1E7A4F7556}") = "R5T.Liverpool.Startup", "R5T.Liverpool.Startup\R5T.Liverpool.Startup.csproj", "{F248B1BA-6061-4F11-9819-D150E3AA0D21}"
EndProject
Project("{9A19103F-16F7-4668-BE54-9A1E7A4F7556}") = "R5T.Liverpool.Startup.Core", "R5T.Liverpool.Startup.Core\R5T.Liverpool.Startup.Core.csproj", "{5903DE54-4733-4C7C-B74D-1B966CBE3F03}"
EndProject
Global
	GlobalSection(SolutionConfigurationPlatforms) = preSolution
		Debug|Any CPU = Debug|Any CPU
		Release|Any CPU = Release|Any CPU
	EndGlobalSection
	GlobalSection(ProjectConfigurationPlatforms) = postSolution
		{585E2D1C-4191-4FBF-803A-2C950C9D99F5}.Debug|Any CPU.ActiveCfg = Debug|Any CPU
		{585E2D1C-4191-4FBF-803A-2C950C9D99F5}.Debug|Any CPU.Build.0 = Debug|Any CPU
		{585E2D1C-4191-4FBF-803A-2C950C9D99F5}.Release|Any CPU.ActiveCfg = Release|Any CPU
		{585E2D1C-4191-4FBF-803A-2C950C9D99F5}.Release|Any CPU.Build.0 = Release|Any CPU
		{96E1D4BC-4CC5-4A3A-9F95-E48ABA4E42F7}.Debug|Any CPU.ActiveCfg = Debug|Any CPU
		{96E1D4BC-4CC5-4A3A-9F95-E48ABA4E42F7}.Debug|Any CPU.Build.0 = Debug|Any CPU
		{96E1D4BC-4CC5-4A3A-9F95-E48ABA4E42F7}.Release|Any CPU.ActiveCfg = Release|Any CPU
		{96E1D4BC-4CC5-4A3A-9F95-E48ABA4E42F7}.Release|Any CPU.Build.0 = Release|Any CPU
		{DAC7A7E0-0DB5-4BCC-B3A8-F8E49FD1E6CB}.Debug|Any CPU.ActiveCfg = Debug|Any CPU
		{DAC7A7E0-0DB5-4BCC-B3A8-F8E49FD1E6CB}.Debug|Any CPU.Build.0 = Debug|Any CPU
		{DAC7A7E0-0DB5-4BCC-B3A8-F8E49FD1E6CB}.Release|Any CPU.ActiveCfg = Release|Any CPU
		{DAC7A7E0-0DB5-4BCC-B3A8-F8E49FD1E6CB}.Release|Any CPU.Build.0 = Release|Any CPU
		{32D16745-8677-43B7-AEF7-71DAEFC878D8}.Debug|Any CPU.ActiveCfg = Debug|Any CPU
		{32D16745-8677-43B7-AEF7-71DAEFC878D8}.Debug|Any CPU.Build.0 = Debug|Any CPU
		{32D16745-8677-43B7-AEF7-71DAEFC878D8}.Release|Any CPU.ActiveCfg = Release|Any CPU
		{32D16745-8677-43B7-AEF7-71DAEFC878D8}.Release|Any CPU.Build.0 = Release|Any CPU
		{87FC8932-F470-49C5-B278-EB87D097CAF8}.Debug|Any CPU.ActiveCfg = Debug|Any CPU
		{87FC8932-F470-49C5-B278-EB87D097CAF8}.Debug|Any CPU.Build.0 = Debug|Any CPU
		{87FC8932-F470-49C5-B278-EB87D097CAF8}.Release|Any CPU.ActiveCfg = Release|Any CPU
		{87FC8932-F470-49C5-B278-EB87D097CAF8}.Release|Any CPU.Build.0 = Release|Any CPU
		{AE367C11-7D80-4930-977F-468BFCD6B05F}.Debug|Any CPU.ActiveCfg = Debug|Any CPU
		{AE367C11-7D80-4930-977F-468BFCD6B05F}.Debug|Any CPU.Build.0 = Debug|Any CPU
		{AE367C11-7D80-4930-977F-468BFCD6B05F}.Release|Any CPU.ActiveCfg = Release|Any CPU
		{AE367C11-7D80-4930-977F-468BFCD6B05F}.Release|Any CPU.Build.0 = Release|Any CPU
		{EDDCDAE6-C731-49F0-9FF3-865EB5B8F08F}.Debug|Any CPU.ActiveCfg = Debug|Any CPU
		{EDDCDAE6-C731-49F0-9FF3-865EB5B8F08F}.Debug|Any CPU.Build.0 = Debug|Any CPU
		{EDDCDAE6-C731-49F0-9FF3-865EB5B8F08F}.Release|Any CPU.ActiveCfg = Release|Any CPU
		{EDDCDAE6-C731-49F0-9FF3-865EB5B8F08F}.Release|Any CPU.Build.0 = Release|Any CPU
		{AB67169B-5240-4737-B0C2-303D0650D8DC}.Debug|Any CPU.ActiveCfg = Debug|Any CPU
		{AB67169B-5240-4737-B0C2-303D0650D8DC}.Debug|Any CPU.Build.0 = Debug|Any CPU
		{AB67169B-5240-4737-B0C2-303D0650D8DC}.Release|Any CPU.ActiveCfg = Release|Any CPU
		{AB67169B-5240-4737-B0C2-303D0650D8DC}.Release|Any CPU.Build.0 = Release|Any CPU
		{4AF2EC79-50CC-4900-B0B7-18A237A8495E}.Debug|Any CPU.ActiveCfg = Debug|Any CPU
		{4AF2EC79-50CC-4900-B0B7-18A237A8495E}.Debug|Any CPU.Build.0 = Debug|Any CPU
		{4AF2EC79-50CC-4900-B0B7-18A237A8495E}.Release|Any CPU.ActiveCfg = Release|Any CPU
		{4AF2EC79-50CC-4900-B0B7-18A237A8495E}.Release|Any CPU.Build.0 = Release|Any CPU
		{93707F11-4C5D-42A8-8312-C63EAF777349}.Debug|Any CPU.ActiveCfg = Debug|Any CPU
		{93707F11-4C5D-42A8-8312-C63EAF777349}.Debug|Any CPU.Build.0 = Debug|Any CPU
		{93707F11-4C5D-42A8-8312-C63EAF777349}.Release|Any CPU.ActiveCfg = Release|Any CPU
		{93707F11-4C5D-42A8-8312-C63EAF777349}.Release|Any CPU.Build.0 = Release|Any CPU
		{10FEB86D-1298-4663-9707-33D06B22354F}.Debug|Any CPU.ActiveCfg = Debug|Any CPU
		{10FEB86D-1298-4663-9707-33D06B22354F}.Debug|Any CPU.Build.0 = Debug|Any CPU
		{10FEB86D-1298-4663-9707-33D06B22354F}.Release|Any CPU.ActiveCfg = Release|Any CPU
		{10FEB86D-1298-4663-9707-33D06B22354F}.Release|Any CPU.Build.0 = Release|Any CPU
		{98E590C5-7769-4CC8-91E1-0D92E39E74AF}.Debug|Any CPU.ActiveCfg = Debug|Any CPU
		{98E590C5-7769-4CC8-91E1-0D92E39E74AF}.Debug|Any CPU.Build.0 = Debug|Any CPU
		{98E590C5-7769-4CC8-91E1-0D92E39E74AF}.Release|Any CPU.ActiveCfg = Release|Any CPU
		{98E590C5-7769-4CC8-91E1-0D92E39E74AF}.Release|Any CPU.Build.0 = Release|Any CPU
		{77BA6FF8-7BA8-48BF-945F-CAC3F7C1F118}.Debug|Any CPU.ActiveCfg = Debug|Any CPU
		{77BA6FF8-7BA8-48BF-945F-CAC3F7C1F118}.Debug|Any CPU.Build.0 = Debug|Any CPU
		{77BA6FF8-7BA8-48BF-945F-CAC3F7C1F118}.Release|Any CPU.ActiveCfg = Release|Any CPU
		{77BA6FF8-7BA8-48BF-945F-CAC3F7C1F118}.Release|Any CPU.Build.0 = Release|Any CPU
		{EF42685C-2FC7-488E-8D33-C49C8ADD12FA}.Debug|Any CPU.ActiveCfg = Debug|Any CPU
		{EF42685C-2FC7-488E-8D33-C49C8ADD12FA}.Debug|Any CPU.Build.0 = Debug|Any CPU
		{EF42685C-2FC7-488E-8D33-C49C8ADD12FA}.Release|Any CPU.ActiveCfg = Release|Any CPU
		{EF42685C-2FC7-488E-8D33-C49C8ADD12FA}.Release|Any CPU.Build.0 = Release|Any CPU
		{AEA5B8CA-C75D-4997-911E-C3A9F7309C61}.Debug|Any CPU.ActiveCfg = Debug|Any CPU
		{AEA5B8CA-C75D-4997-911E-C3A9F7309C61}.Debug|Any CPU.Build.0 = Debug|Any CPU
		{AEA5B8CA-C75D-4997-911E-C3A9F7309C61}.Release|Any CPU.ActiveCfg = Release|Any CPU
		{AEA5B8CA-C75D-4997-911E-C3A9F7309C61}.Release|Any CPU.Build.0 = Release|Any CPU
		{C559296E-3D26-4316-BB5A-9E02F3E6A704}.Debug|Any CPU.ActiveCfg = Debug|Any CPU
		{C559296E-3D26-4316-BB5A-9E02F3E6A704}.Debug|Any CPU.Build.0 = Debug|Any CPU
		{C559296E-3D26-4316-BB5A-9E02F3E6A704}.Release|Any CPU.ActiveCfg = Release|Any CPU
		{C559296E-3D26-4316-BB5A-9E02F3E6A704}.Release|Any CPU.Build.0 = Release|Any CPU
		{8C4A3EAA-9821-4429-9BF9-55101C571E4F}.Debug|Any CPU.ActiveCfg = Debug|Any CPU
		{8C4A3EAA-9821-4429-9BF9-55101C571E4F}.Debug|Any CPU.Build.0 = Debug|Any CPU
		{8C4A3EAA-9821-4429-9BF9-55101C571E4F}.Release|Any CPU.ActiveCfg = Release|Any CPU
		{8C4A3EAA-9821-4429-9BF9-55101C571E4F}.Release|Any CPU.Build.0 = Release|Any CPU
		{8739DE06-2A21-4924-9836-92682FF5F46E}.Debug|Any CPU.ActiveCfg = Debug|Any CPU
		{8739DE06-2A21-4924-9836-92682FF5F46E}.Debug|Any CPU.Build.0 = Debug|Any CPU
		{8739DE06-2A21-4924-9836-92682FF5F46E}.Release|Any CPU.ActiveCfg = Release|Any CPU
		{8739DE06-2A21-4924-9836-92682FF5F46E}.Release|Any CPU.Build.0 = Release|Any CPU
		{5A29EBBF-21A5-46A7-982D-7C3E3A82E3D3}.Debug|Any CPU.ActiveCfg = Debug|Any CPU
		{5A29EBBF-21A5-46A7-982D-7C3E3A82E3D3}.Debug|Any CPU.Build.0 = Debug|Any CPU
		{5A29EBBF-21A5-46A7-982D-7C3E3A82E3D3}.Release|Any CPU.ActiveCfg = Release|Any CPU
		{5A29EBBF-21A5-46A7-982D-7C3E3A82E3D3}.Release|Any CPU.Build.0 = Release|Any CPU
		{5B468AB6-4E5D-4774-806A-8AFB953B4BB6}.Debug|Any CPU.ActiveCfg = Debug|Any CPU
		{5B468AB6-4E5D-4774-806A-8AFB953B4BB6}.Debug|Any CPU.Build.0 = Debug|Any CPU
		{5B468AB6-4E5D-4774-806A-8AFB953B4BB6}.Release|Any CPU.ActiveCfg = Release|Any CPU
		{5B468AB6-4E5D-4774-806A-8AFB953B4BB6}.Release|Any CPU.Build.0 = Release|Any CPU
		{37D18E2B-A166-409E-A0C4-409FDE641CAD}.Debug|Any CPU.ActiveCfg = Debug|Any CPU
		{37D18E2B-A166-409E-A0C4-409FDE641CAD}.Debug|Any CPU.Build.0 = Debug|Any CPU
		{37D18E2B-A166-409E-A0C4-409FDE641CAD}.Release|Any CPU.ActiveCfg = Release|Any CPU
		{37D18E2B-A166-409E-A0C4-409FDE641CAD}.Release|Any CPU.Build.0 = Release|Any CPU
		{50A90270-76E0-4B7F-879E-CE5D3A14F8C2}.Debug|Any CPU.ActiveCfg = Debug|Any CPU
		{50A90270-76E0-4B7F-879E-CE5D3A14F8C2}.Debug|Any CPU.Build.0 = Debug|Any CPU
		{50A90270-76E0-4B7F-879E-CE5D3A14F8C2}.Release|Any CPU.ActiveCfg = Release|Any CPU
		{50A90270-76E0-4B7F-879E-CE5D3A14F8C2}.Release|Any CPU.Build.0 = Release|Any CPU
		{C0715245-8E23-4EAA-9F67-693585DDCC60}.Debug|Any CPU.ActiveCfg = Debug|Any CPU
		{C0715245-8E23-4EAA-9F67-693585DDCC60}.Debug|Any CPU.Build.0 = Debug|Any CPU
		{C0715245-8E23-4EAA-9F67-693585DDCC60}.Release|Any CPU.ActiveCfg = Release|Any CPU
		{C0715245-8E23-4EAA-9F67-693585DDCC60}.Release|Any CPU.Build.0 = Release|Any CPU
		{497F165B-5D79-4144-9BAD-FE3DADE0E905}.Debug|Any CPU.ActiveCfg = Debug|Any CPU
		{497F165B-5D79-4144-9BAD-FE3DADE0E905}.Debug|Any CPU.Build.0 = Debug|Any CPU
		{497F165B-5D79-4144-9BAD-FE3DADE0E905}.Release|Any CPU.ActiveCfg = Release|Any CPU
		{497F165B-5D79-4144-9BAD-FE3DADE0E905}.Release|Any CPU.Build.0 = Release|Any CPU
		{FFE101A1-10BC-4DCE-A23E-97D5103A654C}.Debug|Any CPU.ActiveCfg = Debug|Any CPU
		{FFE101A1-10BC-4DCE-A23E-97D5103A654C}.Debug|Any CPU.Build.0 = Debug|Any CPU
		{FFE101A1-10BC-4DCE-A23E-97D5103A654C}.Release|Any CPU.ActiveCfg = Release|Any CPU
		{FFE101A1-10BC-4DCE-A23E-97D5103A654C}.Release|Any CPU.Build.0 = Release|Any CPU
		{949EE9EE-C45A-41EB-9780-68F0C35A4DEF}.Debug|Any CPU.ActiveCfg = Debug|Any CPU
		{949EE9EE-C45A-41EB-9780-68F0C35A4DEF}.Debug|Any CPU.Build.0 = Debug|Any CPU
		{949EE9EE-C45A-41EB-9780-68F0C35A4DEF}.Release|Any CPU.ActiveCfg = Release|Any CPU
		{949EE9EE-C45A-41EB-9780-68F0C35A4DEF}.Release|Any CPU.Build.0 = Release|Any CPU
		{425F85DF-DEBA-45BD-82CB-C8CFBAB08218}.Debug|Any CPU.ActiveCfg = Debug|Any CPU
		{425F85DF-DEBA-45BD-82CB-C8CFBAB08218}.Debug|Any CPU.Build.0 = Debug|Any CPU
		{425F85DF-DEBA-45BD-82CB-C8CFBAB08218}.Release|Any CPU.ActiveCfg = Release|Any CPU
		{425F85DF-DEBA-45BD-82CB-C8CFBAB08218}.Release|Any CPU.Build.0 = Release|Any CPU
		{CE545865-5396-483D-B417-780D83E9F206}.Debug|Any CPU.ActiveCfg = Debug|Any CPU
		{CE545865-5396-483D-B417-780D83E9F206}.Debug|Any CPU.Build.0 = Debug|Any CPU
		{CE545865-5396-483D-B417-780D83E9F206}.Release|Any CPU.ActiveCfg = Release|Any CPU
		{CE545865-5396-483D-B417-780D83E9F206}.Release|Any CPU.Build.0 = Release|Any CPU
		{327A379E-0CD9-41A7-BCA5-3BB7C3BE8496}.Debug|Any CPU.ActiveCfg = Debug|Any CPU
		{327A379E-0CD9-41A7-BCA5-3BB7C3BE8496}.Debug|Any CPU.Build.0 = Debug|Any CPU
		{327A379E-0CD9-41A7-BCA5-3BB7C3BE8496}.Release|Any CPU.ActiveCfg = Release|Any CPU
		{327A379E-0CD9-41A7-BCA5-3BB7C3BE8496}.Release|Any CPU.Build.0 = Release|Any CPU
		{ADCAF04D-F4F3-425D-ACD9-53AD12666F19}.Debug|Any CPU.ActiveCfg = Debug|Any CPU
		{ADCAF04D-F4F3-425D-ACD9-53AD12666F19}.Debug|Any CPU.Build.0 = Debug|Any CPU
		{ADCAF04D-F4F3-425D-ACD9-53AD12666F19}.Release|Any CPU.ActiveCfg = Release|Any CPU
		{ADCAF04D-F4F3-425D-ACD9-53AD12666F19}.Release|Any CPU.Build.0 = Release|Any CPU
		{DBADEB0C-4B25-4771-A598-EC59303C0085}.Debug|Any CPU.ActiveCfg = Debug|Any CPU
		{DBADEB0C-4B25-4771-A598-EC59303C0085}.Debug|Any CPU.Build.0 = Debug|Any CPU
		{DBADEB0C-4B25-4771-A598-EC59303C0085}.Release|Any CPU.ActiveCfg = Release|Any CPU
		{DBADEB0C-4B25-4771-A598-EC59303C0085}.Release|Any CPU.Build.0 = Release|Any CPU
		{A5CB66E3-96D8-4FA7-BA82-E59D18E86733}.Debug|Any CPU.ActiveCfg = Debug|Any CPU
		{A5CB66E3-96D8-4FA7-BA82-E59D18E86733}.Debug|Any CPU.Build.0 = Debug|Any CPU
		{A5CB66E3-96D8-4FA7-BA82-E59D18E86733}.Release|Any CPU.ActiveCfg = Release|Any CPU
		{A5CB66E3-96D8-4FA7-BA82-E59D18E86733}.Release|Any CPU.Build.0 = Release|Any CPU
		{62842C50-C5E1-41E5-91BE-38608B89B5BC}.Debug|Any CPU.ActiveCfg = Debug|Any CPU
		{62842C50-C5E1-41E5-91BE-38608B89B5BC}.Debug|Any CPU.Build.0 = Debug|Any CPU
		{62842C50-C5E1-41E5-91BE-38608B89B5BC}.Release|Any CPU.ActiveCfg = Release|Any CPU
		{62842C50-C5E1-41E5-91BE-38608B89B5BC}.Release|Any CPU.Build.0 = Release|Any CPU
		{1941C143-C7F3-4DE9-9E33-F2C5840F242E}.Debug|Any CPU.ActiveCfg = Debug|Any CPU
		{1941C143-C7F3-4DE9-9E33-F2C5840F242E}.Debug|Any CPU.Build.0 = Debug|Any CPU
		{1941C143-C7F3-4DE9-9E33-F2C5840F242E}.Release|Any CPU.ActiveCfg = Release|Any CPU
		{1941C143-C7F3-4DE9-9E33-F2C5840F242E}.Release|Any CPU.Build.0 = Release|Any CPU
		{DBE3020E-BB6B-42A5-A493-8AD8F165E15C}.Debug|Any CPU.ActiveCfg = Debug|Any CPU
		{DBE3020E-BB6B-42A5-A493-8AD8F165E15C}.Debug|Any CPU.Build.0 = Debug|Any CPU
		{DBE3020E-BB6B-42A5-A493-8AD8F165E15C}.Release|Any CPU.ActiveCfg = Release|Any CPU
		{DBE3020E-BB6B-42A5-A493-8AD8F165E15C}.Release|Any CPU.Build.0 = Release|Any CPU
		{31E31339-0626-4D11-8392-E9FD51968D68}.Debug|Any CPU.ActiveCfg = Debug|Any CPU
		{31E31339-0626-4D11-8392-E9FD51968D68}.Debug|Any CPU.Build.0 = Debug|Any CPU
		{31E31339-0626-4D11-8392-E9FD51968D68}.Release|Any CPU.ActiveCfg = Release|Any CPU
		{31E31339-0626-4D11-8392-E9FD51968D68}.Release|Any CPU.Build.0 = Release|Any CPU
		{017F6C2B-8295-4284-82BF-F9526287BBF8}.Debug|Any CPU.ActiveCfg = Debug|Any CPU
		{017F6C2B-8295-4284-82BF-F9526287BBF8}.Debug|Any CPU.Build.0 = Debug|Any CPU
		{017F6C2B-8295-4284-82BF-F9526287BBF8}.Release|Any CPU.ActiveCfg = Release|Any CPU
		{017F6C2B-8295-4284-82BF-F9526287BBF8}.Release|Any CPU.Build.0 = Release|Any CPU
		{9D86137E-AD83-4BD3-8854-A3D33598266E}.Debug|Any CPU.ActiveCfg = Debug|Any CPU
		{9D86137E-AD83-4BD3-8854-A3D33598266E}.Debug|Any CPU.Build.0 = Debug|Any CPU
		{9D86137E-AD83-4BD3-8854-A3D33598266E}.Release|Any CPU.ActiveCfg = Release|Any CPU
		{9D86137E-AD83-4BD3-8854-A3D33598266E}.Release|Any CPU.Build.0 = Release|Any CPU
		{E3486000-9F81-4F89-ACB3-CD0B783D4E19}.Debug|Any CPU.ActiveCfg = Debug|Any CPU
		{E3486000-9F81-4F89-ACB3-CD0B783D4E19}.Debug|Any CPU.Build.0 = Debug|Any CPU
		{E3486000-9F81-4F89-ACB3-CD0B783D4E19}.Release|Any CPU.ActiveCfg = Release|Any CPU
		{E3486000-9F81-4F89-ACB3-CD0B783D4E19}.Release|Any CPU.Build.0 = Release|Any CPU
		{3EE7F07B-98CE-42C2-8C9C-E0273286B514}.Debug|Any CPU.ActiveCfg = Debug|Any CPU
		{3EE7F07B-98CE-42C2-8C9C-E0273286B514}.Debug|Any CPU.Build.0 = Debug|Any CPU
		{3EE7F07B-98CE-42C2-8C9C-E0273286B514}.Release|Any CPU.ActiveCfg = Release|Any CPU
		{3EE7F07B-98CE-42C2-8C9C-E0273286B514}.Release|Any CPU.Build.0 = Release|Any CPU
		{C6F60179-10C0-44F5-9F7E-3B6E72A52087}.Debug|Any CPU.ActiveCfg = Debug|Any CPU
		{C6F60179-10C0-44F5-9F7E-3B6E72A52087}.Debug|Any CPU.Build.0 = Debug|Any CPU
		{C6F60179-10C0-44F5-9F7E-3B6E72A52087}.Release|Any CPU.ActiveCfg = Release|Any CPU
		{C6F60179-10C0-44F5-9F7E-3B6E72A52087}.Release|Any CPU.Build.0 = Release|Any CPU
		{84777DD4-6E02-4D0C-9551-65A66533F5A2}.Debug|Any CPU.ActiveCfg = Debug|Any CPU
		{84777DD4-6E02-4D0C-9551-65A66533F5A2}.Debug|Any CPU.Build.0 = Debug|Any CPU
		{84777DD4-6E02-4D0C-9551-65A66533F5A2}.Release|Any CPU.ActiveCfg = Release|Any CPU
		{84777DD4-6E02-4D0C-9551-65A66533F5A2}.Release|Any CPU.Build.0 = Release|Any CPU
		{1A955652-207D-489F-83A4-E4C1582495DA}.Debug|Any CPU.ActiveCfg = Debug|Any CPU
		{1A955652-207D-489F-83A4-E4C1582495DA}.Debug|Any CPU.Build.0 = Debug|Any CPU
		{1A955652-207D-489F-83A4-E4C1582495DA}.Release|Any CPU.ActiveCfg = Release|Any CPU
		{1A955652-207D-489F-83A4-E4C1582495DA}.Release|Any CPU.Build.0 = Release|Any CPU
		{CC7D73CA-5384-4DC9-B64D-EB0B08E64735}.Debug|Any CPU.ActiveCfg = Debug|Any CPU
		{CC7D73CA-5384-4DC9-B64D-EB0B08E64735}.Debug|Any CPU.Build.0 = Debug|Any CPU
		{CC7D73CA-5384-4DC9-B64D-EB0B08E64735}.Release|Any CPU.ActiveCfg = Release|Any CPU
		{CC7D73CA-5384-4DC9-B64D-EB0B08E64735}.Release|Any CPU.Build.0 = Release|Any CPU
		{E55D0E40-878F-4597-A9B1-F0B236B7A68E}.Debug|Any CPU.ActiveCfg = Debug|Any CPU
		{E55D0E40-878F-4597-A9B1-F0B236B7A68E}.Debug|Any CPU.Build.0 = Debug|Any CPU
		{E55D0E40-878F-4597-A9B1-F0B236B7A68E}.Release|Any CPU.ActiveCfg = Release|Any CPU
		{E55D0E40-878F-4597-A9B1-F0B236B7A68E}.Release|Any CPU.Build.0 = Release|Any CPU
		{F4627988-21CD-4465-9476-967AFC2B06FC}.Debug|Any CPU.ActiveCfg = Debug|Any CPU
		{F4627988-21CD-4465-9476-967AFC2B06FC}.Debug|Any CPU.Build.0 = Debug|Any CPU
		{F4627988-21CD-4465-9476-967AFC2B06FC}.Release|Any CPU.ActiveCfg = Release|Any CPU
		{F4627988-21CD-4465-9476-967AFC2B06FC}.Release|Any CPU.Build.0 = Release|Any CPU
		{BC90939D-52BF-4619-89D8-89149C500894}.Debug|Any CPU.ActiveCfg = Debug|Any CPU
		{BC90939D-52BF-4619-89D8-89149C500894}.Debug|Any CPU.Build.0 = Debug|Any CPU
		{BC90939D-52BF-4619-89D8-89149C500894}.Release|Any CPU.ActiveCfg = Release|Any CPU
		{BC90939D-52BF-4619-89D8-89149C500894}.Release|Any CPU.Build.0 = Release|Any CPU
		{806CBEC6-11D8-40FD-9224-E27D481B3DA3}.Debug|Any CPU.ActiveCfg = Debug|Any CPU
		{806CBEC6-11D8-40FD-9224-E27D481B3DA3}.Debug|Any CPU.Build.0 = Debug|Any CPU
		{806CBEC6-11D8-40FD-9224-E27D481B3DA3}.Release|Any CPU.ActiveCfg = Release|Any CPU
		{806CBEC6-11D8-40FD-9224-E27D481B3DA3}.Release|Any CPU.Build.0 = Release|Any CPU
		{75539A92-EB2C-4CBC-A88D-681B6ADAA66A}.Debug|Any CPU.ActiveCfg = Debug|Any CPU
		{75539A92-EB2C-4CBC-A88D-681B6ADAA66A}.Debug|Any CPU.Build.0 = Debug|Any CPU
		{75539A92-EB2C-4CBC-A88D-681B6ADAA66A}.Release|Any CPU.ActiveCfg = Release|Any CPU
		{75539A92-EB2C-4CBC-A88D-681B6ADAA66A}.Release|Any CPU.Build.0 = Release|Any CPU
		{D06EF4D9-BA79-4045-BE33-A4CC38FDBA57}.Debug|Any CPU.ActiveCfg = Debug|Any CPU
		{D06EF4D9-BA79-4045-BE33-A4CC38FDBA57}.Debug|Any CPU.Build.0 = Debug|Any CPU
		{D06EF4D9-BA79-4045-BE33-A4CC38FDBA57}.Release|Any CPU.ActiveCfg = Release|Any CPU
		{D06EF4D9-BA79-4045-BE33-A4CC38FDBA57}.Release|Any CPU.Build.0 = Release|Any CPU
		{4EE1E4D2-3838-4378-8A16-56634F8F7F2B}.Debug|Any CPU.ActiveCfg = Debug|Any CPU
		{4EE1E4D2-3838-4378-8A16-56634F8F7F2B}.Debug|Any CPU.Build.0 = Debug|Any CPU
		{4EE1E4D2-3838-4378-8A16-56634F8F7F2B}.Release|Any CPU.ActiveCfg = Release|Any CPU
		{4EE1E4D2-3838-4378-8A16-56634F8F7F2B}.Release|Any CPU.Build.0 = Release|Any CPU
		{E04B1813-F153-475C-BD08-C9F7280DD02B}.Debug|Any CPU.ActiveCfg = Debug|Any CPU
		{E04B1813-F153-475C-BD08-C9F7280DD02B}.Debug|Any CPU.Build.0 = Debug|Any CPU
		{E04B1813-F153-475C-BD08-C9F7280DD02B}.Release|Any CPU.ActiveCfg = Release|Any CPU
		{E04B1813-F153-475C-BD08-C9F7280DD02B}.Release|Any CPU.Build.0 = Release|Any CPU
		{28FF2853-7028-45E1-A494-6E9FB6B0DED4}.Debug|Any CPU.ActiveCfg = Debug|Any CPU
		{28FF2853-7028-45E1-A494-6E9FB6B0DED4}.Debug|Any CPU.Build.0 = Debug|Any CPU
		{28FF2853-7028-45E1-A494-6E9FB6B0DED4}.Release|Any CPU.ActiveCfg = Release|Any CPU
		{28FF2853-7028-45E1-A494-6E9FB6B0DED4}.Release|Any CPU.Build.0 = Release|Any CPU
		{93632B9D-779C-44BC-829C-9E134D5F78C7}.Debug|Any CPU.ActiveCfg = Debug|Any CPU
		{93632B9D-779C-44BC-829C-9E134D5F78C7}.Debug|Any CPU.Build.0 = Debug|Any CPU
		{93632B9D-779C-44BC-829C-9E134D5F78C7}.Release|Any CPU.ActiveCfg = Release|Any CPU
		{93632B9D-779C-44BC-829C-9E134D5F78C7}.Release|Any CPU.Build.0 = Release|Any CPU
		{9872B2DE-F0DE-462D-A229-8E45823C9233}.Debug|Any CPU.ActiveCfg = Debug|Any CPU
		{9872B2DE-F0DE-462D-A229-8E45823C9233}.Debug|Any CPU.Build.0 = Debug|Any CPU
		{9872B2DE-F0DE-462D-A229-8E45823C9233}.Release|Any CPU.ActiveCfg = Release|Any CPU
		{9872B2DE-F0DE-462D-A229-8E45823C9233}.Release|Any CPU.Build.0 = Release|Any CPU
		{6E7A774C-C782-429B-B1E6-94617AD61680}.Debug|Any CPU.ActiveCfg = Debug|Any CPU
		{6E7A774C-C782-429B-B1E6-94617AD61680}.Debug|Any CPU.Build.0 = Debug|Any CPU
		{6E7A774C-C782-429B-B1E6-94617AD61680}.Release|Any CPU.ActiveCfg = Release|Any CPU
		{6E7A774C-C782-429B-B1E6-94617AD61680}.Release|Any CPU.Build.0 = Release|Any CPU
		{D9687C77-8692-4A17-BA57-2CFDEA0283CE}.Debug|Any CPU.ActiveCfg = Debug|Any CPU
		{D9687C77-8692-4A17-BA57-2CFDEA0283CE}.Debug|Any CPU.Build.0 = Debug|Any CPU
		{D9687C77-8692-4A17-BA57-2CFDEA0283CE}.Release|Any CPU.ActiveCfg = Release|Any CPU
		{D9687C77-8692-4A17-BA57-2CFDEA0283CE}.Release|Any CPU.Build.0 = Release|Any CPU
		{C554F544-5A95-4328-A1CD-4765412747CD}.Debug|Any CPU.ActiveCfg = Debug|Any CPU
		{C554F544-5A95-4328-A1CD-4765412747CD}.Debug|Any CPU.Build.0 = Debug|Any CPU
		{C554F544-5A95-4328-A1CD-4765412747CD}.Release|Any CPU.ActiveCfg = Release|Any CPU
		{C554F544-5A95-4328-A1CD-4765412747CD}.Release|Any CPU.Build.0 = Release|Any CPU
		{98C418BF-8249-4C37-AF21-E1693948CAFD}.Debug|Any CPU.ActiveCfg = Debug|Any CPU
		{98C418BF-8249-4C37-AF21-E1693948CAFD}.Debug|Any CPU.Build.0 = Debug|Any CPU
		{98C418BF-8249-4C37-AF21-E1693948CAFD}.Release|Any CPU.ActiveCfg = Release|Any CPU
		{98C418BF-8249-4C37-AF21-E1693948CAFD}.Release|Any CPU.Build.0 = Release|Any CPU
		{00F49828-C69B-4D47-98B4-0DECD692A44D}.Debug|Any CPU.ActiveCfg = Debug|Any CPU
		{00F49828-C69B-4D47-98B4-0DECD692A44D}.Debug|Any CPU.Build.0 = Debug|Any CPU
		{00F49828-C69B-4D47-98B4-0DECD692A44D}.Release|Any CPU.ActiveCfg = Release|Any CPU
		{00F49828-C69B-4D47-98B4-0DECD692A44D}.Release|Any CPU.Build.0 = Release|Any CPU
		{EE9646C2-C08B-4352-AB5A-691DF419BFBD}.Debug|Any CPU.ActiveCfg = Debug|Any CPU
		{EE9646C2-C08B-4352-AB5A-691DF419BFBD}.Debug|Any CPU.Build.0 = Debug|Any CPU
		{EE9646C2-C08B-4352-AB5A-691DF419BFBD}.Release|Any CPU.ActiveCfg = Release|Any CPU
		{EE9646C2-C08B-4352-AB5A-691DF419BFBD}.Release|Any CPU.Build.0 = Release|Any CPU
		{4BE2A6F9-5526-4220-B8EC-E5A743F1BEFB}.Debug|Any CPU.ActiveCfg = Debug|Any CPU
		{4BE2A6F9-5526-4220-B8EC-E5A743F1BEFB}.Debug|Any CPU.Build.0 = Debug|Any CPU
		{4BE2A6F9-5526-4220-B8EC-E5A743F1BEFB}.Release|Any CPU.ActiveCfg = Release|Any CPU
		{4BE2A6F9-5526-4220-B8EC-E5A743F1BEFB}.Release|Any CPU.Build.0 = Release|Any CPU
		{F248B1BA-6061-4F11-9819-D150E3AA0D21}.Debug|Any CPU.ActiveCfg = Debug|Any CPU
		{F248B1BA-6061-4F11-9819-D150E3AA0D21}.Debug|Any CPU.Build.0 = Debug|Any CPU
		{F248B1BA-6061-4F11-9819-D150E3AA0D21}.Release|Any CPU.ActiveCfg = Release|Any CPU
		{F248B1BA-6061-4F11-9819-D150E3AA0D21}.Release|Any CPU.Build.0 = Release|Any CPU
		{5903DE54-4733-4C7C-B74D-1B966CBE3F03}.Debug|Any CPU.ActiveCfg = Debug|Any CPU
		{5903DE54-4733-4C7C-B74D-1B966CBE3F03}.Debug|Any CPU.Build.0 = Debug|Any CPU
		{5903DE54-4733-4C7C-B74D-1B966CBE3F03}.Release|Any CPU.ActiveCfg = Release|Any CPU
		{5903DE54-4733-4C7C-B74D-1B966CBE3F03}.Release|Any CPU.Build.0 = Release|Any CPU
	EndGlobalSection
	GlobalSection(SolutionProperties) = preSolution
		HideSolutionNode = FALSE
	EndGlobalSection
	GlobalSection(NestedProjects) = preSolution
		{96E1D4BC-4CC5-4A3A-9F95-E48ABA4E42F7} = {F4B0D53B-FF7C-4C66-B693-09036599788F}
		{DAC7A7E0-0DB5-4BCC-B3A8-F8E49FD1E6CB} = {F4B0D53B-FF7C-4C66-B693-09036599788F}
		{32D16745-8677-43B7-AEF7-71DAEFC878D8} = {F4B0D53B-FF7C-4C66-B693-09036599788F}
		{87FC8932-F470-49C5-B278-EB87D097CAF8} = {F4B0D53B-FF7C-4C66-B693-09036599788F}
		{AE367C11-7D80-4930-977F-468BFCD6B05F} = {F4B0D53B-FF7C-4C66-B693-09036599788F}
		{EDDCDAE6-C731-49F0-9FF3-865EB5B8F08F} = {F4B0D53B-FF7C-4C66-B693-09036599788F}
		{AB67169B-5240-4737-B0C2-303D0650D8DC} = {F4B0D53B-FF7C-4C66-B693-09036599788F}
		{4AF2EC79-50CC-4900-B0B7-18A237A8495E} = {F4B0D53B-FF7C-4C66-B693-09036599788F}
		{93707F11-4C5D-42A8-8312-C63EAF777349} = {F4B0D53B-FF7C-4C66-B693-09036599788F}
		{10FEB86D-1298-4663-9707-33D06B22354F} = {F4B0D53B-FF7C-4C66-B693-09036599788F}
		{98E590C5-7769-4CC8-91E1-0D92E39E74AF} = {F4B0D53B-FF7C-4C66-B693-09036599788F}
		{77BA6FF8-7BA8-48BF-945F-CAC3F7C1F118} = {F4B0D53B-FF7C-4C66-B693-09036599788F}
		{EF42685C-2FC7-488E-8D33-C49C8ADD12FA} = {F4B0D53B-FF7C-4C66-B693-09036599788F}
		{AEA5B8CA-C75D-4997-911E-C3A9F7309C61} = {F4B0D53B-FF7C-4C66-B693-09036599788F}
		{C559296E-3D26-4316-BB5A-9E02F3E6A704} = {F4B0D53B-FF7C-4C66-B693-09036599788F}
		{8C4A3EAA-9821-4429-9BF9-55101C571E4F} = {F4B0D53B-FF7C-4C66-B693-09036599788F}
		{8739DE06-2A21-4924-9836-92682FF5F46E} = {F4B0D53B-FF7C-4C66-B693-09036599788F}
		{5A29EBBF-21A5-46A7-982D-7C3E3A82E3D3} = {F4B0D53B-FF7C-4C66-B693-09036599788F}
		{5B468AB6-4E5D-4774-806A-8AFB953B4BB6} = {F4B0D53B-FF7C-4C66-B693-09036599788F}
		{37D18E2B-A166-409E-A0C4-409FDE641CAD} = {F4B0D53B-FF7C-4C66-B693-09036599788F}
		{50A90270-76E0-4B7F-879E-CE5D3A14F8C2} = {F4B0D53B-FF7C-4C66-B693-09036599788F}
		{C0715245-8E23-4EAA-9F67-693585DDCC60} = {F4B0D53B-FF7C-4C66-B693-09036599788F}
		{497F165B-5D79-4144-9BAD-FE3DADE0E905} = {F4B0D53B-FF7C-4C66-B693-09036599788F}
		{FFE101A1-10BC-4DCE-A23E-97D5103A654C} = {F4B0D53B-FF7C-4C66-B693-09036599788F}
		{949EE9EE-C45A-41EB-9780-68F0C35A4DEF} = {F4B0D53B-FF7C-4C66-B693-09036599788F}
		{425F85DF-DEBA-45BD-82CB-C8CFBAB08218} = {F4B0D53B-FF7C-4C66-B693-09036599788F}
		{CE545865-5396-483D-B417-780D83E9F206} = {F4B0D53B-FF7C-4C66-B693-09036599788F}
		{327A379E-0CD9-41A7-BCA5-3BB7C3BE8496} = {F4B0D53B-FF7C-4C66-B693-09036599788F}
		{ADCAF04D-F4F3-425D-ACD9-53AD12666F19} = {F4B0D53B-FF7C-4C66-B693-09036599788F}
		{DBADEB0C-4B25-4771-A598-EC59303C0085} = {F4B0D53B-FF7C-4C66-B693-09036599788F}
		{A5CB66E3-96D8-4FA7-BA82-E59D18E86733} = {F4B0D53B-FF7C-4C66-B693-09036599788F}
		{62842C50-C5E1-41E5-91BE-38608B89B5BC} = {F4B0D53B-FF7C-4C66-B693-09036599788F}
		{1941C143-C7F3-4DE9-9E33-F2C5840F242E} = {F4B0D53B-FF7C-4C66-B693-09036599788F}
		{DBE3020E-BB6B-42A5-A493-8AD8F165E15C} = {F4B0D53B-FF7C-4C66-B693-09036599788F}
		{31E31339-0626-4D11-8392-E9FD51968D68} = {F4B0D53B-FF7C-4C66-B693-09036599788F}
		{017F6C2B-8295-4284-82BF-F9526287BBF8} = {F4B0D53B-FF7C-4C66-B693-09036599788F}
		{9D86137E-AD83-4BD3-8854-A3D33598266E} = {F4B0D53B-FF7C-4C66-B693-09036599788F}
		{E3486000-9F81-4F89-ACB3-CD0B783D4E19} = {F4B0D53B-FF7C-4C66-B693-09036599788F}
		{3EE7F07B-98CE-42C2-8C9C-E0273286B514} = {F4B0D53B-FF7C-4C66-B693-09036599788F}
		{C6F60179-10C0-44F5-9F7E-3B6E72A52087} = {F4B0D53B-FF7C-4C66-B693-09036599788F}
		{84777DD4-6E02-4D0C-9551-65A66533F5A2} = {F4B0D53B-FF7C-4C66-B693-09036599788F}
		{1A955652-207D-489F-83A4-E4C1582495DA} = {F4B0D53B-FF7C-4C66-B693-09036599788F}
		{CC7D73CA-5384-4DC9-B64D-EB0B08E64735} = {F4B0D53B-FF7C-4C66-B693-09036599788F}
		{E55D0E40-878F-4597-A9B1-F0B236B7A68E} = {F4B0D53B-FF7C-4C66-B693-09036599788F}
		{F4627988-21CD-4465-9476-967AFC2B06FC} = {F4B0D53B-FF7C-4C66-B693-09036599788F}
		{BC90939D-52BF-4619-89D8-89149C500894} = {F4B0D53B-FF7C-4C66-B693-09036599788F}
		{806CBEC6-11D8-40FD-9224-E27D481B3DA3} = {F4B0D53B-FF7C-4C66-B693-09036599788F}
		{75539A92-EB2C-4CBC-A88D-681B6ADAA66A} = {F4B0D53B-FF7C-4C66-B693-09036599788F}
		{D06EF4D9-BA79-4045-BE33-A4CC38FDBA57} = {F4B0D53B-FF7C-4C66-B693-09036599788F}
		{4EE1E4D2-3838-4378-8A16-56634F8F7F2B} = {F4B0D53B-FF7C-4C66-B693-09036599788F}
		{E04B1813-F153-475C-BD08-C9F7280DD02B} = {F4B0D53B-FF7C-4C66-B693-09036599788F}
		{28FF2853-7028-45E1-A494-6E9FB6B0DED4} = {F4B0D53B-FF7C-4C66-B693-09036599788F}
		{93632B9D-779C-44BC-829C-9E134D5F78C7} = {F4B0D53B-FF7C-4C66-B693-09036599788F}
		{9872B2DE-F0DE-462D-A229-8E45823C9233} = {F4B0D53B-FF7C-4C66-B693-09036599788F}
		{6E7A774C-C782-429B-B1E6-94617AD61680} = {F4B0D53B-FF7C-4C66-B693-09036599788F}
		{D9687C77-8692-4A17-BA57-2CFDEA0283CE} = {F4B0D53B-FF7C-4C66-B693-09036599788F}
		{C554F544-5A95-4328-A1CD-4765412747CD} = {F4B0D53B-FF7C-4C66-B693-09036599788F}
		{98C418BF-8249-4C37-AF21-E1693948CAFD} = {F4B0D53B-FF7C-4C66-B693-09036599788F}
		{00F49828-C69B-4D47-98B4-0DECD692A44D} = {F4B0D53B-FF7C-4C66-B693-09036599788F}
		{EE9646C2-C08B-4352-AB5A-691DF419BFBD} = {F4B0D53B-FF7C-4C66-B693-09036599788F}
		{4BE2A6F9-5526-4220-B8EC-E5A743F1BEFB} = {F4B0D53B-FF7C-4C66-B693-09036599788F}
		{F248B1BA-6061-4F11-9819-D150E3AA0D21} = {F4B0D53B-FF7C-4C66-B693-09036599788F}
		{5903DE54-4733-4C7C-B74D-1B966CBE3F03} = {F4B0D53B-FF7C-4C66-B693-09036599788F}
	EndGlobalSection
	GlobalSection(ExtensibilityGlobals) = postSolution
		SolutionGuid = {4B8BE29C-5D9B-4450-AAFC-5BFE14A88A44}
	EndGlobalSection
EndGlobal
